{
  "version": 4,
  "terraform_version": "1.5.7",
  "serial": 138,
  "lineage": "cfe02d71-e676-0f4e-d517-f9d9affa2f57",
  "outputs": {
    "cluster_name": {
      "value": "taskir-oke-cluster",
      "type": "string"
    },
    "debug_node_image_name": {
      "value": "Oracle-Linux-8.10-2025.09.16-0-OKE-1.31.10-1330",
      "type": "string"
    },
    "debug_node_private_ips": {
      "value": [
        {
          "name": "debug-node-instance",
          "private_ip": ""
        },
        {
          "name": "oke-cdzaz6nl3vq-ng2p7sur36a-sjbo7ckwh7a-0",
          "private_ip": ""
        },
        {
          "name": "oke-cdzaz6nl3vq-ng2p7sur36a-sjbo7ckwh7a-1",
          "private_ip": ""
        },
        {
          "name": "oke-cdzaz6nl3vq-nkpx7k6rxfq-sjbo7ckwh7a-0",
          "private_ip": ""
        },
        {
          "name": "oke-cdzaz6nl3vq-nyvss2yzviq-sjbo7ckwh7a-0",
          "private_ip": ""
        },
        {
          "name": "oke-cdzaz6nl3vq-nyvss2yzviq-sjbo7ckwh7a-1",
          "private_ip": ""
        },
        {
          "name": "taskir-jumpbox",
          "private_ip": ""
        }
      ],
      "type": [
        "tuple",
        [
          [
            "object",
            {
              "name": "string",
              "private_ip": "string"
            }
          ],
          [
            "object",
            {
              "name": "string",
              "private_ip": "string"
            }
          ],
          [
            "object",
            {
              "name": "string",
              "private_ip": "string"
            }
          ],
          [
            "object",
            {
              "name": "string",
              "private_ip": "string"
            }
          ],
          [
            "object",
            {
              "name": "string",
              "private_ip": "string"
            }
          ],
          [
            "object",
            {
              "name": "string",
              "private_ip": "string"
            }
          ],
          [
            "object",
            {
              "name": "string",
              "private_ip": "string"
            }
          ]
        ]
      ]
    },
    "debug_node_public_ips": {
      "value": [
        {
          "name": "debug-node-instance",
          "public_ip": ""
        },
        {
          "name": "oke-cdzaz6nl3vq-ng2p7sur36a-sjbo7ckwh7a-0",
          "public_ip": ""
        },
        {
          "name": "oke-cdzaz6nl3vq-ng2p7sur36a-sjbo7ckwh7a-1",
          "public_ip": ""
        },
        {
          "name": "oke-cdzaz6nl3vq-nkpx7k6rxfq-sjbo7ckwh7a-0",
          "public_ip": ""
        },
        {
          "name": "oke-cdzaz6nl3vq-nyvss2yzviq-sjbo7ckwh7a-0",
          "public_ip": ""
        },
        {
          "name": "oke-cdzaz6nl3vq-nyvss2yzviq-sjbo7ckwh7a-1",
          "public_ip": ""
        },
        {
          "name": "taskir-jumpbox",
          "public_ip": ""
        }
      ],
      "type": [
        "tuple",
        [
          [
            "object",
            {
              "name": "string",
              "public_ip": "string"
            }
          ],
          [
            "object",
            {
              "name": "string",
              "public_ip": "string"
            }
          ],
          [
            "object",
            {
              "name": "string",
              "public_ip": "string"
            }
          ],
          [
            "object",
            {
              "name": "string",
              "public_ip": "string"
            }
          ],
          [
            "object",
            {
              "name": "string",
              "public_ip": "string"
            }
          ],
          [
            "object",
            {
              "name": "string",
              "public_ip": "string"
            }
          ],
          [
            "object",
            {
              "name": "string",
              "public_ip": "string"
            }
          ]
        ]
      ]
    },
    "generated_ssh_private_key": {
      "value": "-----BEGIN RSA PRIVATE KEY-----\nMIIEpAIBAAKCAQEAtirrWoPY8LXcvN/VwXjBZgy0Ov5QJ/9wOjN/S/LIB1u1mFD2\njXycKH9+n9NqlRH0fnT8zKBYsTkEX4OvxEX5PQlTj6y/5UV8uYOVA9d9fT6J8qZY\nZBs6DhMm4pzr9QlWW1s8vFnviw8p2fFQnaO5mLk6cusRo79ymFP7DYRntX7YHgfB\nwJ2RQEt+hPKN9/HPE510N15lGNekD1hQqiQqBUVyaYPRyZg7Gu+kPnZhKFA+CxGc\nZ3O3yt8Ppj0QVe4Rh0KrfZTHaZm4vO/ih1m1IRZst/eag6t3vH9n817kLKFEwYpi\nLeKByk4TMK3MzzfIaJrR5wKZ418t1Grl1GQUnwIDAQABAoIBAD2YpZwlmOVLmSgE\nR7LzsfFfulF4TII5zSjg4No9bYWPbQfj2Hpe+C55bcd9JTzipVldFV3bmiHStbfW\nP0iOoIgS7z5Vm01bAaF47Jov8y62Rs7VkG3JBwhbUXqutNpWHe0mHJNTlbvflLcs\n8aVcBxWtDCZvdbd4tLbtLqaTbr3fZAeDxLEUsdhV25gAD0RuNnsntF2o0Qz/6pKm\n7PZorZ543yvDbRJc4j3cFC91aHdPar4r2c+TdYuHSuZ7riNKkGJHSA3raHkissAS\nKo7qSP+jD6RzGDfxRZMrwQKBJG7J56fNaStl5KhoSOipOUswkqyEFPfnFnUqJlfx\nVk1njwECgYEA2k44jcdAJuKnaaZ5RnKXi3a/ZtFaS/kBzGeJPqMnf8/uCjY5PfKu\n9oG1kJY5dJYDLme8dX99JrE6/V3NO9+atVCbKOldgtC1O8vDaXp26tbZPyvojD7F\nO5s4hXLK/71jfkMYkAe+AIQPUCdo9iEaHZDTP2oMWY22894uNmiNhukCgYEA1Z9K\nt+RerPENZL5cuv4Uo568mi7IOcX+O/4cVkNdGoHKCJX27cnbiWs4wmFVmc1bo7iD\nROcSDGYD7YamrF1Fo8g3v7M6hWw3tmUCk6eJ+gxdKcN6fB62k1JtpwEzJGOdobEI\nFSSsusdMDhG/LbAI/X+4B1oSvDgTe+y4u0PwGkcCgYEAgj5Ax3Wk9I4tS38iw8EC\nYRaLwxAMS19Yj1cGLvSwUDUB093d8POlJzTj2kuGI+SMKVeCvKc/R6Jdi2Q3Wg1i\nA+L/bz0rqSxTtEUxZPDHmfxsyJ+tsl6Q1asZ4aRHMKURgvcM5IF5/lzLtgqNOKsv\nJYyOPDtM+vDtwjlAYP2n0mECgYEA0SPsoPDCCArPlAwS+Td7uVzVRRX8DSPcbZuw\n3nuBEUx0IcfAQrlXZ8hDf3qPtc4po7YnPjQDpYPS4J7tWt7OKTUB73pnFu0F9loa\nFbj3ColERHkO16myEbWniNNR4JRuZTjOsvR+7zXjLfsN8orfol+CKiBzKzazTKZL\njXtL/E0CgYBtCp6rU+HGRuHgcEpQbSRvcb8pNhzCXecgRZ2uQee2uEDk5j7LpV0+\nqm9XiPDvHNcrYgWlqajmaz9sSEpyt+Wi4cSRpYsrBTGnaR82MwwFYWIBmbpB11zC\n/9LVENcQ3DzcJB/a2ycSMKV/6SYZo7ugrSp8UxH77gIhnX4RYJbPiA==\n-----END RSA PRIVATE KEY-----\n",
      "type": "string",
      "sensitive": true
    },
    "generated_ssh_public_key": {
      "value": "ssh-rsa AAAAB3NzaC1yc2EAAAADAQABAAABAQC2Kutag9jwtdy839XBeMFmDLQ6/lAn/3A6M39L8sgHW7WYUPaNfJwof36f02qVEfR+dPzMoFixOQRfg6/ERfk9CVOPrL/lRXy5g5UD1319PonyplhkGzoOEybinOv1CVZbWzy8We+LDynZ8VCdo7mYuTpy6xGjv3KYU/sNhGe1ftgeB8HAnZFAS36E8o338c8TnXQ3XmUY16QPWFCqJCoFRXJpg9HJmDsa76Q+dmEoUD4LEZxnc7fK3w+mPRBV7hGHQqt9lMdpmbi87+KHWbUhFmy395qDq3e8f2fzXuQsoUTBimIt4oHKThMwrczPN8homtHnApnjXy3UauXUZBSf\n",
      "type": "string"
    },
    "jumpbox_public_ip": {
      "value": "158.178.234.119",
      "type": "string"
    },
    "k8s_cluster_id": {
      "value": "ocid1.cluster.oc1.ap-singapore-1.aaaaaaaadffnzoagk52xoxknh5umd377dhjh5bt4r45wvb2avcdzaz6nl3vq",
      "type": "string"
    },
    "lb_subnet_id": {
      "value": "ocid1.subnet.oc1.ap-singapore-1.aaaaaaaayu6ito4byxljjobydlfrgpyozrz64nruvsimp5rny3aqmrjfvjzq",
      "type": "string"
    },
    "node_pool_options_sources": {
      "value": [
        "Oracle-Linux-8.10-aarch64-2025.09.16-0-OKE-1.31.10-1330",
        "Oracle-Linux-8.10-aarch64-2025.08.31-0-OKE-1.31.10-1191",
        "Oracle-Linux-8.10-aarch64-2025.07.21-0-OKE-1.31.10-967",
        "Oracle-Linux-8.10-Gen2-GPU-2025.09.16-0-OKE-1.31.10-1330",
        "Oracle-Linux-8.10-Gen2-GPU-2025.08.31-0-OKE-1.31.10-1191",
        "Oracle-Linux-8.10-Gen2-GPU-2025.07.21-0-OKE-1.31.10-967",
        "Oracle-Linux-8.10-2025.09.16-0-OKE-1.31.10-1330",
        "Oracle-Linux-8.10-2025.08.31-0-OKE-1.31.10-1191",
        "Oracle-Linux-8.10-2025.07.21-0-OKE-1.31.10-967",
        "Oracle-Linux-7.9-aarch64-2024.11.30-0-OKE-1.31.10-967",
        "Oracle-Linux-7.9-aarch64-2024.11.30-0-OKE-1.31.10-1330",
        "Oracle-Linux-7.9-aarch64-2024.11.30-0-OKE-1.31.10-1191",
        "Oracle-Linux-7.9-Gen2-GPU-2025.07.21-0-OKE-1.31.10-967",
        "Oracle-Linux-7.9-Gen2-GPU-2025.07.21-0-OKE-1.31.10-1330",
        "Oracle-Linux-7.9-Gen2-GPU-2025.07.21-0-OKE-1.31.10-1191",
        "Oracle-Linux-7.9-2025.07.21-0-OKE-1.31.10-967",
        "Oracle-Linux-7.9-2025.07.21-0-OKE-1.31.10-1330",
        "Oracle-Linux-7.9-2025.07.21-0-OKE-1.31.10-1191"
      ],
      "type": [
        "tuple",
        [
          "string",
          "string",
          "string",
          "string",
          "string",
          "string",
          "string",
          "string",
          "string",
          "string",
          "string",
          "string",
          "string",
          "string",
          "string",
          "string",
          "string",
          "string"
        ]
      ]
    },
    "pinecone_host": {
      "value": "ad-vectors-f3b2xfh.svc.aped-4627-b74a.pinecone.io",
      "type": "string"
    },
    "region": {
      "value": "ap-singapore-1",
      "type": "string"
    },
    "registry_namespace": {
      "value": "axoodqjqcaam",
      "type": "string"
    },
    "vcn_id": {
      "value": "ocid1.vcn.oc1.ap-singapore-1.amaaaaaasfo24uiaautp7axq5h5sd2bfuftvem7eepiu4euhq2xxx2obxnda",
      "type": "string"
    }
  },
  "resources": [
    {
      "mode": "data",
      "type": "cloudflare_ip_ranges",
      "name": "cloudflare",
      "provider": "provider[\"registry.terraform.io/cloudflare/cloudflare\"]",
      "instances": [
        {
          "schema_version": 0,
          "attributes": {
            "china_ipv4_cidr_blocks": [
              "101.69.205.224/27",
              "103.44.252.32/27",
              "106.225.240.96/27",
              "111.170.27.96/27",
              "111.177.11.224/27",
              "111.48.87.160/27",
              "111.7.87.160/27",
              "112.49.47.96/27",
              "113.56.217.96/27",
              "114.67.161.32/27",
              "114.67.192.208/28",
              "116.163.41.64/26",
              "116.198.165.16/28",
              "116.198.49.144/28",
              "117.187.185.32/27",
              "117.187.40.32/27",
              "119.0.67.32/27",
              "119.188.204.32/27",
              "119.6.235.32/27",
              "120.206.188.224/27",
              "120.220.55.96/27",
              "120.226.37.160/27",
              "121.17.125.32/27",
              "122.190.152.160/27",
              "122.226.163.224/27",
              "123.138.203.160/27",
              "124.166.232.32/27",
              "124.225.84.32/27",
              "124.236.72.32/27",
              "125.77.31.224/27",
              "14.204.96.224/27",
              "150.138.153.192/26",
              "182.201.240.224/27",
              "183.131.87.224/27",
              "198.41.130.16/28",
              "218.205.95.64/27",
              "218.207.1.32/27",
              "218.60.77.224/27",
              "220.185.189.128/25",
              "222.211.66.64/27",
              "223.85.111.224/27",
              "27.128.218.224/27",
              "27.36.126.224/27",
              "36.136.95.32/27",
              "36.147.52.160/27",
              "36.154.11.224/27",
              "42.236.121.160/27",
              "60.13.99.64/26"
            ],
            "china_ipv6_cidr_blocks": [
              "2400:cb00:164:0:1000::/68",
              "2403:1ec0:1200:ff98::/64",
              "2403:1ec0:1400:ff01::/64",
              "2403:1ec0:1400:ff05::/64",
              "2403:1ec0:1610:ff05::/64",
              "2408:8719:64:50:1000::/68",
              "2408:871a:8810:205:1000::/68",
              "2408:8720:806:102:1000::/68",
              "2408:8726:3000:fff4:1000::/68",
              "2408:8730:600:26:1000::/68",
              "2408:8740:71fc:406:1000::/68",
              "2408:874f:8000:20:1000::/68",
              "2408:874f:b000:4:1000::/68",
              "2408:8752:600:6:1000::/68",
              "2408:8756:4cff:d002:1000::/68",
              "2408:8760:107:2:1000::/68",
              "2408:8766:5:3:1000::/68",
              "2408:876c:2c0:112:1000::/68",
              "2408:8773:fff:ffe1:1000::/68",
              "2409:8720:4001:2:1000::/68",
              "2409:8760:1e81:52:1000::/68",
              "2409:8c28:203:a:1000::/68",
              "2409:8c34:d00:6:1000::/68",
              "2409:8c38:c50:604:1000::/68",
              "2409:8c3c:1400:5:1000::/68",
              "2409:8c44:1b00:d06:1000::/68",
              "2409:8c4d:5200:c05:1000::/68",
              "2409:8c50:a00:2213:1000::/68",
              "2409:8c5c:b00:206:1000::/68",
              "2409:8c62:e10:a04:1000::/68",
              "2409:8c6a:3a11:2:1000::/68",
              "2409:8c6a:4c11:1101:1000::/68",
              "2409:8c6c:561:8124:1000::/68",
              "240e:90d:1101:203:1000::/68",
              "240e:914:4005:1:1000::/68",
              "240e:938:a05:22:1000::/68",
              "240e:940:e009:14e:1000::/68",
              "240e:944:8:5:1000::/68",
              "240e:95d:802:400:1000::/68",
              "240e:95d:c02:7:1000::/68",
              "240e:965:820:105:1000::/68",
              "240e:974:e200:2305:1000::/68",
              "240e:97c:4014:102:1000::/68",
              "240e:b1:9801:20d:1000::/68",
              "240e:cf:8800:1b:1000::/68",
              "240e:f7:4d0f:601:1000::/68",
              "240e:f7:7c00:821:1000::/68"
            ],
            "cidr_blocks": [
              "103.21.244.0/22",
              "103.22.200.0/22",
              "103.31.4.0/22",
              "104.16.0.0/13",
              "104.24.0.0/14",
              "108.162.192.0/18",
              "131.0.72.0/22",
              "141.101.64.0/18",
              "162.158.0.0/15",
              "172.64.0.0/13",
              "173.245.48.0/20",
              "188.114.96.0/20",
              "190.93.240.0/20",
              "197.234.240.0/22",
              "198.41.128.0/17",
              "2400:cb00::/32",
              "2405:8100::/32",
              "2405:b500::/32",
              "2606:4700::/32",
              "2803:f800::/32",
              "2a06:98c0::/29",
              "2c0f:f248::/32"
            ],
            "id": "2749251940",
            "ipv4_cidr_blocks": [
              "103.21.244.0/22",
              "103.22.200.0/22",
              "103.31.4.0/22",
              "104.16.0.0/13",
              "104.24.0.0/14",
              "108.162.192.0/18",
              "131.0.72.0/22",
              "141.101.64.0/18",
              "162.158.0.0/15",
              "172.64.0.0/13",
              "173.245.48.0/20",
              "188.114.96.0/20",
              "190.93.240.0/20",
              "197.234.240.0/22",
              "198.41.128.0/17"
            ],
            "ipv6_cidr_blocks": [
              "2400:cb00::/32",
              "2405:8100::/32",
              "2405:b500::/32",
              "2606:4700::/32",
              "2803:f800::/32",
              "2a06:98c0::/29",
              "2c0f:f248::/32"
            ]
          },
          "sensitive_attributes": []
        }
      ]
    },
    {
      "mode": "data",
      "type": "oci_containerengine_node_pool_option",
      "name": "taskir_node_pool_option",
      "provider": "provider[\"registry.terraform.io/oracle/oci\"]",
      "instances": [
        {
          "schema_version": 0,
          "attributes": {
            "compartment_id": "ocid1.tenancy.oc1..aaaaaaaafmttsfo7ogtmmtbqi7mwomlji2hn44dyj4dwtvd7xgm236beottq",
            "id": "ContainerengineNodePoolOptionDataSource-675439154",
            "images": [],
            "kubernetes_versions": [
              "v1.31.1",
              "v1.31.10",
              "v1.32.1",
              "v1.32.10",
              "v1.33.0",
              "v1.33.1",
              "v1.34.0",
              "v1.34.1",
              "v1.34.2"
            ],
            "node_pool_k8s_version": null,
            "node_pool_option_id": "all",
            "node_pool_os_arch": null,
            "node_pool_os_type": null,
            "shapes": [
              "BM.Standard.A1.160",
              "BM.Standard.E3.128",
              "BM.Standard.E4.128",
              "BM.Standard.E5.192",
              "BM.Standard2.52",
              "BM.Standard3.64",
              "VM.Standard.A1.Flex",
              "VM.Standard.E3.Flex",
              "VM.Standard.E4.Flex",
              "VM.Standard.E5.Flex",
              "VM.Standard2.1",
              "VM.Standard2.16",
              "VM.Standard2.2",
              "VM.Standard2.24",
              "VM.Standard2.4",
              "VM.Standard2.8",
              "VM.Standard3.Flex"
            ],
            "should_list_all_patch_versions": null,
            "sources": [
              {
                "image_id": "ocid1.image.oc1.ap-singapore-1.aaaaaaaauyua45fyrbbigxrnmavr6bjksnosk2u574keblop2hpygkgqnbeq",
                "source_name": "Oracle-Linux-8.10-aarch64-2025.11.20-0-OKE-1.34.2-1345",
                "source_type": "IMAGE"
              },
              {
                "image_id": "ocid1.image.oc1.ap-singapore-1.aaaaaaaal4kimb4ofmtnhwpcy2gzwyrydwa7kt2vv4y4loihgmacykuu7zvq",
                "source_name": "Oracle-Linux-8.10-aarch64-2025.11.20-0-OKE-1.33.1-1345",
                "source_type": "IMAGE"
              },
              {
                "image_id": "ocid1.image.oc1.ap-singapore-1.aaaaaaaanm5rplau4a5wa6ozt346uxgty7qmh5t2sgbudoqfgjjjwrrrssya",
                "source_name": "Oracle-Linux-8.10-aarch64-2025.11.20-0-OKE-1.32.10-1345",
                "source_type": "IMAGE"
              },
              {
                "image_id": "ocid1.image.oc1.ap-singapore-1.aaaaaaaabj5tkstirrx3p2f45jqsogguuyzw5cf3qgsolzssme2v2t2vmowa",
                "source_name": "Oracle-Linux-8.10-aarch64-2025.09.16-0-OKE-1.34.1-1330",
                "source_type": "IMAGE"
              },
              {
                "image_id": "ocid1.image.oc1.ap-singapore-1.aaaaaaaak2g3nl5x7tpzuwpesloc25joilodes6xzr65zposqvv33aejwfza",
                "source_name": "Oracle-Linux-8.10-aarch64-2025.09.16-0-OKE-1.33.1-1330",
                "source_type": "IMAGE"
              },
              {
                "image_id": "ocid1.image.oc1.ap-singapore-1.aaaaaaaaxamsk2nzxy4f762fi4572jzjrtndmzcjs645rd3hp2uxy27vzuxa",
                "source_name": "Oracle-Linux-8.10-aarch64-2025.09.16-0-OKE-1.32.1-1330",
                "source_type": "IMAGE"
              },
              {
                "image_id": "ocid1.image.oc1.ap-singapore-1.aaaaaaaak7b5mz7ruc5owx2qk4lygo2tori62kl2ekddcv5stf6klkfjs57q",
                "source_name": "Oracle-Linux-8.10-aarch64-2025.09.16-0-OKE-1.31.10-1330",
                "source_type": "IMAGE"
              },
              {
                "image_id": "ocid1.image.oc1.ap-singapore-1.aaaaaaaa7iicxyrtrurzxdyo4fvrwtqnt2di7fnfcitgwfwnzq5spgs2uhtq",
                "source_name": "Oracle-Linux-8.10-aarch64-2025.08.31-0-OKE-1.34.1-1191",
                "source_type": "IMAGE"
              },
              {
                "image_id": "ocid1.image.oc1.ap-singapore-1.aaaaaaaathczpdkdokw5elc5woeiirhnxgtwgtqbhl5sf7gma6cb33cqnxfq",
                "source_name": "Oracle-Linux-8.10-aarch64-2025.08.31-0-OKE-1.33.1-1191",
                "source_type": "IMAGE"
              },
              {
                "image_id": "ocid1.image.oc1.ap-singapore-1.aaaaaaaaltkygwy6najzn2qt6klp2q3d35p7fs6dxnek5kxr52hovci5zycq",
                "source_name": "Oracle-Linux-8.10-aarch64-2025.08.31-0-OKE-1.32.1-1191",
                "source_type": "IMAGE"
              },
              {
                "image_id": "ocid1.image.oc1.ap-singapore-1.aaaaaaaafpusac34pf7n545jfqsqzjbktx5uwaylfvhs6si2iz7j2fk5g34q",
                "source_name": "Oracle-Linux-8.10-aarch64-2025.08.31-0-OKE-1.31.10-1191",
                "source_type": "IMAGE"
              },
              {
                "image_id": "ocid1.image.oc1.ap-singapore-1.aaaaaaaaqgjc7plgfcjxyws3aqt6bxu6wgpyojgbilmpxg3qwiqji7uvw4tq",
                "source_name": "Oracle-Linux-8.10-aarch64-2025.07.21-0-OKE-1.32.1-967",
                "source_type": "IMAGE"
              },
              {
                "image_id": "ocid1.image.oc1.ap-singapore-1.aaaaaaaajbrppohwawm73z7b7as7bprurihgjpbjzbcxmj7x5kkk6z2y6tha",
                "source_name": "Oracle-Linux-8.10-aarch64-2025.07.21-0-OKE-1.31.10-967",
                "source_type": "IMAGE"
              },
              {
                "image_id": "ocid1.image.oc1.ap-singapore-1.aaaaaaaabowhdqxoio3zqbdllqrybvivovwpnhasbzgfnxxztdeaeiaquzvq",
                "source_name": "Oracle-Linux-8.10-aarch64-2025.05.19-0-OKE-1.31.1-804",
                "source_type": "IMAGE"
              },
              {
                "image_id": "ocid1.image.oc1.ap-singapore-1.aaaaaaaa6ijhbthzu2mty7yq7x2ezwzcoqvrp6a2ywijadxozz4yhn3aqd6q",
                "source_name": "Oracle-Linux-8.10-aarch64-2025.05.19-0-OKE-1.31.1-764",
                "source_type": "IMAGE"
              },
              {
                "image_id": "ocid1.image.oc1.ap-singapore-1.aaaaaaaae2ycstt72qlcgi5vihh7l7nz4glpppna73obhjumujh3rtkhelbq",
                "source_name": "Oracle-Linux-8.10-aarch64-2025.02.28-0-OKE-1.31.1-760",
                "source_type": "IMAGE"
              },
              {
                "image_id": "ocid1.image.oc1.ap-singapore-1.aaaaaaaagiqwcdrcwrw2gsr2sty45ap6arhy5esr3zhoarsxwpo4jn3x463a",
                "source_name": "Oracle-Linux-8.10-Gen2-GPU-2025.11.20-0-OKE-1.34.2-1345",
                "source_type": "IMAGE"
              },
              {
                "image_id": "ocid1.image.oc1.ap-singapore-1.aaaaaaaak6cvraugn4xx45c5fr2c74dz36fbjx4owcffwlqgi6qlfutrznqa",
                "source_name": "Oracle-Linux-8.10-Gen2-GPU-2025.11.20-0-OKE-1.33.1-1345",
                "source_type": "IMAGE"
              },
              {
                "image_id": "ocid1.image.oc1.ap-singapore-1.aaaaaaaaoknthn7wreow7zcf5eoohmbyvtxiucostv6awxjf4rkmdaugraza",
                "source_name": "Oracle-Linux-8.10-Gen2-GPU-2025.11.20-0-OKE-1.32.10-1345",
                "source_type": "IMAGE"
              },
              {
                "image_id": "ocid1.image.oc1.ap-singapore-1.aaaaaaaaqiz5kxs35bbtlvcifefx4bus352htq7o23ohy7bulf6cm4ofty3a",
                "source_name": "Oracle-Linux-8.10-Gen2-GPU-2025.09.16-0-OKE-1.34.1-1330",
                "source_type": "IMAGE"
              },
              {
                "image_id": "ocid1.image.oc1.ap-singapore-1.aaaaaaaablyspsc2t44eevzslnsczpf3vuhhisbs3cweiaeh6tsf7usdfe7a",
                "source_name": "Oracle-Linux-8.10-Gen2-GPU-2025.09.16-0-OKE-1.33.1-1330",
                "source_type": "IMAGE"
              },
              {
                "image_id": "ocid1.image.oc1.ap-singapore-1.aaaaaaaakb36zqrvfelesbjr774sk5g3uz7cotse5xyhmblotit3tjvdjonq",
                "source_name": "Oracle-Linux-8.10-Gen2-GPU-2025.09.16-0-OKE-1.32.1-1330",
                "source_type": "IMAGE"
              },
              {
                "image_id": "ocid1.image.oc1.ap-singapore-1.aaaaaaaa4xygeh2oyd27c6palg6redoxnjy2ieltxfd2hh3gvvgzf3qssmeq",
                "source_name": "Oracle-Linux-8.10-Gen2-GPU-2025.09.16-0-OKE-1.31.10-1330",
                "source_type": "IMAGE"
              },
              {
                "image_id": "ocid1.image.oc1.ap-singapore-1.aaaaaaaaeyxahvizvxu7nn5pdmaujiqxbnumc4nr3ywxmsdvissm5phdhs5q",
                "source_name": "Oracle-Linux-8.10-Gen2-GPU-2025.08.31-0-OKE-1.34.1-1191",
                "source_type": "IMAGE"
              },
              {
                "image_id": "ocid1.image.oc1.ap-singapore-1.aaaaaaaabvqpdxlgygs2h4ci563aofid2cl6dbdntcuw4zelnnjlqvms3tpa",
                "source_name": "Oracle-Linux-8.10-Gen2-GPU-2025.08.31-0-OKE-1.33.1-1191",
                "source_type": "IMAGE"
              },
              {
                "image_id": "ocid1.image.oc1.ap-singapore-1.aaaaaaaasaqmqv6mfll2i3r5q3enbugg5wurwkw2mtnk3adaicnekbyohlfa",
                "source_name": "Oracle-Linux-8.10-Gen2-GPU-2025.08.31-0-OKE-1.32.1-1191",
                "source_type": "IMAGE"
              },
              {
                "image_id": "ocid1.image.oc1.ap-singapore-1.aaaaaaaa5sxldonz5pn3cybxqdajzk6njlgbrppgrjw5d34ap52qw6d2fpgq",
                "source_name": "Oracle-Linux-8.10-Gen2-GPU-2025.08.31-0-OKE-1.31.10-1191",
                "source_type": "IMAGE"
              },
              {
                "image_id": "ocid1.image.oc1.ap-singapore-1.aaaaaaaahgkeauo4u7jggdl76ri3l6ux225fndh4pcnpyjvxmvhdocy7oujq",
                "source_name": "Oracle-Linux-8.10-Gen2-GPU-2025.07.21-0-OKE-1.32.1-967",
                "source_type": "IMAGE"
              },
              {
                "image_id": "ocid1.image.oc1.ap-singapore-1.aaaaaaaaawmbscjzvqfs7dyan63rqyefwzc5maaflm64pmbnp23z475mf2pq",
                "source_name": "Oracle-Linux-8.10-Gen2-GPU-2025.07.21-0-OKE-1.31.10-967",
                "source_type": "IMAGE"
              },
              {
                "image_id": "ocid1.image.oc1.ap-singapore-1.aaaaaaaa7yh46eqqq7hhqqnpzxopbcbrlj27lpba7oj6zgl7qr6wueyaylrq",
                "source_name": "Oracle-Linux-8.10-Gen2-GPU-2025.05.19-0-OKE-1.31.1-804",
                "source_type": "IMAGE"
              },
              {
                "image_id": "ocid1.image.oc1.ap-singapore-1.aaaaaaaakykrhbbly22miff33mvptu6chjpaq4jjpgn5evdge34eeh63b45q",
                "source_name": "Oracle-Linux-8.10-Gen2-GPU-2025.05.19-0-OKE-1.31.1-764",
                "source_type": "IMAGE"
              },
              {
                "image_id": "ocid1.image.oc1.ap-singapore-1.aaaaaaaakhs25ufqubekflbggnnon63bkh4exr5vtustynrcq45xzjk3hlsa",
                "source_name": "Oracle-Linux-8.10-Gen2-GPU-2025.02.28-0-OKE-1.31.1-760",
                "source_type": "IMAGE"
              },
              {
                "image_id": "ocid1.image.oc1.ap-singapore-1.aaaaaaaaepwcslo4gfwgfzw5saqpnfrjvqvlfj3izxtfaytcmvblyzxyvxza",
                "source_name": "Oracle-Linux-8.10-2025.11.20-0-OKE-1.34.2-1345",
                "source_type": "IMAGE"
              },
              {
                "image_id": "ocid1.image.oc1.ap-singapore-1.aaaaaaaa4g6hlhnl3ttf22iveuj5g2hslunqzxhjos5xe4r34l3i2s6b2b6a",
                "source_name": "Oracle-Linux-8.10-2025.11.20-0-OKE-1.33.1-1345",
                "source_type": "IMAGE"
              },
              {
                "image_id": "ocid1.image.oc1.ap-singapore-1.aaaaaaaa5u3s7cnky3gi2bhq45ulh7f763hc34tgoq357ivfwoajj3o25f5a",
                "source_name": "Oracle-Linux-8.10-2025.11.20-0-OKE-1.32.10-1345",
                "source_type": "IMAGE"
              },
              {
                "image_id": "ocid1.image.oc1.ap-singapore-1.aaaaaaaa2a3rqme4763azdnhuj47wft43q5o236g7jbglkfhogprk44o2bta",
                "source_name": "Oracle-Linux-8.10-2025.09.16-0-OKE-1.34.1-1330",
                "source_type": "IMAGE"
              },
              {
                "image_id": "ocid1.image.oc1.ap-singapore-1.aaaaaaaansa5dztvbmwmcppvesteuy6cmsvtboagai3tub4vmyj3d2gwaqoq",
                "source_name": "Oracle-Linux-8.10-2025.09.16-0-OKE-1.33.1-1330",
                "source_type": "IMAGE"
              },
              {
                "image_id": "ocid1.image.oc1.ap-singapore-1.aaaaaaaas5tkdmt3oqnrczv4anlouhebttbzb2dvv2sydr3m45qualuyvrbq",
                "source_name": "Oracle-Linux-8.10-2025.09.16-0-OKE-1.32.1-1330",
                "source_type": "IMAGE"
              },
              {
                "image_id": "ocid1.image.oc1.ap-singapore-1.aaaaaaaap46mzk6dir2xmap2hc5ydscwzcggusasdxgkh77be3q2nhdre4nq",
                "source_name": "Oracle-Linux-8.10-2025.09.16-0-OKE-1.31.10-1330",
                "source_type": "IMAGE"
              },
              {
                "image_id": "ocid1.image.oc1.ap-singapore-1.aaaaaaaa6tftw4hajvb2hiosxrvna76je4v7ebz7xyzhoke5vpr76dc7wnpa",
                "source_name": "Oracle-Linux-8.10-2025.08.31-0-OKE-1.34.1-1191",
                "source_type": "IMAGE"
              },
              {
                "image_id": "ocid1.image.oc1.ap-singapore-1.aaaaaaaapwbhxbfycfz5y7e4d7oyzon4em7apafzruwhlyv3eesdshd34ptq",
                "source_name": "Oracle-Linux-8.10-2025.08.31-0-OKE-1.33.1-1191",
                "source_type": "IMAGE"
              },
              {
                "image_id": "ocid1.image.oc1.ap-singapore-1.aaaaaaaapv2x3df57u5nob76cyk5ehpkpgsrclnzsakhaflzh7zy75prvfvq",
                "source_name": "Oracle-Linux-8.10-2025.08.31-0-OKE-1.32.1-1191",
                "source_type": "IMAGE"
              },
              {
                "image_id": "ocid1.image.oc1.ap-singapore-1.aaaaaaaacvgbhk56ri57esg2mmw72okj3bk7qoyje4mxpsegv2ng3mgyqcpa",
                "source_name": "Oracle-Linux-8.10-2025.08.31-0-OKE-1.31.10-1191",
                "source_type": "IMAGE"
              },
              {
                "image_id": "ocid1.image.oc1.ap-singapore-1.aaaaaaaaxuhb7jfs256hdhbfuvavdosfdhe32n4vecwholsybsr4sjx7w57a",
                "source_name": "Oracle-Linux-8.10-2025.07.21-0-OKE-1.32.1-967",
                "source_type": "IMAGE"
              },
              {
                "image_id": "ocid1.image.oc1.ap-singapore-1.aaaaaaaaobh6cd2ytwfxlzpyogw3o3jijpquuecszmyn326w7x4w7y4qg2hq",
                "source_name": "Oracle-Linux-8.10-2025.07.21-0-OKE-1.31.10-967",
                "source_type": "IMAGE"
              },
              {
                "image_id": "ocid1.image.oc1.ap-singapore-1.aaaaaaaaznofuxe6aq3nwp4q6nhpdrr4aay22kj7ljt23ulsvntaebc3kbdq",
                "source_name": "Oracle-Linux-8.10-2025.05.19-0-OKE-1.31.1-804",
                "source_type": "IMAGE"
              },
              {
                "image_id": "ocid1.image.oc1.ap-singapore-1.aaaaaaaacypopgceexp43nr2qhwdjekrnolxoprhkkswqdnezlfholicursq",
                "source_name": "Oracle-Linux-8.10-2025.05.19-0-OKE-1.31.1-764",
                "source_type": "IMAGE"
              },
              {
                "image_id": "ocid1.image.oc1.ap-singapore-1.aaaaaaaa5hb5lenc266byj2bylafc7a6s7kylhyjew3b4g3rq6lkyfscnsia",
                "source_name": "Oracle-Linux-8.10-2025.02.28-0-OKE-1.31.1-760",
                "source_type": "IMAGE"
              },
              {
                "image_id": "ocid1.image.oc1.ap-singapore-1.aaaaaaaazibzivhlkjpx2loe2y6ti67jghya7hokwfyx3mwnzj373h6ighfa",
                "source_name": "Oracle-Linux-7.9-aarch64-2024.11.30-0-OKE-1.34.1-1330",
                "source_type": "IMAGE"
              },
              {
                "image_id": "ocid1.image.oc1.ap-singapore-1.aaaaaaaaisjxotlsed4qqu45iru3g7rvidnovo3bs6fhtozl6wf4esxnvvha",
                "source_name": "Oracle-Linux-7.9-aarch64-2024.11.30-0-OKE-1.34.1-1191",
                "source_type": "IMAGE"
              },
              {
                "image_id": "ocid1.image.oc1.ap-singapore-1.aaaaaaaakbftdzxjschzjck6f65rbmzy7amu3ltzdo4bxtpa2geq5agxe55a",
                "source_name": "Oracle-Linux-7.9-aarch64-2024.11.30-0-OKE-1.33.1-967",
                "source_type": "IMAGE"
              },
              {
                "image_id": "ocid1.image.oc1.ap-singapore-1.aaaaaaaafuiauh7pn32kt6p5wecobbryiak3ojukyoisctvk5bviscfhhuca",
                "source_name": "Oracle-Linux-7.9-aarch64-2024.11.30-0-OKE-1.33.1-1330",
                "source_type": "IMAGE"
              },
              {
                "image_id": "ocid1.image.oc1.ap-singapore-1.aaaaaaaa5l5ifk2dnwxwqwpu6htqldrjb6biro34mu3wurcozpglhaujqodq",
                "source_name": "Oracle-Linux-7.9-aarch64-2024.11.30-0-OKE-1.33.1-1191",
                "source_type": "IMAGE"
              },
              {
                "image_id": "ocid1.image.oc1.ap-singapore-1.aaaaaaaafsowjg7s3xiwdodfm4ls6vvwhlbb5qdz54hjs4ro7pcq4tkfshbq",
                "source_name": "Oracle-Linux-7.9-aarch64-2024.11.30-0-OKE-1.32.1-967",
                "source_type": "IMAGE"
              },
              {
                "image_id": "ocid1.image.oc1.ap-singapore-1.aaaaaaaanto2u2wn2oobu77ufw7lfjwe6wtstwjpbgt4fkfixacdroghrada",
                "source_name": "Oracle-Linux-7.9-aarch64-2024.11.30-0-OKE-1.32.1-1330",
                "source_type": "IMAGE"
              },
              {
                "image_id": "ocid1.image.oc1.ap-singapore-1.aaaaaaaavlcdojtl2pjagg52lnhbpfb2sqpazmvlijv6gfbciecmuuoc4ibq",
                "source_name": "Oracle-Linux-7.9-aarch64-2024.11.30-0-OKE-1.32.1-1191",
                "source_type": "IMAGE"
              },
              {
                "image_id": "ocid1.image.oc1.ap-singapore-1.aaaaaaaabmlih5lswdc277noreeqwxdyegc3mhyvkjnqitlvmfmuougiygka",
                "source_name": "Oracle-Linux-7.9-aarch64-2024.11.30-0-OKE-1.31.10-967",
                "source_type": "IMAGE"
              },
              {
                "image_id": "ocid1.image.oc1.ap-singapore-1.aaaaaaaa4y62sshzx5jifhcwzfqx36xyexkifzyzmm7gozn6w55wzg6ah5mq",
                "source_name": "Oracle-Linux-7.9-aarch64-2024.11.30-0-OKE-1.31.10-1330",
                "source_type": "IMAGE"
              },
              {
                "image_id": "ocid1.image.oc1.ap-singapore-1.aaaaaaaaqp62evhm46il5xvd5xhtv2kwreegoqvzq5mrcbr3a7hc2zssns3q",
                "source_name": "Oracle-Linux-7.9-aarch64-2024.11.30-0-OKE-1.31.10-1191",
                "source_type": "IMAGE"
              },
              {
                "image_id": "ocid1.image.oc1.ap-singapore-1.aaaaaaaa6d6vgke6x2eb2s4an6a6hb7ukeubapgwyjnz23tgva4nkdqkhgcq",
                "source_name": "Oracle-Linux-7.9-aarch64-2024.11.30-0-OKE-1.31.1-804",
                "source_type": "IMAGE"
              },
              {
                "image_id": "ocid1.image.oc1.ap-singapore-1.aaaaaaaavblkf6x6g4o2cmurhwj3snwhpixmmnqf2oarwzpv3qy5do6m5uba",
                "source_name": "Oracle-Linux-7.9-aarch64-2024.11.30-0-OKE-1.31.1-764",
                "source_type": "IMAGE"
              },
              {
                "image_id": "ocid1.image.oc1.ap-singapore-1.aaaaaaaarx2uwkml4lxat5byybochnvyu74cyodnkwxkxkrh3gpttvc5xvla",
                "source_name": "Oracle-Linux-7.9-aarch64-2024.11.30-0-OKE-1.31.1-760",
                "source_type": "IMAGE"
              },
              {
                "image_id": "ocid1.image.oc1.ap-singapore-1.aaaaaaaajmdzvo27uky6uvazl5ctfc4agz3mz3utfgsz52z7i5vvs2wgqyga",
                "source_name": "Oracle-Linux-7.9-Gen2-GPU-2025.07.21-0-OKE-1.34.2-1345",
                "source_type": "IMAGE"
              },
              {
                "image_id": "ocid1.image.oc1.ap-singapore-1.aaaaaaaakgqmcv2dgh3jqafpvkg4mxvxaluugrp3jldporqoe3nmw3disrsa",
                "source_name": "Oracle-Linux-7.9-Gen2-GPU-2025.07.21-0-OKE-1.34.1-1330",
                "source_type": "IMAGE"
              },
              {
                "image_id": "ocid1.image.oc1.ap-singapore-1.aaaaaaaavxu5e6nk3nrwsffuqqirc374f7b76ofsdjvlrt3h7nsmolvkf2pa",
                "source_name": "Oracle-Linux-7.9-Gen2-GPU-2025.07.21-0-OKE-1.34.1-1191",
                "source_type": "IMAGE"
              },
              {
                "image_id": "ocid1.image.oc1.ap-singapore-1.aaaaaaaaxwhukwws2ab25b35uacrfsrtngjzwu52rdfduusfoome52trnxoq",
                "source_name": "Oracle-Linux-7.9-Gen2-GPU-2025.07.21-0-OKE-1.33.1-1345",
                "source_type": "IMAGE"
              },
              {
                "image_id": "ocid1.image.oc1.ap-singapore-1.aaaaaaaafbt43hnfm4qa5vxt5us7dh5753qtewox4jdoqqca5kuugbsszt4q",
                "source_name": "Oracle-Linux-7.9-Gen2-GPU-2025.07.21-0-OKE-1.33.1-1330",
                "source_type": "IMAGE"
              },
              {
                "image_id": "ocid1.image.oc1.ap-singapore-1.aaaaaaaa53v6gz254larfcezm4cbhsgb56e53qvhiz5uh25pwmdbvy5zru2a",
                "source_name": "Oracle-Linux-7.9-Gen2-GPU-2025.07.21-0-OKE-1.33.1-1191",
                "source_type": "IMAGE"
              },
              {
                "image_id": "ocid1.image.oc1.ap-singapore-1.aaaaaaaardnrb4o7zb5nfc3eg4n3k36gjd6erkppsx4tg6szkfkfcfhyphda",
                "source_name": "Oracle-Linux-7.9-Gen2-GPU-2025.07.21-0-OKE-1.32.10-1345",
                "source_type": "IMAGE"
              },
              {
                "image_id": "ocid1.image.oc1.ap-singapore-1.aaaaaaaaqmf2dsdew3hzbuawz6qt3z62l3elhqu7rbuuhr4a5gogdb4cx7la",
                "source_name": "Oracle-Linux-7.9-Gen2-GPU-2025.07.21-0-OKE-1.32.1-967",
                "source_type": "IMAGE"
              },
              {
                "image_id": "ocid1.image.oc1.ap-singapore-1.aaaaaaaaqefl655cq5hdxbczlzq7mrpue6ra2jenpbd5f6zr5fgic2y72wpq",
                "source_name": "Oracle-Linux-7.9-Gen2-GPU-2025.07.21-0-OKE-1.32.1-1330",
                "source_type": "IMAGE"
              },
              {
                "image_id": "ocid1.image.oc1.ap-singapore-1.aaaaaaaadfmx6wvrqwq36ccha4dxkxi6yyknsm72ozcphczwsgdmb3m2q5qa",
                "source_name": "Oracle-Linux-7.9-Gen2-GPU-2025.07.21-0-OKE-1.32.1-1191",
                "source_type": "IMAGE"
              },
              {
                "image_id": "ocid1.image.oc1.ap-singapore-1.aaaaaaaa3xu6drcb3tyjufsowyyagnwrven5626wl2xjwueksqiwtjiuvzbq",
                "source_name": "Oracle-Linux-7.9-Gen2-GPU-2025.07.21-0-OKE-1.31.10-967",
                "source_type": "IMAGE"
              },
              {
                "image_id": "ocid1.image.oc1.ap-singapore-1.aaaaaaaab2mybdpycoz5i2442gfdueuppup3olawtptr6c7bwu7mjgj7ueuq",
                "source_name": "Oracle-Linux-7.9-Gen2-GPU-2025.07.21-0-OKE-1.31.10-1330",
                "source_type": "IMAGE"
              },
              {
                "image_id": "ocid1.image.oc1.ap-singapore-1.aaaaaaaashhizq75tnwf3etanget3ye7j3uygpxz3xvprvbze5zd5kiey5pa",
                "source_name": "Oracle-Linux-7.9-Gen2-GPU-2025.07.21-0-OKE-1.31.10-1191",
                "source_type": "IMAGE"
              },
              {
                "image_id": "ocid1.image.oc1.ap-singapore-1.aaaaaaaama5n4js4tbc4nwa2ngk67rakvgh7yqn6x37625zukwkmlalctsqa",
                "source_name": "Oracle-Linux-7.9-Gen2-GPU-2025.01.31-0-OKE-1.31.1-804",
                "source_type": "IMAGE"
              },
              {
                "image_id": "ocid1.image.oc1.ap-singapore-1.aaaaaaaavfvkpy3opm5cdgquiclael4n3encxx76pkxchyrs4s7jzcfrdpkq",
                "source_name": "Oracle-Linux-7.9-Gen2-GPU-2025.01.31-0-OKE-1.31.1-764",
                "source_type": "IMAGE"
              },
              {
                "image_id": "ocid1.image.oc1.ap-singapore-1.aaaaaaaaf5h2j2dzvg3xuib4faatoa4wesstsew5rdsxehrafdx3glghdy6q",
                "source_name": "Oracle-Linux-7.9-Gen2-GPU-2025.01.31-0-OKE-1.31.1-760",
                "source_type": "IMAGE"
              },
              {
                "image_id": "ocid1.image.oc1.ap-singapore-1.aaaaaaaapkumbb2rxvljftqoioabskgsemnovekvzhcjofykqctuqfdyl5vq",
                "source_name": "Oracle-Linux-7.9-2025.10.23-0-OKE-1.34.2-1345",
                "source_type": "IMAGE"
              },
              {
                "image_id": "ocid1.image.oc1.ap-singapore-1.aaaaaaaandwsqac42dbqvaozoq2iex5zvqffucnlydfpzzc5xnjirmsqcqtq",
                "source_name": "Oracle-Linux-7.9-2025.10.23-0-OKE-1.33.1-1345",
                "source_type": "IMAGE"
              },
              {
                "image_id": "ocid1.image.oc1.ap-singapore-1.aaaaaaaacpllslvuh5p5m5stcyyx2qwhgzjhhmi2zfvbnjtylssw7nswihsq",
                "source_name": "Oracle-Linux-7.9-2025.10.23-0-OKE-1.32.10-1345",
                "source_type": "IMAGE"
              },
              {
                "image_id": "ocid1.image.oc1.ap-singapore-1.aaaaaaaapvmckj3ngnzb63pulwr35g7oaz425iwpa7cvqvobubm5njwcelsq",
                "source_name": "Oracle-Linux-7.9-2025.07.21-0-OKE-1.34.1-1330",
                "source_type": "IMAGE"
              },
              {
                "image_id": "ocid1.image.oc1.ap-singapore-1.aaaaaaaafg4pcnqtoainvie3p3auasntbsxrkm5ixjqsfvocozizudyz5dsa",
                "source_name": "Oracle-Linux-7.9-2025.07.21-0-OKE-1.34.1-1191",
                "source_type": "IMAGE"
              },
              {
                "image_id": "ocid1.image.oc1.ap-singapore-1.aaaaaaaaicv46u4pdvjw36yfy45ky4wanj2gqygzso2szgqb4dqp4u35kfzq",
                "source_name": "Oracle-Linux-7.9-2025.07.21-0-OKE-1.33.1-1330",
                "source_type": "IMAGE"
              },
              {
                "image_id": "ocid1.image.oc1.ap-singapore-1.aaaaaaaad2kgurfiwzspko4qvapnn2txanskatq6wnxawbxic2odvlmnxpea",
                "source_name": "Oracle-Linux-7.9-2025.07.21-0-OKE-1.33.1-1191",
                "source_type": "IMAGE"
              },
              {
                "image_id": "ocid1.image.oc1.ap-singapore-1.aaaaaaaalak2t5j5wfoeblzs4zo5542wqrg7bobv3su3seewvpsr55fb2qjq",
                "source_name": "Oracle-Linux-7.9-2025.07.21-0-OKE-1.32.1-967",
                "source_type": "IMAGE"
              },
              {
                "image_id": "ocid1.image.oc1.ap-singapore-1.aaaaaaaavzbocbvqvcnxxfh2boo6bcwuoqivyoy64hapls5xz6sibf7uyrsq",
                "source_name": "Oracle-Linux-7.9-2025.07.21-0-OKE-1.32.1-1330",
                "source_type": "IMAGE"
              },
              {
                "image_id": "ocid1.image.oc1.ap-singapore-1.aaaaaaaaujby5ffv6mx37mkorj75pei6fkfsqnouqazealgc6ccjkmmsnrga",
                "source_name": "Oracle-Linux-7.9-2025.07.21-0-OKE-1.32.1-1191",
                "source_type": "IMAGE"
              },
              {
                "image_id": "ocid1.image.oc1.ap-singapore-1.aaaaaaaaxpigoovetrofzasgvwlexypjg3tgovyimquxsh4rgmb6smusazpq",
                "source_name": "Oracle-Linux-7.9-2025.07.21-0-OKE-1.31.10-967",
                "source_type": "IMAGE"
              },
              {
                "image_id": "ocid1.image.oc1.ap-singapore-1.aaaaaaaa76cdozuh7goe2cm5dnlcihyq3bvp7geklrktmlayrylaiysiaura",
                "source_name": "Oracle-Linux-7.9-2025.07.21-0-OKE-1.31.10-1330",
                "source_type": "IMAGE"
              },
              {
                "image_id": "ocid1.image.oc1.ap-singapore-1.aaaaaaaajzfmvnze52ubj35tldie2hdh2zxrzlxpvo37bciqkui6zp3maj7a",
                "source_name": "Oracle-Linux-7.9-2025.07.21-0-OKE-1.31.10-1191",
                "source_type": "IMAGE"
              },
              {
                "image_id": "ocid1.image.oc1.ap-singapore-1.aaaaaaaaqbbodtxp2peskshmzp2rlgitz25gxfiwaz5hw6cxv6wimrcdpodq",
                "source_name": "Oracle-Linux-7.9-2025.04.16-0-OKE-1.31.1-804",
                "source_type": "IMAGE"
              },
              {
                "image_id": "ocid1.image.oc1.ap-singapore-1.aaaaaaaabo3fqag5np7armrbqapxshyvbr67vhhmb4rwii4a3knbr63j3osa",
                "source_name": "Oracle-Linux-7.9-2025.04.16-0-OKE-1.31.1-764",
                "source_type": "IMAGE"
              },
              {
                "image_id": "ocid1.image.oc1.ap-singapore-1.aaaaaaaa4lmlabccqwz5hun7t3ucluqlvy3x7klyuhxhd74plzp4tghv56ca",
                "source_name": "Oracle-Linux-7.9-2025.01.31-0-OKE-1.31.1-760",
                "source_type": "IMAGE"
              },
              {
                "image_id": "ocid1.image.oc1.ap-singapore-1.aaaaaaaac43djolk4crkeae7ippfjfnanjryh7557glpwemoxikrllqfyvbq",
                "source_name": "Oracle-Linux-8.10-aarch64-2026.01.29-0",
                "source_type": "IMAGE"
              },
              {
                "image_id": "ocid1.image.oc1.ap-singapore-1.aaaaaaaaoxse7qaw6z6nzgizzhcgu7vtwfrj4v32dzrphtlz7rgttbudauba",
                "source_name": "Oracle-Linux-8.10-aarch64-2025.11.20-0",
                "source_type": "IMAGE"
              },
              {
                "image_id": "ocid1.image.oc1.ap-singapore-1.aaaaaaaa6sof7jlfkqs532vr3cvifxkxsincyyx6viekeqppm7gzss4kqnqq",
                "source_name": "Oracle-Linux-8.10-aarch64-2025.10.23-0",
                "source_type": "IMAGE"
              },
              {
                "image_id": "ocid1.image.oc1.ap-singapore-1.aaaaaaaakbrahkr2wof2vxccapbwrdfjusbgeri4icdiubeotylrcjhvamoq",
                "source_name": "Oracle-Linux-8.10-Gen2-GPU-2026.01.29-0",
                "source_type": "IMAGE"
              },
              {
                "image_id": "ocid1.image.oc1.ap-singapore-1.aaaaaaaaagjl2erh663y2oplr2u563c5uwjn42qcr5bwkdtcveofvqnsx3tq",
                "source_name": "Oracle-Linux-8.10-Gen2-GPU-2025.11.20-0",
                "source_type": "IMAGE"
              },
              {
                "image_id": "ocid1.image.oc1.ap-singapore-1.aaaaaaaatsfccgkjrjtiknpzs6ogxx5phftn5iiao5ljirrdt73ijhrs6jha",
                "source_name": "Oracle-Linux-8.10-Gen2-GPU-2025.10.23-0",
                "source_type": "IMAGE"
              },
              {
                "image_id": "ocid1.image.oc1.ap-singapore-1.aaaaaaaaqfl7a3cqej7kdcr3mqwhgjaeecdnwmzrhtqy6gszu7twsb3j2iwa",
                "source_name": "Oracle-Linux-8.10-Gen2-AMD-GPU-2025.08.31-0",
                "source_type": "IMAGE"
              },
              {
                "image_id": "ocid1.image.oc1.ap-singapore-1.aaaaaaaapekb3coau3jndpbf6e3tjka7tgw6fdrolcmv7r7km5kqnywfgl7a",
                "source_name": "Oracle-Linux-8.10-Gen2-AMD-GPU-2024.08.31-0",
                "source_type": "IMAGE"
              },
              {
                "image_id": "ocid1.image.oc1.ap-singapore-1.aaaaaaaagprflp6eskrzius44wz54sye5bpppo37xwa57jiruylujdg3qfna",
                "source_name": "Oracle-Linux-8.10-2026.01.29-0",
                "source_type": "IMAGE"
              },
              {
                "image_id": "ocid1.image.oc1.ap-singapore-1.aaaaaaaady4l5sdlknmez3bs2kn6r3moerkaukfgmnp5jqvs4epjmowmxy3q",
                "source_name": "Oracle-Linux-8.10-2025.11.20-0",
                "source_type": "IMAGE"
              },
              {
                "image_id": "ocid1.image.oc1.ap-singapore-1.aaaaaaaadzepqj4g76puacv55znfrh56fzjorevtgpelhxcdzcpnpslhqk4q",
                "source_name": "Oracle-Linux-8.10-2025.10.23-0",
                "source_type": "IMAGE"
              },
              {
                "image_id": "ocid1.image.oc1.ap-singapore-1.aaaaaaaa3ypde65cgsmaeep33i4vdvoviyqajiuekysflseuyqj7qhu6b5wa",
                "source_name": "Oracle-Linux-7.9-aarch64-2024.11.30-0",
                "source_type": "IMAGE"
              },
              {
                "image_id": "ocid1.image.oc1.ap-singapore-1.aaaaaaaaqq4kmevdtqo2cnua63q52374mxfalargt5rugy5r4f7swa3za3zq",
                "source_name": "Oracle-Linux-7.9-aarch64-2024.10.31-0",
                "source_type": "IMAGE"
              },
              {
                "image_id": "ocid1.image.oc1.ap-singapore-1.aaaaaaaaskhuafekekat4j7xnq6u5hvyau4vpefeg5si3dspspo7b5kup26q",
                "source_name": "Oracle-Linux-7.9-aarch64-2024.09.30-0",
                "source_type": "IMAGE"
              },
              {
                "image_id": "ocid1.image.oc1.ap-singapore-1.aaaaaaaauz3js62wtwh6oi6qmllzn7c2rvp2jhqfjzt3vuspgzr7wbqdpqmq",
                "source_name": "Oracle-Linux-7.9-Gen2-GPU-2025.07.21-0",
                "source_type": "IMAGE"
              },
              {
                "image_id": "ocid1.image.oc1.ap-singapore-1.aaaaaaaaneugn6ui4wtvnh6qgq665ellxz2wg5tdakvdvtqnnwkouwc2ewqa",
                "source_name": "Oracle-Linux-7.9-Gen2-GPU-2025.01.31-0",
                "source_type": "IMAGE"
              },
              {
                "image_id": "ocid1.image.oc1.ap-singapore-1.aaaaaaaaj42pjpinjsoaimttivu2hq7prrdh6o4dyefl3gpbyqe67haxjnmq",
                "source_name": "Oracle-Linux-7.9-Gen2-GPU-2024.11.30-0",
                "source_type": "IMAGE"
              },
              {
                "image_id": "ocid1.image.oc1.ap-singapore-1.aaaaaaaaeigivilmwpct4gdbkh7qh62eyobzia4jetfktmnqtp4abxkxbcia",
                "source_name": "Oracle-Linux-7.9-2025.10.23-0",
                "source_type": "IMAGE"
              },
              {
                "image_id": "ocid1.image.oc1.ap-singapore-1.aaaaaaaavarmf6wqtrrlt6f3udrbw3pewhklbvtfjxtgo2nzalbj3c7p3pca",
                "source_name": "Oracle-Linux-7.9-2025.07.21-0",
                "source_type": "IMAGE"
              },
              {
                "image_id": "ocid1.image.oc1.ap-singapore-1.aaaaaaaaeobky7ofslq4nj5zbmx2eoy7ee7fuxma23xwzhs4nsmydvoevata",
                "source_name": "Oracle-Linux-7.9-2025.04.16-0",
                "source_type": "IMAGE"
              }
            ]
          },
          "sensitive_attributes": []
        }
      ]
    },
    {
      "mode": "data",
      "type": "oci_core_images",
      "name": "ol8_images",
      "provider": "provider[\"registry.terraform.io/oracle/oci\"]",
      "instances": [
        {
          "schema_version": 0,
          "attributes": {
            "compartment_id": "ocid1.tenancy.oc1..aaaaaaaafmttsfo7ogtmmtbqi7mwomlji2hn44dyj4dwtvd7xgm236beottq",
            "display_name": null,
            "filter": null,
            "id": "CoreImagesDataSource-268790997",
            "images": [
              {
                "agent_features": [],
                "base_image_id": "",
                "billable_size_in_gbs": "6",
                "compartment_id": "",
                "create_image_allowed": true,
                "defined_tags": {},
                "display_name": "Oracle-Linux-8.10-2026.01.29-0",
                "freeform_tags": {},
                "id": "ocid1.image.oc1.ap-singapore-1.aaaaaaaagprflp6eskrzius44wz54sye5bpppo37xwa57jiruylujdg3qfna",
                "image_source_details": [],
                "instance_id": "",
                "launch_mode": "NATIVE",
                "launch_options": [
                  {
                    "boot_volume_type": "PARAVIRTUALIZED",
                    "firmware": "UEFI_64",
                    "is_consistent_volume_naming_enabled": true,
                    "is_pv_encryption_in_transit_enabled": true,
                    "network_type": "PARAVIRTUALIZED",
                    "remote_data_volume_type": "PARAVIRTUALIZED"
                  }
                ],
                "listing_type": "",
                "operating_system": "Oracle Linux",
                "operating_system_version": "8",
                "size_in_mbs": "47719",
                "state": "AVAILABLE",
                "time_created": "2026-02-06 03:33:35.894 +0000 UTC"
              },
              {
                "agent_features": [],
                "base_image_id": "",
                "billable_size_in_gbs": "6",
                "compartment_id": "",
                "create_image_allowed": true,
                "defined_tags": {},
                "display_name": "Oracle-Linux-8.10-2025.11.20-0",
                "freeform_tags": {},
                "id": "ocid1.image.oc1.ap-singapore-1.aaaaaaaady4l5sdlknmez3bs2kn6r3moerkaukfgmnp5jqvs4epjmowmxy3q",
                "image_source_details": [],
                "instance_id": "",
                "launch_mode": "NATIVE",
                "launch_options": [
                  {
                    "boot_volume_type": "PARAVIRTUALIZED",
                    "firmware": "UEFI_64",
                    "is_consistent_volume_naming_enabled": true,
                    "is_pv_encryption_in_transit_enabled": true,
                    "network_type": "PARAVIRTUALIZED",
                    "remote_data_volume_type": "PARAVIRTUALIZED"
                  }
                ],
                "listing_type": "",
                "operating_system": "Oracle Linux",
                "operating_system_version": "8",
                "size_in_mbs": "47719",
                "state": "AVAILABLE",
                "time_created": "2025-12-08 06:53:59.939 +0000 UTC"
              },
              {
                "agent_features": [],
                "base_image_id": "",
                "billable_size_in_gbs": "6",
                "compartment_id": "",
                "create_image_allowed": true,
                "defined_tags": {},
                "display_name": "Oracle-Linux-8.10-2025.10.23-0",
                "freeform_tags": {},
                "id": "ocid1.image.oc1.ap-singapore-1.aaaaaaaadzepqj4g76puacv55znfrh56fzjorevtgpelhxcdzcpnpslhqk4q",
                "image_source_details": [],
                "instance_id": "",
                "launch_mode": "NATIVE",
                "launch_options": [
                  {
                    "boot_volume_type": "PARAVIRTUALIZED",
                    "firmware": "UEFI_64",
                    "is_consistent_volume_naming_enabled": true,
                    "is_pv_encryption_in_transit_enabled": true,
                    "network_type": "PARAVIRTUALIZED",
                    "remote_data_volume_type": "PARAVIRTUALIZED"
                  }
                ],
                "listing_type": "",
                "operating_system": "Oracle Linux",
                "operating_system_version": "8",
                "size_in_mbs": "47719",
                "state": "AVAILABLE",
                "time_created": "2025-11-10 05:53:54.34 +0000 UTC"
              }
            ],
            "operating_system": "Oracle Linux",
            "operating_system_version": "8",
            "shape": "VM.Standard.E3.Flex",
            "sort_by": "TIMECREATED",
            "sort_order": "DESC",
            "state": null
          },
          "sensitive_attributes": []
        }
      ]
    },
    {
      "mode": "data",
      "type": "oci_core_instances",
      "name": "debug_nodes",
      "provider": "provider[\"registry.terraform.io/oracle/oci\"]",
      "instances": [
        {
          "schema_version": 0,
          "attributes": {
            "availability_domain": null,
            "capacity_reservation_id": null,
            "compartment_id": "ocid1.tenancy.oc1..aaaaaaaafmttsfo7ogtmmtbqi7mwomlji2hn44dyj4dwtvd7xgm236beottq",
            "compute_cluster_id": null,
            "display_name": null,
            "filter": null,
            "id": "CoreInstancesDataSource-778747928",
            "instances": [
              {
                "agent_config": [
                  {
                    "are_all_plugins_disabled": false,
                    "is_management_disabled": false,
                    "is_monitoring_disabled": false,
                    "plugins_config": []
                  }
                ],
                "async": false,
                "availability_config": [
                  {
                    "is_live_migration_preferred": false,
                    "recovery_action": "RESTORE_INSTANCE"
                  }
                ],
                "availability_domain": "CpAD:AP-SINGAPORE-1-AD-1",
                "boot_volume_id": "",
                "capacity_reservation_id": "",
                "cluster_placement_group_id": "",
                "compartment_id": "ocid1.tenancy.oc1..aaaaaaaafmttsfo7ogtmmtbqi7mwomlji2hn44dyj4dwtvd7xgm236beottq",
                "compute_cluster_id": "",
                "create_vnic_details": [],
                "dedicated_vm_host_id": "",
                "defined_tags": {
                  "Oracle-Tags.CreatedBy": "default/ceo@taskirsview.com",
                  "Oracle-Tags.CreatedOn": "2026-02-15T13:37:35.954Z"
                },
                "display_name": "debug-node-instance",
                "extended_metadata": {},
                "fault_domain": "FAULT-DOMAIN-3",
                "freeform_tags": {},
                "hostname_label": "",
                "id": "ocid1.instance.oc1.ap-singapore-1.anzwsljrsfo24uicrl4gdbxhuyel2ympzhvdus7mzhvl44y42hp4r6ow43ra",
                "image": "ocid1.image.oc1.ap-singapore-1.aaaaaaaap46mzk6dir2xmap2hc5ydscwzcggusasdxgkh77be3q2nhdre4nq",
                "instance_configuration_id": "",
                "instance_options": [
                  {
                    "are_legacy_imds_endpoints_disabled": false
                  }
                ],
                "ipxe_script": "",
                "is_ai_enterprise_enabled": false,
                "is_cross_numa_node": false,
                "is_pv_encryption_in_transit_enabled": false,
                "launch_mode": "PARAVIRTUALIZED",
                "launch_options": [
                  {
                    "boot_volume_type": "PARAVIRTUALIZED",
                    "firmware": "UEFI_64",
                    "is_consistent_volume_naming_enabled": true,
                    "is_pv_encryption_in_transit_enabled": false,
                    "network_type": "PARAVIRTUALIZED",
                    "remote_data_volume_type": "PARAVIRTUALIZED"
                  }
                ],
                "launch_volume_attachments": [],
                "licensing_configs": [],
                "metadata": {
                  "ssh_authorized_keys": "ssh-rsa AAAAB3NzaC1yc2EAAAADAQABAAABAQC2Kutag9jwtdy839XBeMFmDLQ6/lAn/3A6M39L8sgHW7WYUPaNfJwof36f02qVEfR+dPzMoFixOQRfg6/ERfk9CVOPrL/lRXy5g5UD1319PonyplhkGzoOEybinOv1CVZbWzy8We+LDynZ8VCdo7mYuTpy6xGjv3KYU/sNhGe1ftgeB8HAnZFAS36E8o338c8TnXQ3XmUY16QPWFCqJCoFRXJpg9HJmDsa76Q+dmEoUD4LEZxnc7fK3w+mPRBV7hGHQqt9lMdpmbi87+KHWbUhFmy395qDq3e8f2fzXuQsoUTBimIt4oHKThMwrczPN8homtHnApnjXy3UauXUZBSf\n"
                },
                "placement_constraint_details": [],
                "platform_config": [],
                "preemptible_instance_config": [],
                "preserve_boot_volume": false,
                "preserve_data_volumes_created_at_launch": false,
                "private_ip": "",
                "public_ip": "",
                "region": "ap-singapore-1",
                "security_attributes": {},
                "security_attributes_state": "STABLE",
                "shape": "VM.Standard.E3.Flex",
                "shape_config": [
                  {
                    "baseline_ocpu_utilization": "",
                    "gpu_description": "",
                    "gpus": 0,
                    "local_disk_description": "",
                    "local_disks": 0,
                    "local_disks_total_size_in_gbs": 0,
                    "max_vnic_attachments": 2,
                    "memory_in_gbs": 8,
                    "networking_bandwidth_in_gbps": 2,
                    "nvmes": 0,
                    "ocpus": 2,
                    "processor_description": "2.25 GHz AMD EPYC™ 7742 (Rome)",
                    "resource_management": "",
                    "vcpus": 4
                  }
                ],
                "source_details": [
                  {
                    "boot_volume_size_in_gbs": "",
                    "boot_volume_vpus_per_gb": "10",
                    "instance_source_image_filter_details": [],
                    "is_preserve_boot_volume_enabled": false,
                    "kms_key_id": "",
                    "source_id": "ocid1.image.oc1.ap-singapore-1.aaaaaaaap46mzk6dir2xmap2hc5ydscwzcggusasdxgkh77be3q2nhdre4nq",
                    "source_type": "image"
                  }
                ],
                "state": "RUNNING",
                "subnet_id": "",
                "system_tags": {},
                "time_created": "2026-02-15 13:37:36.478 +0000 UTC",
                "time_maintenance_reboot_due": "",
                "update_operation_constraint": ""
              },
              {
                "agent_config": [
                  {
                    "are_all_plugins_disabled": false,
                    "is_management_disabled": false,
                    "is_monitoring_disabled": false,
                    "plugins_config": []
                  }
                ],
                "async": false,
                "availability_config": [
                  {
                    "is_live_migration_preferred": false,
                    "recovery_action": "RESTORE_INSTANCE"
                  }
                ],
                "availability_domain": "CpAD:AP-SINGAPORE-1-AD-1",
                "boot_volume_id": "",
                "capacity_reservation_id": "",
                "cluster_placement_group_id": "",
                "compartment_id": "ocid1.tenancy.oc1..aaaaaaaafmttsfo7ogtmmtbqi7mwomlji2hn44dyj4dwtvd7xgm236beottq",
                "compute_cluster_id": "",
                "create_vnic_details": [],
                "dedicated_vm_host_id": "",
                "defined_tags": {
                  "Oracle-Tags.CreatedBy": "ocid1.nodepool.oc1.ap-singapore-1.aaaaaaaak762rxnbsuzw5gz4k22lscyrddn54s2cf37bqoyzdng2p7sur36a",
                  "Oracle-Tags.CreatedOn": "2026-02-15T06:37:49.370Z"
                },
                "display_name": "oke-cdzaz6nl3vq-ng2p7sur36a-sjbo7ckwh7a-0",
                "extended_metadata": {},
                "fault_domain": "FAULT-DOMAIN-1",
                "freeform_tags": {},
                "hostname_label": "",
                "id": "ocid1.instance.oc1.ap-singapore-1.anzwsljrsfo24uic4uwhucf56bd2jykyawzptcgsowmfjiltogi4wo56wgga",
                "image": "ocid1.image.oc1.ap-singapore-1.aaaaaaaap46mzk6dir2xmap2hc5ydscwzcggusasdxgkh77be3q2nhdre4nq",
                "instance_configuration_id": "",
                "instance_options": [
                  {
                    "are_legacy_imds_endpoints_disabled": false
                  }
                ],
                "ipxe_script": "",
                "is_ai_enterprise_enabled": false,
                "is_cross_numa_node": false,
                "is_pv_encryption_in_transit_enabled": false,
                "launch_mode": "PARAVIRTUALIZED",
                "launch_options": [
                  {
                    "boot_volume_type": "PARAVIRTUALIZED",
                    "firmware": "UEFI_64",
                    "is_consistent_volume_naming_enabled": true,
                    "is_pv_encryption_in_transit_enabled": false,
                    "network_type": "PARAVIRTUALIZED",
                    "remote_data_volume_type": "PARAVIRTUALIZED"
                  }
                ],
                "launch_volume_attachments": [],
                "licensing_configs": [],
                "metadata": {
                  "ansible_args": "eyJjbHVzdGVyX2lkIjoiY2R6YXo2bmwzdnEiLCJrOHNfYXBpc2VydmVyX2FkZHIiOiIxMC4wLjEuOTgiLCJrOHNfYXBpc2VydmVyX3BvcnQiOiI2NDQzIiwiZmxhbm5lbF9ldGNkX2NhX2NlcnQiOiItLS0tLUJFR0lOIENFUlRJRklDQVRFLS0tLS1cbk1JSURpRENDQW5DZ0F3SUJBZ0lRTXU1dVFLTUZONXRXR1d4eDZjTS8vekFOQmdrcWhraUc5dzBCQVFzRkFEQmVcbk1ROHdEUVlEVlFRRERBWkxPSE1nUTBFeEN6QUpCZ05WQkFZVEFsVlRNUTh3RFFZRFZRUUhEQVpCZFhOMGFXNHhcbkR6QU5CZ05WQkFvTUJrOXlZV05zWlRFTU1Bb0dBMVVFQ3d3RFQyTnBNUTR3REFZRFZRUUlEQVZVWlhoaGN6QWVcbkZ3MHlOakF5TVRRd09UVTFOVFJhRncwek1UQXlNVFF3T1RVMU5UUmFNRjR4RHpBTkJnTlZCQU1NQmtzNGN5QkRcblFURUxNQWtHQTFVRUJoTUNWVk14RHpBTkJnTlZCQWNNQmtGMWMzUnBiakVQTUEwR0ExVUVDZ3dHVDNKaFkyeGxcbk1Rd3dDZ1lEVlFRTERBTlBZMmt4RGpBTUJnTlZCQWdNQlZSbGVHRnpNSUlCSWpBTkJna3Foa2lHOXcwQkFRRUZcbkFBT0NBUThBTUlJQkNnS0NBUUVBeVN5Ni9hekgyNTBjN1VXSnNTSmoxRFN5ZU84aGJaVFR1Rk9UZUJQemwvMkNcbnpUU2o1ZjlHL0tPeUQ4NUkrTkwvSmVUTUR5U1U1dVBoVE5xa3h3SWUzVUNoeFVqUjZPWk5ZSC90OElDU0xza3VcbnovNGxKQmlEWEtvemIyOEtkTXVGQkhZZDJNZ084aUg5QldRWmc1UzNBaVRmdjl6bytsMG90ZU8zN0tDWEthK0dcblVXeERDcDVrcjlLVjMvd0x5bStmMEZPRXVrd08xZXNnVytwU290L0JkRjlEdXpKNng1UitBTUwyVjJpbjNwbmtcbkgreFFJZnlzbDdHeGNENVJadEhjNjl4NjF5ZjdZd0NYa3ZJZkovcTNiK1greW1xYy9KZUJpTXAzTWprbTNCY21cbm5qcDVCL2FjZERHQlJwVWxEcEZmYjIrNVZLRWpPdFJoMFpHK1czSXFvUUlEQVFBQm8wSXdRREFQQmdOVkhSTUJcbkFmOEVCVEFEQVFIL01BNEdBMVVkRHdFQi93UUVBd0lCQmpBZEJnTlZIUTRFRmdRVW5tT1NKcU9ZVW9DVUE5RnZcbkZnbDlwTjBTYyswd0RRWUpLb1pJaHZjTkFRRUxCUUFEZ2dFQkFHYjFUTWlJK250SDU3MEVBclQxU2dzZ21jM0dcbndEWndGUlhuei92cjVYb3IrK1FJMHFDcXpRTXl0TS9CWjdMTnVTTjA4VzVDeG9rTjdGbkpDTDhMVDhScGJvM1BcbjdRbDVBdkhlZ2hOOE01NHZyTWsxRmppdmVSTUJ3SzFuaUlrUFVoaHNya1VhVzNCV0trR2c3NC9Hb3dXYW9SWEVcbmJrWXo0dW5oeVFPTzcvNHY0Z2ptRWppQTFDdlduOHVSYzAvZ2pJa0ZoemNQajc3WUg5NzhiZ20yOEU5YjNHcXhcblBhY2ptbk5ua1E0Q0VUVmZnc09wdlhSZ1RkT09La0RNK1FvdzFtZDB3ZHBiamxDbVl3WlVUdFQ5KzllUG5Yc2pcbm5GOTh1cTZEdmcrS3ZObEwwWVEwRGttamdIb08xT0RDSm5xMWpoa0cvY1FtZkpMSmVYUGY0Ty9SbGVRPVxuLS0tLS1FTkQgQ0VSVElGSUNBVEUtLS0tLVxuXG4iLCJrdWJlZG5zX3N2Y19pcCI6IjEwLjk2LjUuNSIsInRtX2lkIjoib2tlIiwia3ViZWxldF9jbGllbnRfY2EiOiItLS0tLUJFR0lOIENFUlRJRklDQVRFLS0tLS1cbk1JSURpRENDQW5DZ0F3SUJBZ0lRTXU1dVFLTUZONXRXR1d4eDZjTS8vekFOQmdrcWhraUc5dzBCQVFzRkFEQmVcbk1ROHdEUVlEVlFRRERBWkxPSE1nUTBFeEN6QUpCZ05WQkFZVEFsVlRNUTh3RFFZRFZRUUhEQVpCZFhOMGFXNHhcbkR6QU5CZ05WQkFvTUJrOXlZV05zWlRFTU1Bb0dBMVVFQ3d3RFQyTnBNUTR3REFZRFZRUUlEQVZVWlhoaGN6QWVcbkZ3MHlOakF5TVRRd09UVTFOVFJhRncwek1UQXlNVFF3T1RVMU5UUmFNRjR4RHpBTkJnTlZCQU1NQmtzNGN5QkRcblFURUxNQWtHQTFVRUJoTUNWVk14RHpBTkJnTlZCQWNNQmtGMWMzUnBiakVQTUEwR0ExVUVDZ3dHVDNKaFkyeGxcbk1Rd3dDZ1lEVlFRTERBTlBZMmt4RGpBTUJnTlZCQWdNQlZSbGVHRnpNSUlCSWpBTkJna3Foa2lHOXcwQkFRRUZcbkFBT0NBUThBTUlJQkNnS0NBUUVBeVN5Ni9hekgyNTBjN1VXSnNTSmoxRFN5ZU84aGJaVFR1Rk9UZUJQemwvMkNcbnpUU2o1ZjlHL0tPeUQ4NUkrTkwvSmVUTUR5U1U1dVBoVE5xa3h3SWUzVUNoeFVqUjZPWk5ZSC90OElDU0xza3VcbnovNGxKQmlEWEtvemIyOEtkTXVGQkhZZDJNZ084aUg5QldRWmc1UzNBaVRmdjl6bytsMG90ZU8zN0tDWEthK0dcblVXeERDcDVrcjlLVjMvd0x5bStmMEZPRXVrd08xZXNnVytwU290L0JkRjlEdXpKNng1UitBTUwyVjJpbjNwbmtcbkgreFFJZnlzbDdHeGNENVJadEhjNjl4NjF5ZjdZd0NYa3ZJZkovcTNiK1greW1xYy9KZUJpTXAzTWprbTNCY21cbm5qcDVCL2FjZERHQlJwVWxEcEZmYjIrNVZLRWpPdFJoMFpHK1czSXFvUUlEQVFBQm8wSXdRREFQQmdOVkhSTUJcbkFmOEVCVEFEQVFIL01BNEdBMVVkRHdFQi93UUVBd0lCQmpBZEJnTlZIUTRFRmdRVW5tT1NKcU9ZVW9DVUE5RnZcbkZnbDlwTjBTYyswd0RRWUpLb1pJaHZjTkFRRUxCUUFEZ2dFQkFHYjFUTWlJK250SDU3MEVBclQxU2dzZ21jM0dcbndEWndGUlhuei92cjVYb3IrK1FJMHFDcXpRTXl0TS9CWjdMTnVTTjA4VzVDeG9rTjdGbkpDTDhMVDhScGJvM1BcbjdRbDVBdkhlZ2hOOE01NHZyTWsxRmppdmVSTUJ3SzFuaUlrUFVoaHNya1VhVzNCV0trR2c3NC9Hb3dXYW9SWEVcbmJrWXo0dW5oeVFPTzcvNHY0Z2ptRWppQTFDdlduOHVSYzAvZ2pJa0ZoemNQajc3WUg5NzhiZ20yOEU5YjNHcXhcblBhY2ptbk5ua1E0Q0VUVmZnc09wdlhSZ1RkT09La0RNK1FvdzFtZDB3ZHBiamxDbVl3WlVUdFQ5KzllUG5Yc2pcbm5GOTh1cTZEdmcrS3ZObEwwWVEwRGttamdIb08xT0RDSm5xMWpoa0cvY1FtZkpMSmVYUGY0Ty9SbGVRPVxuLS0tLS1FTkQgQ0VSVElGSUNBVEUtLS0tLVxuXG4iLCJwcm94eW11eF9zZXJ2ZXJfcG9ydCI6IjEyMjUwIn0=",
                  "bootstrap-kubelet-conf": "YXBpVmVyc2lvbjogdjEKY2x1c3RlcnM6Ci0gY2x1c3RlcjoKICAgIGNlcnRpZmljYXRlLWF1dGhvcml0eS1kYXRhOiBMUzB0TFMxQ1JVZEpUaUJEUlZKVVNVWkpRMEZVUlMwdExTMHRDazFKU1VScFJFTkRRVzVEWjBGM1NVSkJaMGxSVFhVMWRWRkxUVVpPTlhSWFIxZDRlRFpqVFM4dmVrRk9RbWRyY1docmFVYzVkekJDUVZGelJrRkVRbVVLVFZFNGQwUlJXVVJXVVZGRVJFRmFURTlJVFdkUk1FVjRRM3BCU2tKblRsWkNRVmxVUVd4V1ZFMVJPSGRFVVZsRVZsRlJTRVJCV2tKa1dFNHdZVmMwZUFwRWVrRk9RbWRPVmtKQmIwMUNhemw1V1ZkT2MxcFVSVTFOUVc5SFFURlZSVU4zZDBSVU1rNXdUVkUwZDBSQldVUldVVkZKUkVGV1ZWcFlhR2hqZWtGbENrWjNNSGxPYWtGNVRWUlJkMDlVVlRGT1ZGSmhSbmN3ZWsxVVFYbE5WRkYzVDFSVk1VNVVVbUZOUmpSNFJIcEJUa0puVGxaQ1FVMU5RbXR6TkdONVFrUUtVVlJGVEUxQmEwZEJNVlZGUW1oTlExWldUWGhFZWtGT1FtZE9Wa0pCWTAxQ2EwWXhZek5TY0dKcVJWQk5RVEJIUVRGVlJVTm5kMGRVTTBwb1dUSjRiQXBOVVhkM1EyZFpSRlpSVVV4RVFVNVFXVEpyZUVScVFVMUNaMDVXUWtGblRVSldVbXhsUjBaNlRVbEpRa2xxUVU1Q1oydHhhR3RwUnpsM01FSkJVVVZHQ2tGQlQwTkJVVGhCVFVsSlFrTm5TME5CVVVWQmVWTjVOaTloZWtneU5UQmpOMVZYU25OVFNtb3hSRk41WlU4NGFHSmFWRlIxUms5VVpVSlFlbXd2TWtNS2VsUlRhalZtT1VjdlMwOTVSRGcxU1N0T1RDOUtaVlJOUkhsVFZUVjFVR2hVVG5GcmVIZEpaVE5WUTJoNFZXcFNOazlhVGxsSUwzUTRTVU5UVEhOcmRRcDZMelJzU2tKcFJGaExiM3BpTWpoTFpFMTFSa0pJV1dReVRXZFBPR2xJT1VKWFVWcG5OVk16UVdsVVpuWTVlbThyYkRCdmRHVlBNemRMUTFoTFlTdEhDbFZYZUVSRGNEVnJjamxMVmpNdmQweDViU3RtTUVaUFJYVnJkMDh4WlhOblZ5dHdVMjkwTDBKa1JqbEVkWHBLTm5nMVVpdEJUVXd5VmpKcGJqTndibXNLU0N0NFVVbG1lWE5zTjBkNFkwUTFVbHAwU0dNMk9YZzJNWGxtTjFsM1ExaHJka2xtU2k5eE0ySXJXQ3Q1YlhGakwwcGxRbWxOY0ROTmFtdHRNMEpqYlFwdWFuQTFRaTloWTJSRVIwSlNjRlZzUkhCR1ptSXlLelZXUzBWcVQzUlNhREJhUnl0WE0wbHhiMUZKUkVGUlFVSnZNRWwzVVVSQlVFSm5UbFpJVWsxQ0NrRm1PRVZDVkVGRVFWRklMMDFCTkVkQk1WVmtSSGRGUWk5M1VVVkJkMGxDUW1wQlpFSm5UbFpJVVRSRlJtZFJWVzV0VDFOS2NVOVpWVzlEVlVFNVJuWUtSbWRzT1hCT01GTmpLekIzUkZGWlNrdHZXa2xvZG1OT1FWRkZURUpSUVVSblowVkNRVWRpTVZSTmFVa3JiblJJTlRjd1JVRnlWREZUWjNObmJXTXpSd3AzUkZwM1JsSllibm92ZG5JMVdHOXlLeXRSU1RCeFEzRjZVVTE1ZEUwdlFsbzNURTUxVTA0d09GYzFRM2h2YTA0M1JtNUtRMHc0VEZRNFVuQmliek5RQ2pkUmJEVkJka2hsWjJoT09FMDFOSFp5VFdzeFJtcHBkbVZTVFVKM1N6RnVhVWxyVUZWb2FITnlhMVZoVnpOQ1YwdHJSMmMzTkM5SGIzZFhZVzlTV0VVS1ltdFplalIxYm1oNVVVOVBOeTgwZGpSbmFtMUZhbWxCTVVOMlYyNDRkVkpqTUM5bmFrbHJSbWg2WTFCcU56ZFpTRGszT0dKbmJUSTRSVGxpTTBkeGVBcFFZV05xYlc1T2JtdFJORU5GVkZabVozTlBjSFpZVW1kVVpFOVBTMnRFVFN0UmIzY3hiV1F3ZDJSd1ltcHNRMjFaZDFwVlZIUlVPU3M1WlZCdVdITnFDbTVHT1RoMWNUWkVkbWNyUzNaT2JFd3dXVkV3Ukd0dGFtZEliMDh4VDBSRFNtNXhNV3BvYTBjdlkxRnRaa3BNU21WWVVHWTBUeTlTYkdWUlBRb3RMUzB0TFVWT1JDQkRSVkpVU1VaSlEwRlVSUzB0TFMwdENnbz0KICAgIHNlcnZlcjogaHR0cHM6Ly8xMC4wLjEuOTg6NjQ0MwogIG5hbWU6IGJvb3RzdHJhcApjb250ZXh0czoKLSBjb250ZXh0OgogICAgY2x1c3RlcjogYm9vdHN0cmFwCiAgICB1c2VyOiBib290c3RyYXAKICBuYW1lOiBib290c3RyYXAKY3VycmVudC1jb250ZXh0OiBib290c3RyYXAKa2luZDogQ29uZmlnCnByZWZlcmVuY2VzOiB7fQp1c2VyczoKLSBuYW1lOiBib290c3RyYXAKICB1c2VyOgogICAgdG9rZW46IDNpZXljei4wMWttMmN0b2Uwd25iMng4Cg==",
                  "inventory_tmpl": "[tkm-minions]\nlocalhost initial_node_labels=oci.oraclecloud.com/node.info.managed=true node_is_on_private_subnet={NODE_IS_ON_PRIVATE_SUBNET} nodeid_suffix={NODE_SUFFIX} shape=VM.Standard.E3.Flex ansible_user=opc tenancyid=ocid1.tenancy.oc1..aaaaaaaafmttsfo7ogtmmtbqi7mwomlji2hn44dyj4dwtvd7xgm236beottq compartmentid_prefix=ocid1.tenancy.oc1 k8s_kubelet_hostname={K8S_KUBELET_HOSTNAME} region_key=SIN ansible_connection=local public_ipaddress={PUBLIC_IP} zone=CpAD:AP-SINGAPORE-1-AD-1 k8s_version=v1.31.10 displayname=oke-cdzaz6nl3vq-ng2p7sur36a-sjbo7ckwh7a-0 compartmentname=ceo86 nodeid_prefix={NODE_PREFIX} region_name=ap-singapore-1 ta_version={TA_VERSION} region=ap-singapore-1 compartmentid_suffix=aaaaaaaafmttsfo7ogtmmtbqi7mwomlji2hn44dyj4dwtvd7xgm236beottq private_ipaddress={PRIVATE_IP}\n",
                  "ip-families": "IPv4",
                  "oci_tld": "oraclecloud.com",
                  "oke-ad": "CpAD:AP-SINGAPORE-1-AD-1",
                  "oke-cluster-display-name": "taskir-oke-cluster",
                  "oke-cluster-id": "ocid1.cluster.oc1.ap-singapore-1.aaaaaaaadffnzoagk52xoxknh5umd377dhjh5bt4r45wvb2avcdzaz6nl3vq",
                  "oke-cluster-label": "cdzaz6nl3vq",
                  "oke-compartment-name": "ceo86",
                  "oke-image-name": "Oracle-Linux-8.10-2025.09.16-0-OKE-1.31.10-1330",
                  "oke-initial-node-labels": "oci.oraclecloud.com/node.info.managed=true",
                  "oke-is-cloud-init": "true",
                  "oke-is-on-private-subnet": "false",
                  "oke-is-onsr": "false",
                  "oke-is-preemptible": "false",
                  "oke-is-private-worker": "true",
                  "oke-k8version": "v1.31.10",
                  "oke-node-package-node-all-version": "oci-oke-node-all-1.31.10*",
                  "oke-pool-id": "ocid1.nodepool.oc1.ap-singapore-1.aaaaaaaak762rxnbsuzw5gz4k22lscyrddn54s2cf37bqoyzdng2p7sur36a",
                  "oke-pool-label": "ng2p7sur36a",
                  "oke-preconfigured-vnics": "false",
                  "oke-slot": "0",
                  "oke-subnet-label": "sjbo7ckwh7a",
                  "oke-tenancy-id": "ocid1.tenancy.oc1..aaaaaaaafmttsfo7ogtmmtbqi7mwomlji2hn44dyj4dwtvd7xgm236beottq",
                  "oke-tm": "oke",
                  "oke_artifact_signing_key": "-----BEGIN PUBLIC KEY-----\nMIICIjANBgkqhkiG9w0BAQEFAAOCAg8AMIICCgKCAgEA6byaA2n422JumfKQf90Q\nlpI9zderJ5duw6kWA1AwVCB4A+oEFrD1stJB+BUkCK+xML3iyVGuwm7LeMm1r5zL\nRlXb/rm9aqtNl164O5rHlcerH+bJD+83JKD7RP38+IkFes8PehI0OcrRLXe678vH\ny8FqCKTv9oZ32rgzHmYlWLxDBzIHJBL+0DkLB3OjOog69DvJsF8/IfbpZyypIjba\nbDrytAqThsEA1lJq99vzrIWhnImUUfUFfGElasiL7yqLFqgJwtjFstnJCpZdRdVV\noVRl93DUem8MQIkSfXisTVAKBw6n/FU7M2jrfR8jXswAQXLuKoTBv9Hoa8oy+FFc\nTSR989WNliip/oDUJrMDTxUC7Ihb1dRyZuZcS82LhjfWMQx2WhVYo7+wlo3WKDJ/\nnSYVs4NBzFS114iriRFxa0v+C7Z3lehbOyLm4Rrs4PQXhio6dJLMLVxX+kEWXZb8\nxQwJWkniS3YlzaK+JP8gRyrkSUgRutbdBjkZ93UtEn5OrSqCPTmHWXxk6mJJoJUY\ngUzZ1xfxRSgfRv1iwOGPb9njhvnBiHiAv+lB0Y7bGBdRkJvzwwTPOcogB+o0ddr6\n9/LUPM71YX5unTUGW5iwMC+FdGPDwPIzsSHfoY6hw54sag78gKV8pH/XH2rUodny\n1JHqS7CXJ69UusbDDYUbqyMCAwEAAQ==\n-----END PUBLIC KEY-----\n",
                  "oke_init_script": "IyEvdXNyL2Jpbi9lbnYgYmFzaApzZXQgLXgKc2V0IC1lCnNldCAtbyBwaXBlZmFpbAoKdjFfc2hhX2ZpbGU9ImFuc2libGUtcGxheWJvb2stMS43MC4wLWQxODcxZDkxNjAwYWVhMzc2ZDAwMGY4NGZiYzE3YjhiYjI5YTZjNmQtMS50Z3ouc2hhMjU2Igp2Ml9zaGFfZmlsZT0kKGVjaG8gImFuc2libGUtcGxheWJvb2stMS43MC4wLWQxODcxZDkxNjAwYWVhMzc2ZDAwMGY4NGZiYzE3YjhiYjI5YTZjNmQtMS50Z3oiIHwgc2VkICdzL1wudGd6Ly12MlwudGd6LnNoYTI1Ni8nKQoKdmVyaWZ5Q2hlY2tzdW0oKSB7CiAgaWYgZ3JlcCAnUFJFVFRZX05BTUU9Ik9yYWNsZSBMaW51eCBTZXJ2ZXIgOFwuLioiJyAvZXRjL29zLXJlbGVhc2UgPi9kZXYvbnVsbDsgdGhlbgogICAgb3BlbnNzbCBkZ3N0IC1zaGEyNTYgLXNpZ25hdHVyZSAkMSAtdmVyaWZ5ICQyICQzCiAgZWxzZQogICAgT1BFTlNTTF9GSVBTPTEgb3BlbnNzbCBkZ3N0IC1zaGEyNTYgLXNpZ25hdHVyZSAkMSAtdmVyaWZ5ICQyICQzCiAgZmkKfQoKZG93bmxvYWRBbnNpYmxlKCkgewogIGN1cmwgLXYgLS1mYWlsIC1MMCBodHRwczovL29iamVjdHN0b3JhZ2UuYXAtc2luZ2Fwb3JlLTEub3JhY2xlY2xvdWQuY29tL24vb2R4LW9rZS9iL3Rrdy1jbG91ZC1pbml0LXByZC0wL28vYW5zaWJsZS1wbGF5Ym9vay0xLjcwLjAtZDE4NzFkOTE2MDBhZWEzNzZkMDAwZjg0ZmJjMTdiOGJiMjlhNmM2ZC0xLnRneiAtbyAvdmFyL3J1bi90a3cvYW5zaWJsZS1wbGF5Ym9vay0xLjcwLjAtZDE4NzFkOTE2MDBhZWEzNzZkMDAwZjg0ZmJjMTdiOGJiMjlhNmM2ZC0xLnRneiAmJgogIGN1cmwgLS1mYWlsIC1IICJBdXRob3JpemF0aW9uOiBCZWFyZXIgT3JhY2xlIiAtTDAgaHR0cDovLzE2OS4yNTQuMTY5LjI1NC9vcGMvdjIvaW5zdGFuY2UvbWV0YWRhdGEvb2tlX2FydGlmYWN0X3NpZ25pbmdfa2V5ID4gL3Zhci9ydW4vdGt3L29rZS1zaWduaW5nLnB1YiAmJgogIGlmIGN1cmwgLXYgLS1mYWlsIC1MMCBodHRwczovL29iamVjdHN0b3JhZ2UuYXAtc2luZ2Fwb3JlLTEub3JhY2xlY2xvdWQuY29tL24vb2R4LW9rZS9iL3Rrdy1jbG91ZC1pbml0LXByZC0wL28vJHYxX3NoYV9maWxlIC1vIC92YXIvcnVuL3Rrdy8kdjFfc2hhX2ZpbGUgJiYgXAogICAgdmVyaWZ5Q2hlY2tzdW0gL3Zhci9ydW4vdGt3LyR2MV9zaGFfZmlsZSAvdmFyL3J1bi90a3cvb2tlLXNpZ25pbmcucHViIC92YXIvcnVuL3Rrdy9hbnNpYmxlLXBsYXlib29rLTEuNzAuMC1kMTg3MWQ5MTYwMGFlYTM3NmQwMDBmODRmYmMxN2I4YmIyOWE2YzZkLTEudGd6OyB0aGVuCiAgICBlY2hvICJBbnNpYmxlIGJ1bmRsZSBpcyBiZWluZyBzaWduZWQgd2l0aCBhcnRpZmFjdC1zaWduaW5nLWtleSIKICBlbGlmIGN1cmwgLXYgLS1mYWlsIC1MMCBodHRwczovL29iamVjdHN0b3JhZ2UuYXAtc2luZ2Fwb3JlLTEub3JhY2xlY2xvdWQuY29tL24vb2R4LW9rZS9iL3Rrdy1jbG91ZC1pbml0LXByZC0wL28vJHYyX3NoYV9maWxlIC1vIC92YXIvcnVuL3Rrdy8kdjJfc2hhX2ZpbGUgJiYgXAogICAgdmVyaWZ5Q2hlY2tzdW0gL3Zhci9ydW4vdGt3LyR2Ml9zaGFfZmlsZSAvdmFyL3J1bi90a3cvb2tlLXNpZ25pbmcucHViIC92YXIvcnVuL3Rrdy9hbnNpYmxlLXBsYXlib29rLTEuNzAuMC1kMTg3MWQ5MTYwMGFlYTM3NmQwMDBmODRmYmMxN2I4YmIyOWE2YzZkLTEudGd6OyB0aGVuCiAgICBlY2hvICJBbnNpYmxlIGJ1bmRsZSBpcyBiZWluZyBzaWduZWQgd2l0aCBhcnRpZmFjdC1zaWduaW5nLWtleS12MiIKICBlbHNlCiAgICByZXR1cm4gMQogIGZpCn0KCmV4ZWMgJj4gPih0ZWUgLWlhIC92YXIvcnVuL29rZS1pbml0LmxvZykKaWYgWyAhIC1mIC92YXIvbG9nL2Nsb3VkLWluaXQtb3V0cHV0LmxvZyBdOyB0aGVuCiAgZXhlYyAmPiA+KHRlZSAtaWEgL3Zhci9sb2cvY2xvdWQtaW5pdC1vdXRwdXQubG9nKQpmaQpleGVjIDI+JjEKCmlmIFsgLWYgL2V0Yy8ub2tlX2luaXRfY29tcGxldGUgXTsgdGhlbgogIGVjaG8gIk9LRSBwcm92aXNpb25pbmcgYWxyZWFkeSBjb21wbGV0ZWQiCiAgZXhpdCAwCmZpCgpta2RpciAtcCAvZXRjL3JwbQpSUE1fU1BFQz0vZXRjL3JwbS9tYWNyb3MudmVyaWZ5CmlmIFsgLWYgL2V0Yy9va2Uvb2tlLWluc3RhbGwuc2ggXTsgdGhlbgogIHVudGlsIGJhc2ggLXggIi9ldGMvb2tlL29rZS1pbnN0YWxsLnNoIiAiJEAiCiAgZG8KICAgIGVjaG8gIm9rZS1pbnN0YWxsIGZhaWxlZCwgcmV0cnlpbmcgaW4gNXMuLi4iCiAgICBzbGVlcCA1CiAgZG9uZQplbHNlCiAgZWNobyAiJV9wa2d2ZXJpZnlfbGV2ZWwgbm9uZSIgPiRSUE1fU1BFQwogIG1rZGlyIC1wIC92YXIvcnVuL3RrdwogIHJtIC1yZiAvdmFyL3J1bi90a3cvKgogIHVudGlsIGRvd25sb2FkQW5zaWJsZQogIGRvCiAgICBlY2hvICJGYWlsZWQgdG8gZG93bmxvYWQgVEtXIGFuc2libGUgYnVuZGxlLi4ucmV0cnlpbmcgaW4gNXMiCiAgICBybSAtcmYgL3Zhci9ydW4vdGt3LyoKICAgIG1rZGlyIC1wIC92YXIvcnVuL3RrdwogICAgc2xlZXAgNQogIGRvbmUKICB0YXIgLXh6dmYgL3Zhci9ydW4vdGt3L2Fuc2libGUtcGxheWJvb2stMS43MC4wLWQxODcxZDkxNjAwYWVhMzc2ZDAwMGY4NGZiYzE3YjhiYjI5YTZjNmQtMS50Z3ogLUMgL3Zhci9ydW4vdGt3CiAgdW50aWwgYmFzaCAteCAiL3Zhci9ydW4vdGt3L2Jvb3RzdHJhcC5zaCIgIiRAIgogIGRvCiAgICBlY2hvICJib290c3RyYXAgZmFpbGVkLi4ucmV0cnlpbmcgaW4gNXMuLi4iCiAgICBzbGVlcCA1CiAgZG9uZQogIHJtIC1mICRSUE1fU1BFQwpmaQo=",
                  "oke_maturity": "prd",
                  "oke_namespace": "odx-oke",
                  "realm": "oc1",
                  "ssh_authorized_keys": "ssh-rsa AAAAB3NzaC1yc2EAAAADAQABAAABAQC2Kutag9jwtdy839XBeMFmDLQ6/lAn/3A6M39L8sgHW7WYUPaNfJwof36f02qVEfR+dPzMoFixOQRfg6/ERfk9CVOPrL/lRXy5g5UD1319PonyplhkGzoOEybinOv1CVZbWzy8We+LDynZ8VCdo7mYuTpy6xGjv3KYU/sNhGe1ftgeB8HAnZFAS36E8o338c8TnXQ3XmUY16QPWFCqJCoFRXJpg9HJmDsa76Q+dmEoUD4LEZxnc7fK3w+mPRBV7hGHQqt9lMdpmbi87+KHWbUhFmy395qDq3e8f2fzXuQsoUTBimIt4oHKThMwrczPN8homtHnApnjXy3UauXUZBSf\n",
                  "user_data": "IyEvYmluL2Jhc2gKb2tlX2luaXRfc2NyaXB0PSQoY3VybCAtLWZhaWwgLW0gNSAtSCAiQXV0aG9yaXphdGlvbjogQmVhcmVyIE9yYWNsZSIgLUwwIGh0dHA6Ly8xNjkuMjU0LjE2OS4yNTQvb3BjL3YyL2luc3RhbmNlL21ldGFkYXRhL29rZV9pbml0X3NjcmlwdCkKaWYgWyAkPyAtbmUgMCBdOyB0aGVuCiAgb2tlX2luaXRfc2NyaXB0PSQoY3VybCAtLWZhaWwgLW0gNSAtZyAtSCAiQXV0aG9yaXphdGlvbjogQmVhcmVyIE9yYWNsZSIgLUwwIGh0dHA6Ly9bZmQwMDpjMTo6YTlmZTphOWZlXS9vcGMvdjIvaW5zdGFuY2UvbWV0YWRhdGEvb2tlX2luaXRfc2NyaXB0KQpmaQplY2hvICRva2VfaW5pdF9zY3JpcHQgfCBiYXNlNjQgLS1kZWNvZGUgPiAvdmFyL3J1bi9va2UtaW5pdC5zaAp0b3VjaCAvdmFyL3J1bi8ub2tlLWRlZmF1bHQtY2xvdWQtaW5pdAoKYmFzaCAvdmFyL3J1bi9va2UtaW5pdC5zaA=="
                },
                "placement_constraint_details": [],
                "platform_config": [],
                "preemptible_instance_config": [],
                "preserve_boot_volume": false,
                "preserve_data_volumes_created_at_launch": false,
                "private_ip": "",
                "public_ip": "",
                "region": "ap-singapore-1",
                "security_attributes": {},
                "security_attributes_state": "STABLE",
                "shape": "VM.Standard.E3.Flex",
                "shape_config": [
                  {
                    "baseline_ocpu_utilization": "",
                    "gpu_description": "",
                    "gpus": 0,
                    "local_disk_description": "",
                    "local_disks": 0,
                    "local_disks_total_size_in_gbs": 0,
                    "max_vnic_attachments": 2,
                    "memory_in_gbs": 8,
                    "networking_bandwidth_in_gbps": 2,
                    "nvmes": 0,
                    "ocpus": 2,
                    "processor_description": "2.25 GHz AMD EPYC™ 7742 (Rome)",
                    "resource_management": "",
                    "vcpus": 4
                  }
                ],
                "source_details": [
                  {
                    "boot_volume_size_in_gbs": "",
                    "boot_volume_vpus_per_gb": "10",
                    "instance_source_image_filter_details": [],
                    "is_preserve_boot_volume_enabled": false,
                    "kms_key_id": "",
                    "source_id": "ocid1.image.oc1.ap-singapore-1.aaaaaaaap46mzk6dir2xmap2hc5ydscwzcggusasdxgkh77be3q2nhdre4nq",
                    "source_type": "image"
                  }
                ],
                "state": "RUNNING",
                "subnet_id": "",
                "system_tags": {
                  "orcl-containerengine.Cluster": "ocid1.cluster.oc1.ap-singapore-1.aaaaaaaadffnzoagk52xoxknh5umd377dhjh5bt4r45wvb2avcdzaz6nl3vq",
                  "orcl-containerengine.NodePool": "ocid1.nodepool.oc1.ap-singapore-1.aaaaaaaak762rxnbsuzw5gz4k22lscyrddn54s2cf37bqoyzdng2p7sur36a",
                  "orcl-containerengine.NodeType": "oke-managed"
                },
                "time_created": "2026-02-15 06:37:49.875 +0000 UTC",
                "time_maintenance_reboot_due": "",
                "update_operation_constraint": ""
              },
              {
                "agent_config": [
                  {
                    "are_all_plugins_disabled": false,
                    "is_management_disabled": false,
                    "is_monitoring_disabled": false,
                    "plugins_config": []
                  }
                ],
                "async": false,
                "availability_config": [
                  {
                    "is_live_migration_preferred": false,
                    "recovery_action": "RESTORE_INSTANCE"
                  }
                ],
                "availability_domain": "CpAD:AP-SINGAPORE-1-AD-1",
                "boot_volume_id": "",
                "capacity_reservation_id": "",
                "cluster_placement_group_id": "",
                "compartment_id": "ocid1.tenancy.oc1..aaaaaaaafmttsfo7ogtmmtbqi7mwomlji2hn44dyj4dwtvd7xgm236beottq",
                "compute_cluster_id": "",
                "create_vnic_details": [],
                "dedicated_vm_host_id": "",
                "defined_tags": {
                  "Oracle-Tags.CreatedBy": "ocid1.nodepool.oc1.ap-singapore-1.aaaaaaaak762rxnbsuzw5gz4k22lscyrddn54s2cf37bqoyzdng2p7sur36a",
                  "Oracle-Tags.CreatedOn": "2026-02-15T06:37:50.641Z"
                },
                "display_name": "oke-cdzaz6nl3vq-ng2p7sur36a-sjbo7ckwh7a-1",
                "extended_metadata": {},
                "fault_domain": "FAULT-DOMAIN-2",
                "freeform_tags": {},
                "hostname_label": "",
                "id": "ocid1.instance.oc1.ap-singapore-1.anzwsljrsfo24uicmyg7bk637fl5a7gcafqzm6t5hx5nkoi63vqg22des5ea",
                "image": "ocid1.image.oc1.ap-singapore-1.aaaaaaaap46mzk6dir2xmap2hc5ydscwzcggusasdxgkh77be3q2nhdre4nq",
                "instance_configuration_id": "",
                "instance_options": [
                  {
                    "are_legacy_imds_endpoints_disabled": false
                  }
                ],
                "ipxe_script": "",
                "is_ai_enterprise_enabled": false,
                "is_cross_numa_node": false,
                "is_pv_encryption_in_transit_enabled": false,
                "launch_mode": "PARAVIRTUALIZED",
                "launch_options": [
                  {
                    "boot_volume_type": "PARAVIRTUALIZED",
                    "firmware": "UEFI_64",
                    "is_consistent_volume_naming_enabled": true,
                    "is_pv_encryption_in_transit_enabled": false,
                    "network_type": "PARAVIRTUALIZED",
                    "remote_data_volume_type": "PARAVIRTUALIZED"
                  }
                ],
                "launch_volume_attachments": [],
                "licensing_configs": [],
                "metadata": {
                  "ansible_args": "eyJjbHVzdGVyX2lkIjoiY2R6YXo2bmwzdnEiLCJrOHNfYXBpc2VydmVyX2FkZHIiOiIxMC4wLjEuOTgiLCJrOHNfYXBpc2VydmVyX3BvcnQiOiI2NDQzIiwiZmxhbm5lbF9ldGNkX2NhX2NlcnQiOiItLS0tLUJFR0lOIENFUlRJRklDQVRFLS0tLS1cbk1JSURpRENDQW5DZ0F3SUJBZ0lRTXU1dVFLTUZONXRXR1d4eDZjTS8vekFOQmdrcWhraUc5dzBCQVFzRkFEQmVcbk1ROHdEUVlEVlFRRERBWkxPSE1nUTBFeEN6QUpCZ05WQkFZVEFsVlRNUTh3RFFZRFZRUUhEQVpCZFhOMGFXNHhcbkR6QU5CZ05WQkFvTUJrOXlZV05zWlRFTU1Bb0dBMVVFQ3d3RFQyTnBNUTR3REFZRFZRUUlEQVZVWlhoaGN6QWVcbkZ3MHlOakF5TVRRd09UVTFOVFJhRncwek1UQXlNVFF3T1RVMU5UUmFNRjR4RHpBTkJnTlZCQU1NQmtzNGN5QkRcblFURUxNQWtHQTFVRUJoTUNWVk14RHpBTkJnTlZCQWNNQmtGMWMzUnBiakVQTUEwR0ExVUVDZ3dHVDNKaFkyeGxcbk1Rd3dDZ1lEVlFRTERBTlBZMmt4RGpBTUJnTlZCQWdNQlZSbGVHRnpNSUlCSWpBTkJna3Foa2lHOXcwQkFRRUZcbkFBT0NBUThBTUlJQkNnS0NBUUVBeVN5Ni9hekgyNTBjN1VXSnNTSmoxRFN5ZU84aGJaVFR1Rk9UZUJQemwvMkNcbnpUU2o1ZjlHL0tPeUQ4NUkrTkwvSmVUTUR5U1U1dVBoVE5xa3h3SWUzVUNoeFVqUjZPWk5ZSC90OElDU0xza3VcbnovNGxKQmlEWEtvemIyOEtkTXVGQkhZZDJNZ084aUg5QldRWmc1UzNBaVRmdjl6bytsMG90ZU8zN0tDWEthK0dcblVXeERDcDVrcjlLVjMvd0x5bStmMEZPRXVrd08xZXNnVytwU290L0JkRjlEdXpKNng1UitBTUwyVjJpbjNwbmtcbkgreFFJZnlzbDdHeGNENVJadEhjNjl4NjF5ZjdZd0NYa3ZJZkovcTNiK1greW1xYy9KZUJpTXAzTWprbTNCY21cbm5qcDVCL2FjZERHQlJwVWxEcEZmYjIrNVZLRWpPdFJoMFpHK1czSXFvUUlEQVFBQm8wSXdRREFQQmdOVkhSTUJcbkFmOEVCVEFEQVFIL01BNEdBMVVkRHdFQi93UUVBd0lCQmpBZEJnTlZIUTRFRmdRVW5tT1NKcU9ZVW9DVUE5RnZcbkZnbDlwTjBTYyswd0RRWUpLb1pJaHZjTkFRRUxCUUFEZ2dFQkFHYjFUTWlJK250SDU3MEVBclQxU2dzZ21jM0dcbndEWndGUlhuei92cjVYb3IrK1FJMHFDcXpRTXl0TS9CWjdMTnVTTjA4VzVDeG9rTjdGbkpDTDhMVDhScGJvM1BcbjdRbDVBdkhlZ2hOOE01NHZyTWsxRmppdmVSTUJ3SzFuaUlrUFVoaHNya1VhVzNCV0trR2c3NC9Hb3dXYW9SWEVcbmJrWXo0dW5oeVFPTzcvNHY0Z2ptRWppQTFDdlduOHVSYzAvZ2pJa0ZoemNQajc3WUg5NzhiZ20yOEU5YjNHcXhcblBhY2ptbk5ua1E0Q0VUVmZnc09wdlhSZ1RkT09La0RNK1FvdzFtZDB3ZHBiamxDbVl3WlVUdFQ5KzllUG5Yc2pcbm5GOTh1cTZEdmcrS3ZObEwwWVEwRGttamdIb08xT0RDSm5xMWpoa0cvY1FtZkpMSmVYUGY0Ty9SbGVRPVxuLS0tLS1FTkQgQ0VSVElGSUNBVEUtLS0tLVxuXG4iLCJrdWJlZG5zX3N2Y19pcCI6IjEwLjk2LjUuNSIsInRtX2lkIjoib2tlIiwia3ViZWxldF9jbGllbnRfY2EiOiItLS0tLUJFR0lOIENFUlRJRklDQVRFLS0tLS1cbk1JSURpRENDQW5DZ0F3SUJBZ0lRTXU1dVFLTUZONXRXR1d4eDZjTS8vekFOQmdrcWhraUc5dzBCQVFzRkFEQmVcbk1ROHdEUVlEVlFRRERBWkxPSE1nUTBFeEN6QUpCZ05WQkFZVEFsVlRNUTh3RFFZRFZRUUhEQVpCZFhOMGFXNHhcbkR6QU5CZ05WQkFvTUJrOXlZV05zWlRFTU1Bb0dBMVVFQ3d3RFQyTnBNUTR3REFZRFZRUUlEQVZVWlhoaGN6QWVcbkZ3MHlOakF5TVRRd09UVTFOVFJhRncwek1UQXlNVFF3T1RVMU5UUmFNRjR4RHpBTkJnTlZCQU1NQmtzNGN5QkRcblFURUxNQWtHQTFVRUJoTUNWVk14RHpBTkJnTlZCQWNNQmtGMWMzUnBiakVQTUEwR0ExVUVDZ3dHVDNKaFkyeGxcbk1Rd3dDZ1lEVlFRTERBTlBZMmt4RGpBTUJnTlZCQWdNQlZSbGVHRnpNSUlCSWpBTkJna3Foa2lHOXcwQkFRRUZcbkFBT0NBUThBTUlJQkNnS0NBUUVBeVN5Ni9hekgyNTBjN1VXSnNTSmoxRFN5ZU84aGJaVFR1Rk9UZUJQemwvMkNcbnpUU2o1ZjlHL0tPeUQ4NUkrTkwvSmVUTUR5U1U1dVBoVE5xa3h3SWUzVUNoeFVqUjZPWk5ZSC90OElDU0xza3VcbnovNGxKQmlEWEtvemIyOEtkTXVGQkhZZDJNZ084aUg5QldRWmc1UzNBaVRmdjl6bytsMG90ZU8zN0tDWEthK0dcblVXeERDcDVrcjlLVjMvd0x5bStmMEZPRXVrd08xZXNnVytwU290L0JkRjlEdXpKNng1UitBTUwyVjJpbjNwbmtcbkgreFFJZnlzbDdHeGNENVJadEhjNjl4NjF5ZjdZd0NYa3ZJZkovcTNiK1greW1xYy9KZUJpTXAzTWprbTNCY21cbm5qcDVCL2FjZERHQlJwVWxEcEZmYjIrNVZLRWpPdFJoMFpHK1czSXFvUUlEQVFBQm8wSXdRREFQQmdOVkhSTUJcbkFmOEVCVEFEQVFIL01BNEdBMVVkRHdFQi93UUVBd0lCQmpBZEJnTlZIUTRFRmdRVW5tT1NKcU9ZVW9DVUE5RnZcbkZnbDlwTjBTYyswd0RRWUpLb1pJaHZjTkFRRUxCUUFEZ2dFQkFHYjFUTWlJK250SDU3MEVBclQxU2dzZ21jM0dcbndEWndGUlhuei92cjVYb3IrK1FJMHFDcXpRTXl0TS9CWjdMTnVTTjA4VzVDeG9rTjdGbkpDTDhMVDhScGJvM1BcbjdRbDVBdkhlZ2hOOE01NHZyTWsxRmppdmVSTUJ3SzFuaUlrUFVoaHNya1VhVzNCV0trR2c3NC9Hb3dXYW9SWEVcbmJrWXo0dW5oeVFPTzcvNHY0Z2ptRWppQTFDdlduOHVSYzAvZ2pJa0ZoemNQajc3WUg5NzhiZ20yOEU5YjNHcXhcblBhY2ptbk5ua1E0Q0VUVmZnc09wdlhSZ1RkT09La0RNK1FvdzFtZDB3ZHBiamxDbVl3WlVUdFQ5KzllUG5Yc2pcbm5GOTh1cTZEdmcrS3ZObEwwWVEwRGttamdIb08xT0RDSm5xMWpoa0cvY1FtZkpMSmVYUGY0Ty9SbGVRPVxuLS0tLS1FTkQgQ0VSVElGSUNBVEUtLS0tLVxuXG4iLCJwcm94eW11eF9zZXJ2ZXJfcG9ydCI6IjEyMjUwIn0=",
                  "bootstrap-kubelet-conf": "YXBpVmVyc2lvbjogdjEKY2x1c3RlcnM6Ci0gY2x1c3RlcjoKICAgIGNlcnRpZmljYXRlLWF1dGhvcml0eS1kYXRhOiBMUzB0TFMxQ1JVZEpUaUJEUlZKVVNVWkpRMEZVUlMwdExTMHRDazFKU1VScFJFTkRRVzVEWjBGM1NVSkJaMGxSVFhVMWRWRkxUVVpPTlhSWFIxZDRlRFpqVFM4dmVrRk9RbWRyY1docmFVYzVkekJDUVZGelJrRkVRbVVLVFZFNGQwUlJXVVJXVVZGRVJFRmFURTlJVFdkUk1FVjRRM3BCU2tKblRsWkNRVmxVUVd4V1ZFMVJPSGRFVVZsRVZsRlJTRVJCV2tKa1dFNHdZVmMwZUFwRWVrRk9RbWRPVmtKQmIwMUNhemw1V1ZkT2MxcFVSVTFOUVc5SFFURlZSVU4zZDBSVU1rNXdUVkUwZDBSQldVUldVVkZKUkVGV1ZWcFlhR2hqZWtGbENrWjNNSGxPYWtGNVRWUlJkMDlVVlRGT1ZGSmhSbmN3ZWsxVVFYbE5WRkYzVDFSVk1VNVVVbUZOUmpSNFJIcEJUa0puVGxaQ1FVMU5RbXR6TkdONVFrUUtVVlJGVEUxQmEwZEJNVlZGUW1oTlExWldUWGhFZWtGT1FtZE9Wa0pCWTAxQ2EwWXhZek5TY0dKcVJWQk5RVEJIUVRGVlJVTm5kMGRVTTBwb1dUSjRiQXBOVVhkM1EyZFpSRlpSVVV4RVFVNVFXVEpyZUVScVFVMUNaMDVXUWtGblRVSldVbXhsUjBaNlRVbEpRa2xxUVU1Q1oydHhhR3RwUnpsM01FSkJVVVZHQ2tGQlQwTkJVVGhCVFVsSlFrTm5TME5CVVVWQmVWTjVOaTloZWtneU5UQmpOMVZYU25OVFNtb3hSRk41WlU4NGFHSmFWRlIxUms5VVpVSlFlbXd2TWtNS2VsUlRhalZtT1VjdlMwOTVSRGcxU1N0T1RDOUtaVlJOUkhsVFZUVjFVR2hVVG5GcmVIZEpaVE5WUTJoNFZXcFNOazlhVGxsSUwzUTRTVU5UVEhOcmRRcDZMelJzU2tKcFJGaExiM3BpTWpoTFpFMTFSa0pJV1dReVRXZFBPR2xJT1VKWFVWcG5OVk16UVdsVVpuWTVlbThyYkRCdmRHVlBNemRMUTFoTFlTdEhDbFZYZUVSRGNEVnJjamxMVmpNdmQweDViU3RtTUVaUFJYVnJkMDh4WlhOblZ5dHdVMjkwTDBKa1JqbEVkWHBLTm5nMVVpdEJUVXd5VmpKcGJqTndibXNLU0N0NFVVbG1lWE5zTjBkNFkwUTFVbHAwU0dNMk9YZzJNWGxtTjFsM1ExaHJka2xtU2k5eE0ySXJXQ3Q1YlhGakwwcGxRbWxOY0ROTmFtdHRNMEpqYlFwdWFuQTFRaTloWTJSRVIwSlNjRlZzUkhCR1ptSXlLelZXUzBWcVQzUlNhREJhUnl0WE0wbHhiMUZKUkVGUlFVSnZNRWwzVVVSQlVFSm5UbFpJVWsxQ0NrRm1PRVZDVkVGRVFWRklMMDFCTkVkQk1WVmtSSGRGUWk5M1VVVkJkMGxDUW1wQlpFSm5UbFpJVVRSRlJtZFJWVzV0VDFOS2NVOVpWVzlEVlVFNVJuWUtSbWRzT1hCT01GTmpLekIzUkZGWlNrdHZXa2xvZG1OT1FWRkZURUpSUVVSblowVkNRVWRpTVZSTmFVa3JiblJJTlRjd1JVRnlWREZUWjNObmJXTXpSd3AzUkZwM1JsSllibm92ZG5JMVdHOXlLeXRSU1RCeFEzRjZVVTE1ZEUwdlFsbzNURTUxVTA0d09GYzFRM2h2YTA0M1JtNUtRMHc0VEZRNFVuQmliek5RQ2pkUmJEVkJka2hsWjJoT09FMDFOSFp5VFdzeFJtcHBkbVZTVFVKM1N6RnVhVWxyVUZWb2FITnlhMVZoVnpOQ1YwdHJSMmMzTkM5SGIzZFhZVzlTV0VVS1ltdFplalIxYm1oNVVVOVBOeTgwZGpSbmFtMUZhbWxCTVVOMlYyNDRkVkpqTUM5bmFrbHJSbWg2WTFCcU56ZFpTRGszT0dKbmJUSTRSVGxpTTBkeGVBcFFZV05xYlc1T2JtdFJORU5GVkZabVozTlBjSFpZVW1kVVpFOVBTMnRFVFN0UmIzY3hiV1F3ZDJSd1ltcHNRMjFaZDFwVlZIUlVPU3M1WlZCdVdITnFDbTVHT1RoMWNUWkVkbWNyUzNaT2JFd3dXVkV3Ukd0dGFtZEliMDh4VDBSRFNtNXhNV3BvYTBjdlkxRnRaa3BNU21WWVVHWTBUeTlTYkdWUlBRb3RMUzB0TFVWT1JDQkRSVkpVU1VaSlEwRlVSUzB0TFMwdENnbz0KICAgIHNlcnZlcjogaHR0cHM6Ly8xMC4wLjEuOTg6NjQ0MwogIG5hbWU6IGJvb3RzdHJhcApjb250ZXh0czoKLSBjb250ZXh0OgogICAgY2x1c3RlcjogYm9vdHN0cmFwCiAgICB1c2VyOiBib290c3RyYXAKICBuYW1lOiBib290c3RyYXAKY3VycmVudC1jb250ZXh0OiBib290c3RyYXAKa2luZDogQ29uZmlnCnByZWZlcmVuY2VzOiB7fQp1c2VyczoKLSBuYW1lOiBib290c3RyYXAKICB1c2VyOgogICAgdG9rZW46IDRxZWM0bC5jYjEyd3dnaXJpbmZkamdhCg==",
                  "inventory_tmpl": "[tkm-minions]\nlocalhost initial_node_labels=oci.oraclecloud.com/node.info.managed=true node_is_on_private_subnet={NODE_IS_ON_PRIVATE_SUBNET} nodeid_suffix={NODE_SUFFIX} shape=VM.Standard.E3.Flex ansible_user=opc tenancyid=ocid1.tenancy.oc1..aaaaaaaafmttsfo7ogtmmtbqi7mwomlji2hn44dyj4dwtvd7xgm236beottq compartmentid_prefix=ocid1.tenancy.oc1 k8s_kubelet_hostname={K8S_KUBELET_HOSTNAME} region_key=SIN ansible_connection=local public_ipaddress={PUBLIC_IP} zone=CpAD:AP-SINGAPORE-1-AD-1 k8s_version=v1.31.10 displayname=oke-cdzaz6nl3vq-ng2p7sur36a-sjbo7ckwh7a-1 compartmentname=ceo86 nodeid_prefix={NODE_PREFIX} region_name=ap-singapore-1 ta_version={TA_VERSION} region=ap-singapore-1 compartmentid_suffix=aaaaaaaafmttsfo7ogtmmtbqi7mwomlji2hn44dyj4dwtvd7xgm236beottq private_ipaddress={PRIVATE_IP}\n",
                  "ip-families": "IPv4",
                  "oci_tld": "oraclecloud.com",
                  "oke-ad": "CpAD:AP-SINGAPORE-1-AD-1",
                  "oke-cluster-display-name": "taskir-oke-cluster",
                  "oke-cluster-id": "ocid1.cluster.oc1.ap-singapore-1.aaaaaaaadffnzoagk52xoxknh5umd377dhjh5bt4r45wvb2avcdzaz6nl3vq",
                  "oke-cluster-label": "cdzaz6nl3vq",
                  "oke-compartment-name": "ceo86",
                  "oke-image-name": "Oracle-Linux-8.10-2025.09.16-0-OKE-1.31.10-1330",
                  "oke-initial-node-labels": "oci.oraclecloud.com/node.info.managed=true",
                  "oke-is-cloud-init": "true",
                  "oke-is-on-private-subnet": "false",
                  "oke-is-onsr": "false",
                  "oke-is-preemptible": "false",
                  "oke-is-private-worker": "true",
                  "oke-k8version": "v1.31.10",
                  "oke-node-package-node-all-version": "oci-oke-node-all-1.31.10*",
                  "oke-pool-id": "ocid1.nodepool.oc1.ap-singapore-1.aaaaaaaak762rxnbsuzw5gz4k22lscyrddn54s2cf37bqoyzdng2p7sur36a",
                  "oke-pool-label": "ng2p7sur36a",
                  "oke-preconfigured-vnics": "false",
                  "oke-slot": "1",
                  "oke-subnet-label": "sjbo7ckwh7a",
                  "oke-tenancy-id": "ocid1.tenancy.oc1..aaaaaaaafmttsfo7ogtmmtbqi7mwomlji2hn44dyj4dwtvd7xgm236beottq",
                  "oke-tm": "oke",
                  "oke_artifact_signing_key": "-----BEGIN PUBLIC KEY-----\nMIICIjANBgkqhkiG9w0BAQEFAAOCAg8AMIICCgKCAgEA6byaA2n422JumfKQf90Q\nlpI9zderJ5duw6kWA1AwVCB4A+oEFrD1stJB+BUkCK+xML3iyVGuwm7LeMm1r5zL\nRlXb/rm9aqtNl164O5rHlcerH+bJD+83JKD7RP38+IkFes8PehI0OcrRLXe678vH\ny8FqCKTv9oZ32rgzHmYlWLxDBzIHJBL+0DkLB3OjOog69DvJsF8/IfbpZyypIjba\nbDrytAqThsEA1lJq99vzrIWhnImUUfUFfGElasiL7yqLFqgJwtjFstnJCpZdRdVV\noVRl93DUem8MQIkSfXisTVAKBw6n/FU7M2jrfR8jXswAQXLuKoTBv9Hoa8oy+FFc\nTSR989WNliip/oDUJrMDTxUC7Ihb1dRyZuZcS82LhjfWMQx2WhVYo7+wlo3WKDJ/\nnSYVs4NBzFS114iriRFxa0v+C7Z3lehbOyLm4Rrs4PQXhio6dJLMLVxX+kEWXZb8\nxQwJWkniS3YlzaK+JP8gRyrkSUgRutbdBjkZ93UtEn5OrSqCPTmHWXxk6mJJoJUY\ngUzZ1xfxRSgfRv1iwOGPb9njhvnBiHiAv+lB0Y7bGBdRkJvzwwTPOcogB+o0ddr6\n9/LUPM71YX5unTUGW5iwMC+FdGPDwPIzsSHfoY6hw54sag78gKV8pH/XH2rUodny\n1JHqS7CXJ69UusbDDYUbqyMCAwEAAQ==\n-----END PUBLIC KEY-----\n",
                  "oke_init_script": "IyEvdXNyL2Jpbi9lbnYgYmFzaApzZXQgLXgKc2V0IC1lCnNldCAtbyBwaXBlZmFpbAoKdjFfc2hhX2ZpbGU9ImFuc2libGUtcGxheWJvb2stMS43MC4wLWQxODcxZDkxNjAwYWVhMzc2ZDAwMGY4NGZiYzE3YjhiYjI5YTZjNmQtMS50Z3ouc2hhMjU2Igp2Ml9zaGFfZmlsZT0kKGVjaG8gImFuc2libGUtcGxheWJvb2stMS43MC4wLWQxODcxZDkxNjAwYWVhMzc2ZDAwMGY4NGZiYzE3YjhiYjI5YTZjNmQtMS50Z3oiIHwgc2VkICdzL1wudGd6Ly12MlwudGd6LnNoYTI1Ni8nKQoKdmVyaWZ5Q2hlY2tzdW0oKSB7CiAgaWYgZ3JlcCAnUFJFVFRZX05BTUU9Ik9yYWNsZSBMaW51eCBTZXJ2ZXIgOFwuLioiJyAvZXRjL29zLXJlbGVhc2UgPi9kZXYvbnVsbDsgdGhlbgogICAgb3BlbnNzbCBkZ3N0IC1zaGEyNTYgLXNpZ25hdHVyZSAkMSAtdmVyaWZ5ICQyICQzCiAgZWxzZQogICAgT1BFTlNTTF9GSVBTPTEgb3BlbnNzbCBkZ3N0IC1zaGEyNTYgLXNpZ25hdHVyZSAkMSAtdmVyaWZ5ICQyICQzCiAgZmkKfQoKZG93bmxvYWRBbnNpYmxlKCkgewogIGN1cmwgLXYgLS1mYWlsIC1MMCBodHRwczovL29iamVjdHN0b3JhZ2UuYXAtc2luZ2Fwb3JlLTEub3JhY2xlY2xvdWQuY29tL24vb2R4LW9rZS9iL3Rrdy1jbG91ZC1pbml0LXByZC0wL28vYW5zaWJsZS1wbGF5Ym9vay0xLjcwLjAtZDE4NzFkOTE2MDBhZWEzNzZkMDAwZjg0ZmJjMTdiOGJiMjlhNmM2ZC0xLnRneiAtbyAvdmFyL3J1bi90a3cvYW5zaWJsZS1wbGF5Ym9vay0xLjcwLjAtZDE4NzFkOTE2MDBhZWEzNzZkMDAwZjg0ZmJjMTdiOGJiMjlhNmM2ZC0xLnRneiAmJgogIGN1cmwgLS1mYWlsIC1IICJBdXRob3JpemF0aW9uOiBCZWFyZXIgT3JhY2xlIiAtTDAgaHR0cDovLzE2OS4yNTQuMTY5LjI1NC9vcGMvdjIvaW5zdGFuY2UvbWV0YWRhdGEvb2tlX2FydGlmYWN0X3NpZ25pbmdfa2V5ID4gL3Zhci9ydW4vdGt3L29rZS1zaWduaW5nLnB1YiAmJgogIGlmIGN1cmwgLXYgLS1mYWlsIC1MMCBodHRwczovL29iamVjdHN0b3JhZ2UuYXAtc2luZ2Fwb3JlLTEub3JhY2xlY2xvdWQuY29tL24vb2R4LW9rZS9iL3Rrdy1jbG91ZC1pbml0LXByZC0wL28vJHYxX3NoYV9maWxlIC1vIC92YXIvcnVuL3Rrdy8kdjFfc2hhX2ZpbGUgJiYgXAogICAgdmVyaWZ5Q2hlY2tzdW0gL3Zhci9ydW4vdGt3LyR2MV9zaGFfZmlsZSAvdmFyL3J1bi90a3cvb2tlLXNpZ25pbmcucHViIC92YXIvcnVuL3Rrdy9hbnNpYmxlLXBsYXlib29rLTEuNzAuMC1kMTg3MWQ5MTYwMGFlYTM3NmQwMDBmODRmYmMxN2I4YmIyOWE2YzZkLTEudGd6OyB0aGVuCiAgICBlY2hvICJBbnNpYmxlIGJ1bmRsZSBpcyBiZWluZyBzaWduZWQgd2l0aCBhcnRpZmFjdC1zaWduaW5nLWtleSIKICBlbGlmIGN1cmwgLXYgLS1mYWlsIC1MMCBodHRwczovL29iamVjdHN0b3JhZ2UuYXAtc2luZ2Fwb3JlLTEub3JhY2xlY2xvdWQuY29tL24vb2R4LW9rZS9iL3Rrdy1jbG91ZC1pbml0LXByZC0wL28vJHYyX3NoYV9maWxlIC1vIC92YXIvcnVuL3Rrdy8kdjJfc2hhX2ZpbGUgJiYgXAogICAgdmVyaWZ5Q2hlY2tzdW0gL3Zhci9ydW4vdGt3LyR2Ml9zaGFfZmlsZSAvdmFyL3J1bi90a3cvb2tlLXNpZ25pbmcucHViIC92YXIvcnVuL3Rrdy9hbnNpYmxlLXBsYXlib29rLTEuNzAuMC1kMTg3MWQ5MTYwMGFlYTM3NmQwMDBmODRmYmMxN2I4YmIyOWE2YzZkLTEudGd6OyB0aGVuCiAgICBlY2hvICJBbnNpYmxlIGJ1bmRsZSBpcyBiZWluZyBzaWduZWQgd2l0aCBhcnRpZmFjdC1zaWduaW5nLWtleS12MiIKICBlbHNlCiAgICByZXR1cm4gMQogIGZpCn0KCmV4ZWMgJj4gPih0ZWUgLWlhIC92YXIvcnVuL29rZS1pbml0LmxvZykKaWYgWyAhIC1mIC92YXIvbG9nL2Nsb3VkLWluaXQtb3V0cHV0LmxvZyBdOyB0aGVuCiAgZXhlYyAmPiA+KHRlZSAtaWEgL3Zhci9sb2cvY2xvdWQtaW5pdC1vdXRwdXQubG9nKQpmaQpleGVjIDI+JjEKCmlmIFsgLWYgL2V0Yy8ub2tlX2luaXRfY29tcGxldGUgXTsgdGhlbgogIGVjaG8gIk9LRSBwcm92aXNpb25pbmcgYWxyZWFkeSBjb21wbGV0ZWQiCiAgZXhpdCAwCmZpCgpta2RpciAtcCAvZXRjL3JwbQpSUE1fU1BFQz0vZXRjL3JwbS9tYWNyb3MudmVyaWZ5CmlmIFsgLWYgL2V0Yy9va2Uvb2tlLWluc3RhbGwuc2ggXTsgdGhlbgogIHVudGlsIGJhc2ggLXggIi9ldGMvb2tlL29rZS1pbnN0YWxsLnNoIiAiJEAiCiAgZG8KICAgIGVjaG8gIm9rZS1pbnN0YWxsIGZhaWxlZCwgcmV0cnlpbmcgaW4gNXMuLi4iCiAgICBzbGVlcCA1CiAgZG9uZQplbHNlCiAgZWNobyAiJV9wa2d2ZXJpZnlfbGV2ZWwgbm9uZSIgPiRSUE1fU1BFQwogIG1rZGlyIC1wIC92YXIvcnVuL3RrdwogIHJtIC1yZiAvdmFyL3J1bi90a3cvKgogIHVudGlsIGRvd25sb2FkQW5zaWJsZQogIGRvCiAgICBlY2hvICJGYWlsZWQgdG8gZG93bmxvYWQgVEtXIGFuc2libGUgYnVuZGxlLi4ucmV0cnlpbmcgaW4gNXMiCiAgICBybSAtcmYgL3Zhci9ydW4vdGt3LyoKICAgIG1rZGlyIC1wIC92YXIvcnVuL3RrdwogICAgc2xlZXAgNQogIGRvbmUKICB0YXIgLXh6dmYgL3Zhci9ydW4vdGt3L2Fuc2libGUtcGxheWJvb2stMS43MC4wLWQxODcxZDkxNjAwYWVhMzc2ZDAwMGY4NGZiYzE3YjhiYjI5YTZjNmQtMS50Z3ogLUMgL3Zhci9ydW4vdGt3CiAgdW50aWwgYmFzaCAteCAiL3Zhci9ydW4vdGt3L2Jvb3RzdHJhcC5zaCIgIiRAIgogIGRvCiAgICBlY2hvICJib290c3RyYXAgZmFpbGVkLi4ucmV0cnlpbmcgaW4gNXMuLi4iCiAgICBzbGVlcCA1CiAgZG9uZQogIHJtIC1mICRSUE1fU1BFQwpmaQo=",
                  "oke_maturity": "prd",
                  "oke_namespace": "odx-oke",
                  "realm": "oc1",
                  "ssh_authorized_keys": "ssh-rsa AAAAB3NzaC1yc2EAAAADAQABAAABAQC2Kutag9jwtdy839XBeMFmDLQ6/lAn/3A6M39L8sgHW7WYUPaNfJwof36f02qVEfR+dPzMoFixOQRfg6/ERfk9CVOPrL/lRXy5g5UD1319PonyplhkGzoOEybinOv1CVZbWzy8We+LDynZ8VCdo7mYuTpy6xGjv3KYU/sNhGe1ftgeB8HAnZFAS36E8o338c8TnXQ3XmUY16QPWFCqJCoFRXJpg9HJmDsa76Q+dmEoUD4LEZxnc7fK3w+mPRBV7hGHQqt9lMdpmbi87+KHWbUhFmy395qDq3e8f2fzXuQsoUTBimIt4oHKThMwrczPN8homtHnApnjXy3UauXUZBSf\n",
                  "user_data": "IyEvYmluL2Jhc2gKb2tlX2luaXRfc2NyaXB0PSQoY3VybCAtLWZhaWwgLW0gNSAtSCAiQXV0aG9yaXphdGlvbjogQmVhcmVyIE9yYWNsZSIgLUwwIGh0dHA6Ly8xNjkuMjU0LjE2OS4yNTQvb3BjL3YyL2luc3RhbmNlL21ldGFkYXRhL29rZV9pbml0X3NjcmlwdCkKaWYgWyAkPyAtbmUgMCBdOyB0aGVuCiAgb2tlX2luaXRfc2NyaXB0PSQoY3VybCAtLWZhaWwgLW0gNSAtZyAtSCAiQXV0aG9yaXphdGlvbjogQmVhcmVyIE9yYWNsZSIgLUwwIGh0dHA6Ly9bZmQwMDpjMTo6YTlmZTphOWZlXS9vcGMvdjIvaW5zdGFuY2UvbWV0YWRhdGEvb2tlX2luaXRfc2NyaXB0KQpmaQplY2hvICRva2VfaW5pdF9zY3JpcHQgfCBiYXNlNjQgLS1kZWNvZGUgPiAvdmFyL3J1bi9va2UtaW5pdC5zaAp0b3VjaCAvdmFyL3J1bi8ub2tlLWRlZmF1bHQtY2xvdWQtaW5pdAoKYmFzaCAvdmFyL3J1bi9va2UtaW5pdC5zaA=="
                },
                "placement_constraint_details": [],
                "platform_config": [],
                "preemptible_instance_config": [],
                "preserve_boot_volume": false,
                "preserve_data_volumes_created_at_launch": false,
                "private_ip": "",
                "public_ip": "",
                "region": "ap-singapore-1",
                "security_attributes": {},
                "security_attributes_state": "STABLE",
                "shape": "VM.Standard.E3.Flex",
                "shape_config": [
                  {
                    "baseline_ocpu_utilization": "",
                    "gpu_description": "",
                    "gpus": 0,
                    "local_disk_description": "",
                    "local_disks": 0,
                    "local_disks_total_size_in_gbs": 0,
                    "max_vnic_attachments": 2,
                    "memory_in_gbs": 8,
                    "networking_bandwidth_in_gbps": 2,
                    "nvmes": 0,
                    "ocpus": 2,
                    "processor_description": "2.25 GHz AMD EPYC™ 7742 (Rome)",
                    "resource_management": "",
                    "vcpus": 4
                  }
                ],
                "source_details": [
                  {
                    "boot_volume_size_in_gbs": "",
                    "boot_volume_vpus_per_gb": "10",
                    "instance_source_image_filter_details": [],
                    "is_preserve_boot_volume_enabled": false,
                    "kms_key_id": "",
                    "source_id": "ocid1.image.oc1.ap-singapore-1.aaaaaaaap46mzk6dir2xmap2hc5ydscwzcggusasdxgkh77be3q2nhdre4nq",
                    "source_type": "image"
                  }
                ],
                "state": "RUNNING",
                "subnet_id": "",
                "system_tags": {
                  "orcl-containerengine.Cluster": "ocid1.cluster.oc1.ap-singapore-1.aaaaaaaadffnzoagk52xoxknh5umd377dhjh5bt4r45wvb2avcdzaz6nl3vq",
                  "orcl-containerengine.NodePool": "ocid1.nodepool.oc1.ap-singapore-1.aaaaaaaak762rxnbsuzw5gz4k22lscyrddn54s2cf37bqoyzdng2p7sur36a",
                  "orcl-containerengine.NodeType": "oke-managed"
                },
                "time_created": "2026-02-15 06:37:51.069 +0000 UTC",
                "time_maintenance_reboot_due": "",
                "update_operation_constraint": ""
              },
              {
                "agent_config": [
                  {
                    "are_all_plugins_disabled": false,
                    "is_management_disabled": false,
                    "is_monitoring_disabled": false,
                    "plugins_config": []
                  }
                ],
                "async": false,
                "availability_config": [
                  {
                    "is_live_migration_preferred": false,
                    "recovery_action": "RESTORE_INSTANCE"
                  }
                ],
                "availability_domain": "CpAD:AP-SINGAPORE-1-AD-1",
                "boot_volume_id": "",
                "capacity_reservation_id": "",
                "cluster_placement_group_id": "",
                "compartment_id": "ocid1.tenancy.oc1..aaaaaaaafmttsfo7ogtmmtbqi7mwomlji2hn44dyj4dwtvd7xgm236beottq",
                "compute_cluster_id": "",
                "create_vnic_details": [],
                "dedicated_vm_host_id": "",
                "defined_tags": {
                  "Oracle-Tags.CreatedBy": "ocid1.nodepool.oc1.ap-singapore-1.aaaaaaaao64j62pa6njjzx23tj2d5dtjmbjg6jr6mwedevuuxnkpx7k6rxfq",
                  "Oracle-Tags.CreatedOn": "2026-02-16T03:57:17.120Z"
                },
                "display_name": "oke-cdzaz6nl3vq-nkpx7k6rxfq-sjbo7ckwh7a-0",
                "extended_metadata": {},
                "fault_domain": "FAULT-DOMAIN-1",
                "freeform_tags": {},
                "hostname_label": "",
                "id": "ocid1.instance.oc1.ap-singapore-1.anzwsljrsfo24uic3iulx56xdiqgotrpbkv2vaevpas5njnb6hzgkrgi6jaa",
                "image": "ocid1.image.oc1.ap-singapore-1.aaaaaaaap46mzk6dir2xmap2hc5ydscwzcggusasdxgkh77be3q2nhdre4nq",
                "instance_configuration_id": "",
                "instance_options": [
                  {
                    "are_legacy_imds_endpoints_disabled": false
                  }
                ],
                "ipxe_script": "",
                "is_ai_enterprise_enabled": false,
                "is_cross_numa_node": false,
                "is_pv_encryption_in_transit_enabled": false,
                "launch_mode": "PARAVIRTUALIZED",
                "launch_options": [
                  {
                    "boot_volume_type": "PARAVIRTUALIZED",
                    "firmware": "UEFI_64",
                    "is_consistent_volume_naming_enabled": true,
                    "is_pv_encryption_in_transit_enabled": false,
                    "network_type": "PARAVIRTUALIZED",
                    "remote_data_volume_type": "PARAVIRTUALIZED"
                  }
                ],
                "launch_volume_attachments": [],
                "licensing_configs": [],
                "metadata": {
                  "ansible_args": "eyJjbHVzdGVyX2lkIjoiY2R6YXo2bmwzdnEiLCJrOHNfYXBpc2VydmVyX2FkZHIiOiIxMC4wLjEuOTgiLCJrOHNfYXBpc2VydmVyX3BvcnQiOiI2NDQzIiwiZmxhbm5lbF9ldGNkX2NhX2NlcnQiOiItLS0tLUJFR0lOIENFUlRJRklDQVRFLS0tLS1cbk1JSURpRENDQW5DZ0F3SUJBZ0lRTXU1dVFLTUZONXRXR1d4eDZjTS8vekFOQmdrcWhraUc5dzBCQVFzRkFEQmVcbk1ROHdEUVlEVlFRRERBWkxPSE1nUTBFeEN6QUpCZ05WQkFZVEFsVlRNUTh3RFFZRFZRUUhEQVpCZFhOMGFXNHhcbkR6QU5CZ05WQkFvTUJrOXlZV05zWlRFTU1Bb0dBMVVFQ3d3RFQyTnBNUTR3REFZRFZRUUlEQVZVWlhoaGN6QWVcbkZ3MHlOakF5TVRRd09UVTFOVFJhRncwek1UQXlNVFF3T1RVMU5UUmFNRjR4RHpBTkJnTlZCQU1NQmtzNGN5QkRcblFURUxNQWtHQTFVRUJoTUNWVk14RHpBTkJnTlZCQWNNQmtGMWMzUnBiakVQTUEwR0ExVUVDZ3dHVDNKaFkyeGxcbk1Rd3dDZ1lEVlFRTERBTlBZMmt4RGpBTUJnTlZCQWdNQlZSbGVHRnpNSUlCSWpBTkJna3Foa2lHOXcwQkFRRUZcbkFBT0NBUThBTUlJQkNnS0NBUUVBeVN5Ni9hekgyNTBjN1VXSnNTSmoxRFN5ZU84aGJaVFR1Rk9UZUJQemwvMkNcbnpUU2o1ZjlHL0tPeUQ4NUkrTkwvSmVUTUR5U1U1dVBoVE5xa3h3SWUzVUNoeFVqUjZPWk5ZSC90OElDU0xza3VcbnovNGxKQmlEWEtvemIyOEtkTXVGQkhZZDJNZ084aUg5QldRWmc1UzNBaVRmdjl6bytsMG90ZU8zN0tDWEthK0dcblVXeERDcDVrcjlLVjMvd0x5bStmMEZPRXVrd08xZXNnVytwU290L0JkRjlEdXpKNng1UitBTUwyVjJpbjNwbmtcbkgreFFJZnlzbDdHeGNENVJadEhjNjl4NjF5ZjdZd0NYa3ZJZkovcTNiK1greW1xYy9KZUJpTXAzTWprbTNCY21cbm5qcDVCL2FjZERHQlJwVWxEcEZmYjIrNVZLRWpPdFJoMFpHK1czSXFvUUlEQVFBQm8wSXdRREFQQmdOVkhSTUJcbkFmOEVCVEFEQVFIL01BNEdBMVVkRHdFQi93UUVBd0lCQmpBZEJnTlZIUTRFRmdRVW5tT1NKcU9ZVW9DVUE5RnZcbkZnbDlwTjBTYyswd0RRWUpLb1pJaHZjTkFRRUxCUUFEZ2dFQkFHYjFUTWlJK250SDU3MEVBclQxU2dzZ21jM0dcbndEWndGUlhuei92cjVYb3IrK1FJMHFDcXpRTXl0TS9CWjdMTnVTTjA4VzVDeG9rTjdGbkpDTDhMVDhScGJvM1BcbjdRbDVBdkhlZ2hOOE01NHZyTWsxRmppdmVSTUJ3SzFuaUlrUFVoaHNya1VhVzNCV0trR2c3NC9Hb3dXYW9SWEVcbmJrWXo0dW5oeVFPTzcvNHY0Z2ptRWppQTFDdlduOHVSYzAvZ2pJa0ZoemNQajc3WUg5NzhiZ20yOEU5YjNHcXhcblBhY2ptbk5ua1E0Q0VUVmZnc09wdlhSZ1RkT09La0RNK1FvdzFtZDB3ZHBiamxDbVl3WlVUdFQ5KzllUG5Yc2pcbm5GOTh1cTZEdmcrS3ZObEwwWVEwRGttamdIb08xT0RDSm5xMWpoa0cvY1FtZkpMSmVYUGY0Ty9SbGVRPVxuLS0tLS1FTkQgQ0VSVElGSUNBVEUtLS0tLVxuXG4iLCJrdWJlZG5zX3N2Y19pcCI6IjEwLjk2LjUuNSIsInRtX2lkIjoib2tlIiwia3ViZWxldF9jbGllbnRfY2EiOiItLS0tLUJFR0lOIENFUlRJRklDQVRFLS0tLS1cbk1JSURpRENDQW5DZ0F3SUJBZ0lRTXU1dVFLTUZONXRXR1d4eDZjTS8vekFOQmdrcWhraUc5dzBCQVFzRkFEQmVcbk1ROHdEUVlEVlFRRERBWkxPSE1nUTBFeEN6QUpCZ05WQkFZVEFsVlRNUTh3RFFZRFZRUUhEQVpCZFhOMGFXNHhcbkR6QU5CZ05WQkFvTUJrOXlZV05zWlRFTU1Bb0dBMVVFQ3d3RFQyTnBNUTR3REFZRFZRUUlEQVZVWlhoaGN6QWVcbkZ3MHlOakF5TVRRd09UVTFOVFJhRncwek1UQXlNVFF3T1RVMU5UUmFNRjR4RHpBTkJnTlZCQU1NQmtzNGN5QkRcblFURUxNQWtHQTFVRUJoTUNWVk14RHpBTkJnTlZCQWNNQmtGMWMzUnBiakVQTUEwR0ExVUVDZ3dHVDNKaFkyeGxcbk1Rd3dDZ1lEVlFRTERBTlBZMmt4RGpBTUJnTlZCQWdNQlZSbGVHRnpNSUlCSWpBTkJna3Foa2lHOXcwQkFRRUZcbkFBT0NBUThBTUlJQkNnS0NBUUVBeVN5Ni9hekgyNTBjN1VXSnNTSmoxRFN5ZU84aGJaVFR1Rk9UZUJQemwvMkNcbnpUU2o1ZjlHL0tPeUQ4NUkrTkwvSmVUTUR5U1U1dVBoVE5xa3h3SWUzVUNoeFVqUjZPWk5ZSC90OElDU0xza3VcbnovNGxKQmlEWEtvemIyOEtkTXVGQkhZZDJNZ084aUg5QldRWmc1UzNBaVRmdjl6bytsMG90ZU8zN0tDWEthK0dcblVXeERDcDVrcjlLVjMvd0x5bStmMEZPRXVrd08xZXNnVytwU290L0JkRjlEdXpKNng1UitBTUwyVjJpbjNwbmtcbkgreFFJZnlzbDdHeGNENVJadEhjNjl4NjF5ZjdZd0NYa3ZJZkovcTNiK1greW1xYy9KZUJpTXAzTWprbTNCY21cbm5qcDVCL2FjZERHQlJwVWxEcEZmYjIrNVZLRWpPdFJoMFpHK1czSXFvUUlEQVFBQm8wSXdRREFQQmdOVkhSTUJcbkFmOEVCVEFEQVFIL01BNEdBMVVkRHdFQi93UUVBd0lCQmpBZEJnTlZIUTRFRmdRVW5tT1NKcU9ZVW9DVUE5RnZcbkZnbDlwTjBTYyswd0RRWUpLb1pJaHZjTkFRRUxCUUFEZ2dFQkFHYjFUTWlJK250SDU3MEVBclQxU2dzZ21jM0dcbndEWndGUlhuei92cjVYb3IrK1FJMHFDcXpRTXl0TS9CWjdMTnVTTjA4VzVDeG9rTjdGbkpDTDhMVDhScGJvM1BcbjdRbDVBdkhlZ2hOOE01NHZyTWsxRmppdmVSTUJ3SzFuaUlrUFVoaHNya1VhVzNCV0trR2c3NC9Hb3dXYW9SWEVcbmJrWXo0dW5oeVFPTzcvNHY0Z2ptRWppQTFDdlduOHVSYzAvZ2pJa0ZoemNQajc3WUg5NzhiZ20yOEU5YjNHcXhcblBhY2ptbk5ua1E0Q0VUVmZnc09wdlhSZ1RkT09La0RNK1FvdzFtZDB3ZHBiamxDbVl3WlVUdFQ5KzllUG5Yc2pcbm5GOTh1cTZEdmcrS3ZObEwwWVEwRGttamdIb08xT0RDSm5xMWpoa0cvY1FtZkpMSmVYUGY0Ty9SbGVRPVxuLS0tLS1FTkQgQ0VSVElGSUNBVEUtLS0tLVxuXG4iLCJwcm94eW11eF9zZXJ2ZXJfcG9ydCI6IjEyMjUwIn0=",
                  "bootstrap-kubelet-conf": "YXBpVmVyc2lvbjogdjEKY2x1c3RlcnM6Ci0gY2x1c3RlcjoKICAgIGNlcnRpZmljYXRlLWF1dGhvcml0eS1kYXRhOiBMUzB0TFMxQ1JVZEpUaUJEUlZKVVNVWkpRMEZVUlMwdExTMHRDazFKU1VScFJFTkRRVzVEWjBGM1NVSkJaMGxSVFhVMWRWRkxUVVpPTlhSWFIxZDRlRFpqVFM4dmVrRk9RbWRyY1docmFVYzVkekJDUVZGelJrRkVRbVVLVFZFNGQwUlJXVVJXVVZGRVJFRmFURTlJVFdkUk1FVjRRM3BCU2tKblRsWkNRVmxVUVd4V1ZFMVJPSGRFVVZsRVZsRlJTRVJCV2tKa1dFNHdZVmMwZUFwRWVrRk9RbWRPVmtKQmIwMUNhemw1V1ZkT2MxcFVSVTFOUVc5SFFURlZSVU4zZDBSVU1rNXdUVkUwZDBSQldVUldVVkZKUkVGV1ZWcFlhR2hqZWtGbENrWjNNSGxPYWtGNVRWUlJkMDlVVlRGT1ZGSmhSbmN3ZWsxVVFYbE5WRkYzVDFSVk1VNVVVbUZOUmpSNFJIcEJUa0puVGxaQ1FVMU5RbXR6TkdONVFrUUtVVlJGVEUxQmEwZEJNVlZGUW1oTlExWldUWGhFZWtGT1FtZE9Wa0pCWTAxQ2EwWXhZek5TY0dKcVJWQk5RVEJIUVRGVlJVTm5kMGRVTTBwb1dUSjRiQXBOVVhkM1EyZFpSRlpSVVV4RVFVNVFXVEpyZUVScVFVMUNaMDVXUWtGblRVSldVbXhsUjBaNlRVbEpRa2xxUVU1Q1oydHhhR3RwUnpsM01FSkJVVVZHQ2tGQlQwTkJVVGhCVFVsSlFrTm5TME5CVVVWQmVWTjVOaTloZWtneU5UQmpOMVZYU25OVFNtb3hSRk41WlU4NGFHSmFWRlIxUms5VVpVSlFlbXd2TWtNS2VsUlRhalZtT1VjdlMwOTVSRGcxU1N0T1RDOUtaVlJOUkhsVFZUVjFVR2hVVG5GcmVIZEpaVE5WUTJoNFZXcFNOazlhVGxsSUwzUTRTVU5UVEhOcmRRcDZMelJzU2tKcFJGaExiM3BpTWpoTFpFMTFSa0pJV1dReVRXZFBPR2xJT1VKWFVWcG5OVk16UVdsVVpuWTVlbThyYkRCdmRHVlBNemRMUTFoTFlTdEhDbFZYZUVSRGNEVnJjamxMVmpNdmQweDViU3RtTUVaUFJYVnJkMDh4WlhOblZ5dHdVMjkwTDBKa1JqbEVkWHBLTm5nMVVpdEJUVXd5VmpKcGJqTndibXNLU0N0NFVVbG1lWE5zTjBkNFkwUTFVbHAwU0dNMk9YZzJNWGxtTjFsM1ExaHJka2xtU2k5eE0ySXJXQ3Q1YlhGakwwcGxRbWxOY0ROTmFtdHRNMEpqYlFwdWFuQTFRaTloWTJSRVIwSlNjRlZzUkhCR1ptSXlLelZXUzBWcVQzUlNhREJhUnl0WE0wbHhiMUZKUkVGUlFVSnZNRWwzVVVSQlVFSm5UbFpJVWsxQ0NrRm1PRVZDVkVGRVFWRklMMDFCTkVkQk1WVmtSSGRGUWk5M1VVVkJkMGxDUW1wQlpFSm5UbFpJVVRSRlJtZFJWVzV0VDFOS2NVOVpWVzlEVlVFNVJuWUtSbWRzT1hCT01GTmpLekIzUkZGWlNrdHZXa2xvZG1OT1FWRkZURUpSUVVSblowVkNRVWRpTVZSTmFVa3JiblJJTlRjd1JVRnlWREZUWjNObmJXTXpSd3AzUkZwM1JsSllibm92ZG5JMVdHOXlLeXRSU1RCeFEzRjZVVTE1ZEUwdlFsbzNURTUxVTA0d09GYzFRM2h2YTA0M1JtNUtRMHc0VEZRNFVuQmliek5RQ2pkUmJEVkJka2hsWjJoT09FMDFOSFp5VFdzeFJtcHBkbVZTVFVKM1N6RnVhVWxyVUZWb2FITnlhMVZoVnpOQ1YwdHJSMmMzTkM5SGIzZFhZVzlTV0VVS1ltdFplalIxYm1oNVVVOVBOeTgwZGpSbmFtMUZhbWxCTVVOMlYyNDRkVkpqTUM5bmFrbHJSbWg2WTFCcU56ZFpTRGszT0dKbmJUSTRSVGxpTTBkeGVBcFFZV05xYlc1T2JtdFJORU5GVkZabVozTlBjSFpZVW1kVVpFOVBTMnRFVFN0UmIzY3hiV1F3ZDJSd1ltcHNRMjFaZDFwVlZIUlVPU3M1WlZCdVdITnFDbTVHT1RoMWNUWkVkbWNyUzNaT2JFd3dXVkV3Ukd0dGFtZEliMDh4VDBSRFNtNXhNV3BvYTBjdlkxRnRaa3BNU21WWVVHWTBUeTlTYkdWUlBRb3RMUzB0TFVWT1JDQkRSVkpVU1VaSlEwRlVSUzB0TFMwdENnbz0KICAgIHNlcnZlcjogaHR0cHM6Ly8xMC4wLjEuOTg6NjQ0MwogIG5hbWU6IGJvb3RzdHJhcApjb250ZXh0czoKLSBjb250ZXh0OgogICAgY2x1c3RlcjogYm9vdHN0cmFwCiAgICB1c2VyOiBib290c3RyYXAKICBuYW1lOiBib290c3RyYXAKY3VycmVudC1jb250ZXh0OiBib290c3RyYXAKa2luZDogQ29uZmlnCnByZWZlcmVuY2VzOiB7fQp1c2VyczoKLSBuYW1lOiBib290c3RyYXAKICB1c2VyOgogICAgdG9rZW46IHN3cnN4NS5kODZ6YmVqa2ZoeThyeTI4Cg==",
                  "inventory_tmpl": "[tkm-minions]\nlocalhost initial_node_labels=oci.oraclecloud.com/node.info.managed=true node_is_on_private_subnet={NODE_IS_ON_PRIVATE_SUBNET} nodeid_suffix={NODE_SUFFIX} shape=VM.Standard.E3.Flex ansible_user=opc tenancyid=ocid1.tenancy.oc1..aaaaaaaafmttsfo7ogtmmtbqi7mwomlji2hn44dyj4dwtvd7xgm236beottq compartmentid_prefix=ocid1.tenancy.oc1 k8s_kubelet_hostname={K8S_KUBELET_HOSTNAME} region_key=SIN ansible_connection=local public_ipaddress={PUBLIC_IP} zone=CpAD:AP-SINGAPORE-1-AD-1 k8s_version=v1.31.10 displayname=oke-cdzaz6nl3vq-nkpx7k6rxfq-sjbo7ckwh7a-0 compartmentname=ceo86 nodeid_prefix={NODE_PREFIX} region_name=ap-singapore-1 ta_version={TA_VERSION} region=ap-singapore-1 compartmentid_suffix=aaaaaaaafmttsfo7ogtmmtbqi7mwomlji2hn44dyj4dwtvd7xgm236beottq private_ipaddress={PRIVATE_IP}\n",
                  "ip-families": "IPv4",
                  "oci_tld": "oraclecloud.com",
                  "oke-ad": "CpAD:AP-SINGAPORE-1-AD-1",
                  "oke-cluster-display-name": "taskir-oke-cluster",
                  "oke-cluster-id": "ocid1.cluster.oc1.ap-singapore-1.aaaaaaaadffnzoagk52xoxknh5umd377dhjh5bt4r45wvb2avcdzaz6nl3vq",
                  "oke-cluster-label": "cdzaz6nl3vq",
                  "oke-compartment-name": "ceo86",
                  "oke-image-name": "Oracle-Linux-8.10-2025.09.16-0-OKE-1.31.10-1330",
                  "oke-initial-node-labels": "oci.oraclecloud.com/node.info.managed=true",
                  "oke-is-cloud-init": "true",
                  "oke-is-on-private-subnet": "false",
                  "oke-is-onsr": "false",
                  "oke-is-preemptible": "false",
                  "oke-is-private-worker": "true",
                  "oke-k8version": "v1.31.10",
                  "oke-node-package-node-all-version": "oci-oke-node-all-1.31.10*",
                  "oke-pool-id": "ocid1.nodepool.oc1.ap-singapore-1.aaaaaaaao64j62pa6njjzx23tj2d5dtjmbjg6jr6mwedevuuxnkpx7k6rxfq",
                  "oke-pool-label": "nkpx7k6rxfq",
                  "oke-preconfigured-vnics": "false",
                  "oke-slot": "0",
                  "oke-subnet-label": "sjbo7ckwh7a",
                  "oke-tenancy-id": "ocid1.tenancy.oc1..aaaaaaaafmttsfo7ogtmmtbqi7mwomlji2hn44dyj4dwtvd7xgm236beottq",
                  "oke-tm": "oke",
                  "oke_artifact_signing_key": "-----BEGIN PUBLIC KEY-----\nMIICIjANBgkqhkiG9w0BAQEFAAOCAg8AMIICCgKCAgEA6byaA2n422JumfKQf90Q\nlpI9zderJ5duw6kWA1AwVCB4A+oEFrD1stJB+BUkCK+xML3iyVGuwm7LeMm1r5zL\nRlXb/rm9aqtNl164O5rHlcerH+bJD+83JKD7RP38+IkFes8PehI0OcrRLXe678vH\ny8FqCKTv9oZ32rgzHmYlWLxDBzIHJBL+0DkLB3OjOog69DvJsF8/IfbpZyypIjba\nbDrytAqThsEA1lJq99vzrIWhnImUUfUFfGElasiL7yqLFqgJwtjFstnJCpZdRdVV\noVRl93DUem8MQIkSfXisTVAKBw6n/FU7M2jrfR8jXswAQXLuKoTBv9Hoa8oy+FFc\nTSR989WNliip/oDUJrMDTxUC7Ihb1dRyZuZcS82LhjfWMQx2WhVYo7+wlo3WKDJ/\nnSYVs4NBzFS114iriRFxa0v+C7Z3lehbOyLm4Rrs4PQXhio6dJLMLVxX+kEWXZb8\nxQwJWkniS3YlzaK+JP8gRyrkSUgRutbdBjkZ93UtEn5OrSqCPTmHWXxk6mJJoJUY\ngUzZ1xfxRSgfRv1iwOGPb9njhvnBiHiAv+lB0Y7bGBdRkJvzwwTPOcogB+o0ddr6\n9/LUPM71YX5unTUGW5iwMC+FdGPDwPIzsSHfoY6hw54sag78gKV8pH/XH2rUodny\n1JHqS7CXJ69UusbDDYUbqyMCAwEAAQ==\n-----END PUBLIC KEY-----\n",
                  "oke_init_script": "IyEvdXNyL2Jpbi9lbnYgYmFzaApzZXQgLXgKc2V0IC1lCnNldCAtbyBwaXBlZmFpbAoKdjFfc2hhX2ZpbGU9ImFuc2libGUtcGxheWJvb2stMS43MC4wLWQxODcxZDkxNjAwYWVhMzc2ZDAwMGY4NGZiYzE3YjhiYjI5YTZjNmQtMS50Z3ouc2hhMjU2Igp2Ml9zaGFfZmlsZT0kKGVjaG8gImFuc2libGUtcGxheWJvb2stMS43MC4wLWQxODcxZDkxNjAwYWVhMzc2ZDAwMGY4NGZiYzE3YjhiYjI5YTZjNmQtMS50Z3oiIHwgc2VkICdzL1wudGd6Ly12MlwudGd6LnNoYTI1Ni8nKQoKdmVyaWZ5Q2hlY2tzdW0oKSB7CiAgaWYgZ3JlcCAnUFJFVFRZX05BTUU9Ik9yYWNsZSBMaW51eCBTZXJ2ZXIgOFwuLioiJyAvZXRjL29zLXJlbGVhc2UgPi9kZXYvbnVsbDsgdGhlbgogICAgb3BlbnNzbCBkZ3N0IC1zaGEyNTYgLXNpZ25hdHVyZSAkMSAtdmVyaWZ5ICQyICQzCiAgZWxzZQogICAgT1BFTlNTTF9GSVBTPTEgb3BlbnNzbCBkZ3N0IC1zaGEyNTYgLXNpZ25hdHVyZSAkMSAtdmVyaWZ5ICQyICQzCiAgZmkKfQoKZG93bmxvYWRBbnNpYmxlKCkgewogIGN1cmwgLXYgLS1mYWlsIC1MMCBodHRwczovL29iamVjdHN0b3JhZ2UuYXAtc2luZ2Fwb3JlLTEub3JhY2xlY2xvdWQuY29tL24vb2R4LW9rZS9iL3Rrdy1jbG91ZC1pbml0LXByZC0wL28vYW5zaWJsZS1wbGF5Ym9vay0xLjcwLjAtZDE4NzFkOTE2MDBhZWEzNzZkMDAwZjg0ZmJjMTdiOGJiMjlhNmM2ZC0xLnRneiAtbyAvdmFyL3J1bi90a3cvYW5zaWJsZS1wbGF5Ym9vay0xLjcwLjAtZDE4NzFkOTE2MDBhZWEzNzZkMDAwZjg0ZmJjMTdiOGJiMjlhNmM2ZC0xLnRneiAmJgogIGN1cmwgLS1mYWlsIC1IICJBdXRob3JpemF0aW9uOiBCZWFyZXIgT3JhY2xlIiAtTDAgaHR0cDovLzE2OS4yNTQuMTY5LjI1NC9vcGMvdjIvaW5zdGFuY2UvbWV0YWRhdGEvb2tlX2FydGlmYWN0X3NpZ25pbmdfa2V5ID4gL3Zhci9ydW4vdGt3L29rZS1zaWduaW5nLnB1YiAmJgogIGlmIGN1cmwgLXYgLS1mYWlsIC1MMCBodHRwczovL29iamVjdHN0b3JhZ2UuYXAtc2luZ2Fwb3JlLTEub3JhY2xlY2xvdWQuY29tL24vb2R4LW9rZS9iL3Rrdy1jbG91ZC1pbml0LXByZC0wL28vJHYxX3NoYV9maWxlIC1vIC92YXIvcnVuL3Rrdy8kdjFfc2hhX2ZpbGUgJiYgXAogICAgdmVyaWZ5Q2hlY2tzdW0gL3Zhci9ydW4vdGt3LyR2MV9zaGFfZmlsZSAvdmFyL3J1bi90a3cvb2tlLXNpZ25pbmcucHViIC92YXIvcnVuL3Rrdy9hbnNpYmxlLXBsYXlib29rLTEuNzAuMC1kMTg3MWQ5MTYwMGFlYTM3NmQwMDBmODRmYmMxN2I4YmIyOWE2YzZkLTEudGd6OyB0aGVuCiAgICBlY2hvICJBbnNpYmxlIGJ1bmRsZSBpcyBiZWluZyBzaWduZWQgd2l0aCBhcnRpZmFjdC1zaWduaW5nLWtleSIKICBlbGlmIGN1cmwgLXYgLS1mYWlsIC1MMCBodHRwczovL29iamVjdHN0b3JhZ2UuYXAtc2luZ2Fwb3JlLTEub3JhY2xlY2xvdWQuY29tL24vb2R4LW9rZS9iL3Rrdy1jbG91ZC1pbml0LXByZC0wL28vJHYyX3NoYV9maWxlIC1vIC92YXIvcnVuL3Rrdy8kdjJfc2hhX2ZpbGUgJiYgXAogICAgdmVyaWZ5Q2hlY2tzdW0gL3Zhci9ydW4vdGt3LyR2Ml9zaGFfZmlsZSAvdmFyL3J1bi90a3cvb2tlLXNpZ25pbmcucHViIC92YXIvcnVuL3Rrdy9hbnNpYmxlLXBsYXlib29rLTEuNzAuMC1kMTg3MWQ5MTYwMGFlYTM3NmQwMDBmODRmYmMxN2I4YmIyOWE2YzZkLTEudGd6OyB0aGVuCiAgICBlY2hvICJBbnNpYmxlIGJ1bmRsZSBpcyBiZWluZyBzaWduZWQgd2l0aCBhcnRpZmFjdC1zaWduaW5nLWtleS12MiIKICBlbHNlCiAgICByZXR1cm4gMQogIGZpCn0KCmV4ZWMgJj4gPih0ZWUgLWlhIC92YXIvcnVuL29rZS1pbml0LmxvZykKaWYgWyAhIC1mIC92YXIvbG9nL2Nsb3VkLWluaXQtb3V0cHV0LmxvZyBdOyB0aGVuCiAgZXhlYyAmPiA+KHRlZSAtaWEgL3Zhci9sb2cvY2xvdWQtaW5pdC1vdXRwdXQubG9nKQpmaQpleGVjIDI+JjEKCmlmIFsgLWYgL2V0Yy8ub2tlX2luaXRfY29tcGxldGUgXTsgdGhlbgogIGVjaG8gIk9LRSBwcm92aXNpb25pbmcgYWxyZWFkeSBjb21wbGV0ZWQiCiAgZXhpdCAwCmZpCgpta2RpciAtcCAvZXRjL3JwbQpSUE1fU1BFQz0vZXRjL3JwbS9tYWNyb3MudmVyaWZ5CmlmIFsgLWYgL2V0Yy9va2Uvb2tlLWluc3RhbGwuc2ggXTsgdGhlbgogIHVudGlsIGJhc2ggLXggIi9ldGMvb2tlL29rZS1pbnN0YWxsLnNoIiAiJEAiCiAgZG8KICAgIGVjaG8gIm9rZS1pbnN0YWxsIGZhaWxlZCwgcmV0cnlpbmcgaW4gNXMuLi4iCiAgICBzbGVlcCA1CiAgZG9uZQplbHNlCiAgZWNobyAiJV9wa2d2ZXJpZnlfbGV2ZWwgbm9uZSIgPiRSUE1fU1BFQwogIG1rZGlyIC1wIC92YXIvcnVuL3RrdwogIHJtIC1yZiAvdmFyL3J1bi90a3cvKgogIHVudGlsIGRvd25sb2FkQW5zaWJsZQogIGRvCiAgICBlY2hvICJGYWlsZWQgdG8gZG93bmxvYWQgVEtXIGFuc2libGUgYnVuZGxlLi4ucmV0cnlpbmcgaW4gNXMiCiAgICBybSAtcmYgL3Zhci9ydW4vdGt3LyoKICAgIG1rZGlyIC1wIC92YXIvcnVuL3RrdwogICAgc2xlZXAgNQogIGRvbmUKICB0YXIgLXh6dmYgL3Zhci9ydW4vdGt3L2Fuc2libGUtcGxheWJvb2stMS43MC4wLWQxODcxZDkxNjAwYWVhMzc2ZDAwMGY4NGZiYzE3YjhiYjI5YTZjNmQtMS50Z3ogLUMgL3Zhci9ydW4vdGt3CiAgdW50aWwgYmFzaCAteCAiL3Zhci9ydW4vdGt3L2Jvb3RzdHJhcC5zaCIgIiRAIgogIGRvCiAgICBlY2hvICJib290c3RyYXAgZmFpbGVkLi4ucmV0cnlpbmcgaW4gNXMuLi4iCiAgICBzbGVlcCA1CiAgZG9uZQogIHJtIC1mICRSUE1fU1BFQwpmaQo=",
                  "oke_maturity": "prd",
                  "oke_namespace": "odx-oke",
                  "realm": "oc1",
                  "ssh_authorized_keys": "ssh-rsa AAAAB3NzaC1yc2EAAAADAQABAAABAQC2Kutag9jwtdy839XBeMFmDLQ6/lAn/3A6M39L8sgHW7WYUPaNfJwof36f02qVEfR+dPzMoFixOQRfg6/ERfk9CVOPrL/lRXy5g5UD1319PonyplhkGzoOEybinOv1CVZbWzy8We+LDynZ8VCdo7mYuTpy6xGjv3KYU/sNhGe1ftgeB8HAnZFAS36E8o338c8TnXQ3XmUY16QPWFCqJCoFRXJpg9HJmDsa76Q+dmEoUD4LEZxnc7fK3w+mPRBV7hGHQqt9lMdpmbi87+KHWbUhFmy395qDq3e8f2fzXuQsoUTBimIt4oHKThMwrczPN8homtHnApnjXy3UauXUZBSf\n",
                  "user_data": "IyEvYmluL2Jhc2gKb2tlX2luaXRfc2NyaXB0PSQoY3VybCAtLWZhaWwgLW0gNSAtSCAiQXV0aG9yaXphdGlvbjogQmVhcmVyIE9yYWNsZSIgLUwwIGh0dHA6Ly8xNjkuMjU0LjE2OS4yNTQvb3BjL3YyL2luc3RhbmNlL21ldGFkYXRhL29rZV9pbml0X3NjcmlwdCkKaWYgWyAkPyAtbmUgMCBdOyB0aGVuCiAgb2tlX2luaXRfc2NyaXB0PSQoY3VybCAtLWZhaWwgLW0gNSAtZyAtSCAiQXV0aG9yaXphdGlvbjogQmVhcmVyIE9yYWNsZSIgLUwwIGh0dHA6Ly9bZmQwMDpjMTo6YTlmZTphOWZlXS9vcGMvdjIvaW5zdGFuY2UvbWV0YWRhdGEvb2tlX2luaXRfc2NyaXB0KQpmaQplY2hvICRva2VfaW5pdF9zY3JpcHQgfCBiYXNlNjQgLS1kZWNvZGUgPiAvdmFyL3J1bi9va2UtaW5pdC5zaAp0b3VjaCAvdmFyL3J1bi8ub2tlLWRlZmF1bHQtY2xvdWQtaW5pdAoKYmFzaCAvdmFyL3J1bi9va2UtaW5pdC5zaA=="
                },
                "placement_constraint_details": [],
                "platform_config": [],
                "preemptible_instance_config": [],
                "preserve_boot_volume": false,
                "preserve_data_volumes_created_at_launch": false,
                "private_ip": "",
                "public_ip": "",
                "region": "ap-singapore-1",
                "security_attributes": {},
                "security_attributes_state": "STABLE",
                "shape": "VM.Standard.E3.Flex",
                "shape_config": [
                  {
                    "baseline_ocpu_utilization": "",
                    "gpu_description": "",
                    "gpus": 0,
                    "local_disk_description": "",
                    "local_disks": 0,
                    "local_disks_total_size_in_gbs": 0,
                    "max_vnic_attachments": 2,
                    "memory_in_gbs": 8,
                    "networking_bandwidth_in_gbps": 2,
                    "nvmes": 0,
                    "ocpus": 2,
                    "processor_description": "2.25 GHz AMD EPYC™ 7742 (Rome)",
                    "resource_management": "",
                    "vcpus": 4
                  }
                ],
                "source_details": [
                  {
                    "boot_volume_size_in_gbs": "",
                    "boot_volume_vpus_per_gb": "10",
                    "instance_source_image_filter_details": [],
                    "is_preserve_boot_volume_enabled": false,
                    "kms_key_id": "",
                    "source_id": "ocid1.image.oc1.ap-singapore-1.aaaaaaaap46mzk6dir2xmap2hc5ydscwzcggusasdxgkh77be3q2nhdre4nq",
                    "source_type": "image"
                  }
                ],
                "state": "TERMINATED",
                "subnet_id": "",
                "system_tags": {
                  "orcl-containerengine.Cluster": "ocid1.cluster.oc1.ap-singapore-1.aaaaaaaadffnzoagk52xoxknh5umd377dhjh5bt4r45wvb2avcdzaz6nl3vq",
                  "orcl-containerengine.NodePool": "ocid1.nodepool.oc1.ap-singapore-1.aaaaaaaao64j62pa6njjzx23tj2d5dtjmbjg6jr6mwedevuuxnkpx7k6rxfq",
                  "orcl-containerengine.NodeType": "oke-managed"
                },
                "time_created": "2026-02-16 03:57:17.589 +0000 UTC",
                "time_maintenance_reboot_due": "",
                "update_operation_constraint": ""
              },
              {
                "agent_config": [
                  {
                    "are_all_plugins_disabled": false,
                    "is_management_disabled": false,
                    "is_monitoring_disabled": false,
                    "plugins_config": []
                  }
                ],
                "async": false,
                "availability_config": [
                  {
                    "is_live_migration_preferred": false,
                    "recovery_action": "RESTORE_INSTANCE"
                  }
                ],
                "availability_domain": "CpAD:AP-SINGAPORE-1-AD-1",
                "boot_volume_id": "",
                "capacity_reservation_id": "",
                "cluster_placement_group_id": "",
                "compartment_id": "ocid1.tenancy.oc1..aaaaaaaafmttsfo7ogtmmtbqi7mwomlji2hn44dyj4dwtvd7xgm236beottq",
                "compute_cluster_id": "",
                "create_vnic_details": [],
                "dedicated_vm_host_id": "",
                "defined_tags": {
                  "Oracle-Tags.CreatedBy": "ocid1.nodepool.oc1.ap-singapore-1.aaaaaaaal2hhokknjj6g7fhgj6ren43x3f5thl4o4igcjbp53nyvss2yzviq",
                  "Oracle-Tags.CreatedOn": "2026-02-16T00:19:52.183Z"
                },
                "display_name": "oke-cdzaz6nl3vq-nyvss2yzviq-sjbo7ckwh7a-0",
                "extended_metadata": {},
                "fault_domain": "FAULT-DOMAIN-1",
                "freeform_tags": {},
                "hostname_label": "",
                "id": "ocid1.instance.oc1.ap-singapore-1.anzwsljrsfo24uicmwkdokb7uyfqp5ofcmj3j35qzaw6gmmva2edbn7nye5a",
                "image": "ocid1.image.oc1.ap-singapore-1.aaaaaaaap46mzk6dir2xmap2hc5ydscwzcggusasdxgkh77be3q2nhdre4nq",
                "instance_configuration_id": "",
                "instance_options": [
                  {
                    "are_legacy_imds_endpoints_disabled": false
                  }
                ],
                "ipxe_script": "",
                "is_ai_enterprise_enabled": false,
                "is_cross_numa_node": false,
                "is_pv_encryption_in_transit_enabled": false,
                "launch_mode": "PARAVIRTUALIZED",
                "launch_options": [
                  {
                    "boot_volume_type": "PARAVIRTUALIZED",
                    "firmware": "UEFI_64",
                    "is_consistent_volume_naming_enabled": true,
                    "is_pv_encryption_in_transit_enabled": false,
                    "network_type": "PARAVIRTUALIZED",
                    "remote_data_volume_type": "PARAVIRTUALIZED"
                  }
                ],
                "launch_volume_attachments": [],
                "licensing_configs": [],
                "metadata": {
                  "ansible_args": "eyJjbHVzdGVyX2lkIjoiY2R6YXo2bmwzdnEiLCJrOHNfYXBpc2VydmVyX2FkZHIiOiIxMC4wLjEuOTgiLCJrOHNfYXBpc2VydmVyX3BvcnQiOiI2NDQzIiwiZmxhbm5lbF9ldGNkX2NhX2NlcnQiOiItLS0tLUJFR0lOIENFUlRJRklDQVRFLS0tLS1cbk1JSURpRENDQW5DZ0F3SUJBZ0lRTXU1dVFLTUZONXRXR1d4eDZjTS8vekFOQmdrcWhraUc5dzBCQVFzRkFEQmVcbk1ROHdEUVlEVlFRRERBWkxPSE1nUTBFeEN6QUpCZ05WQkFZVEFsVlRNUTh3RFFZRFZRUUhEQVpCZFhOMGFXNHhcbkR6QU5CZ05WQkFvTUJrOXlZV05zWlRFTU1Bb0dBMVVFQ3d3RFQyTnBNUTR3REFZRFZRUUlEQVZVWlhoaGN6QWVcbkZ3MHlOakF5TVRRd09UVTFOVFJhRncwek1UQXlNVFF3T1RVMU5UUmFNRjR4RHpBTkJnTlZCQU1NQmtzNGN5QkRcblFURUxNQWtHQTFVRUJoTUNWVk14RHpBTkJnTlZCQWNNQmtGMWMzUnBiakVQTUEwR0ExVUVDZ3dHVDNKaFkyeGxcbk1Rd3dDZ1lEVlFRTERBTlBZMmt4RGpBTUJnTlZCQWdNQlZSbGVHRnpNSUlCSWpBTkJna3Foa2lHOXcwQkFRRUZcbkFBT0NBUThBTUlJQkNnS0NBUUVBeVN5Ni9hekgyNTBjN1VXSnNTSmoxRFN5ZU84aGJaVFR1Rk9UZUJQemwvMkNcbnpUU2o1ZjlHL0tPeUQ4NUkrTkwvSmVUTUR5U1U1dVBoVE5xa3h3SWUzVUNoeFVqUjZPWk5ZSC90OElDU0xza3VcbnovNGxKQmlEWEtvemIyOEtkTXVGQkhZZDJNZ084aUg5QldRWmc1UzNBaVRmdjl6bytsMG90ZU8zN0tDWEthK0dcblVXeERDcDVrcjlLVjMvd0x5bStmMEZPRXVrd08xZXNnVytwU290L0JkRjlEdXpKNng1UitBTUwyVjJpbjNwbmtcbkgreFFJZnlzbDdHeGNENVJadEhjNjl4NjF5ZjdZd0NYa3ZJZkovcTNiK1greW1xYy9KZUJpTXAzTWprbTNCY21cbm5qcDVCL2FjZERHQlJwVWxEcEZmYjIrNVZLRWpPdFJoMFpHK1czSXFvUUlEQVFBQm8wSXdRREFQQmdOVkhSTUJcbkFmOEVCVEFEQVFIL01BNEdBMVVkRHdFQi93UUVBd0lCQmpBZEJnTlZIUTRFRmdRVW5tT1NKcU9ZVW9DVUE5RnZcbkZnbDlwTjBTYyswd0RRWUpLb1pJaHZjTkFRRUxCUUFEZ2dFQkFHYjFUTWlJK250SDU3MEVBclQxU2dzZ21jM0dcbndEWndGUlhuei92cjVYb3IrK1FJMHFDcXpRTXl0TS9CWjdMTnVTTjA4VzVDeG9rTjdGbkpDTDhMVDhScGJvM1BcbjdRbDVBdkhlZ2hOOE01NHZyTWsxRmppdmVSTUJ3SzFuaUlrUFVoaHNya1VhVzNCV0trR2c3NC9Hb3dXYW9SWEVcbmJrWXo0dW5oeVFPTzcvNHY0Z2ptRWppQTFDdlduOHVSYzAvZ2pJa0ZoemNQajc3WUg5NzhiZ20yOEU5YjNHcXhcblBhY2ptbk5ua1E0Q0VUVmZnc09wdlhSZ1RkT09La0RNK1FvdzFtZDB3ZHBiamxDbVl3WlVUdFQ5KzllUG5Yc2pcbm5GOTh1cTZEdmcrS3ZObEwwWVEwRGttamdIb08xT0RDSm5xMWpoa0cvY1FtZkpMSmVYUGY0Ty9SbGVRPVxuLS0tLS1FTkQgQ0VSVElGSUNBVEUtLS0tLVxuXG4iLCJrdWJlZG5zX3N2Y19pcCI6IjEwLjk2LjUuNSIsInRtX2lkIjoib2tlIiwia3ViZWxldF9jbGllbnRfY2EiOiItLS0tLUJFR0lOIENFUlRJRklDQVRFLS0tLS1cbk1JSURpRENDQW5DZ0F3SUJBZ0lRTXU1dVFLTUZONXRXR1d4eDZjTS8vekFOQmdrcWhraUc5dzBCQVFzRkFEQmVcbk1ROHdEUVlEVlFRRERBWkxPSE1nUTBFeEN6QUpCZ05WQkFZVEFsVlRNUTh3RFFZRFZRUUhEQVpCZFhOMGFXNHhcbkR6QU5CZ05WQkFvTUJrOXlZV05zWlRFTU1Bb0dBMVVFQ3d3RFQyTnBNUTR3REFZRFZRUUlEQVZVWlhoaGN6QWVcbkZ3MHlOakF5TVRRd09UVTFOVFJhRncwek1UQXlNVFF3T1RVMU5UUmFNRjR4RHpBTkJnTlZCQU1NQmtzNGN5QkRcblFURUxNQWtHQTFVRUJoTUNWVk14RHpBTkJnTlZCQWNNQmtGMWMzUnBiakVQTUEwR0ExVUVDZ3dHVDNKaFkyeGxcbk1Rd3dDZ1lEVlFRTERBTlBZMmt4RGpBTUJnTlZCQWdNQlZSbGVHRnpNSUlCSWpBTkJna3Foa2lHOXcwQkFRRUZcbkFBT0NBUThBTUlJQkNnS0NBUUVBeVN5Ni9hekgyNTBjN1VXSnNTSmoxRFN5ZU84aGJaVFR1Rk9UZUJQemwvMkNcbnpUU2o1ZjlHL0tPeUQ4NUkrTkwvSmVUTUR5U1U1dVBoVE5xa3h3SWUzVUNoeFVqUjZPWk5ZSC90OElDU0xza3VcbnovNGxKQmlEWEtvemIyOEtkTXVGQkhZZDJNZ084aUg5QldRWmc1UzNBaVRmdjl6bytsMG90ZU8zN0tDWEthK0dcblVXeERDcDVrcjlLVjMvd0x5bStmMEZPRXVrd08xZXNnVytwU290L0JkRjlEdXpKNng1UitBTUwyVjJpbjNwbmtcbkgreFFJZnlzbDdHeGNENVJadEhjNjl4NjF5ZjdZd0NYa3ZJZkovcTNiK1greW1xYy9KZUJpTXAzTWprbTNCY21cbm5qcDVCL2FjZERHQlJwVWxEcEZmYjIrNVZLRWpPdFJoMFpHK1czSXFvUUlEQVFBQm8wSXdRREFQQmdOVkhSTUJcbkFmOEVCVEFEQVFIL01BNEdBMVVkRHdFQi93UUVBd0lCQmpBZEJnTlZIUTRFRmdRVW5tT1NKcU9ZVW9DVUE5RnZcbkZnbDlwTjBTYyswd0RRWUpLb1pJaHZjTkFRRUxCUUFEZ2dFQkFHYjFUTWlJK250SDU3MEVBclQxU2dzZ21jM0dcbndEWndGUlhuei92cjVYb3IrK1FJMHFDcXpRTXl0TS9CWjdMTnVTTjA4VzVDeG9rTjdGbkpDTDhMVDhScGJvM1BcbjdRbDVBdkhlZ2hOOE01NHZyTWsxRmppdmVSTUJ3SzFuaUlrUFVoaHNya1VhVzNCV0trR2c3NC9Hb3dXYW9SWEVcbmJrWXo0dW5oeVFPTzcvNHY0Z2ptRWppQTFDdlduOHVSYzAvZ2pJa0ZoemNQajc3WUg5NzhiZ20yOEU5YjNHcXhcblBhY2ptbk5ua1E0Q0VUVmZnc09wdlhSZ1RkT09La0RNK1FvdzFtZDB3ZHBiamxDbVl3WlVUdFQ5KzllUG5Yc2pcbm5GOTh1cTZEdmcrS3ZObEwwWVEwRGttamdIb08xT0RDSm5xMWpoa0cvY1FtZkpMSmVYUGY0Ty9SbGVRPVxuLS0tLS1FTkQgQ0VSVElGSUNBVEUtLS0tLVxuXG4iLCJwcm94eW11eF9zZXJ2ZXJfcG9ydCI6IjEyMjUwIn0=",
                  "bootstrap-kubelet-conf": "YXBpVmVyc2lvbjogdjEKY2x1c3RlcnM6Ci0gY2x1c3RlcjoKICAgIGNlcnRpZmljYXRlLWF1dGhvcml0eS1kYXRhOiBMUzB0TFMxQ1JVZEpUaUJEUlZKVVNVWkpRMEZVUlMwdExTMHRDazFKU1VScFJFTkRRVzVEWjBGM1NVSkJaMGxSVFhVMWRWRkxUVVpPTlhSWFIxZDRlRFpqVFM4dmVrRk9RbWRyY1docmFVYzVkekJDUVZGelJrRkVRbVVLVFZFNGQwUlJXVVJXVVZGRVJFRmFURTlJVFdkUk1FVjRRM3BCU2tKblRsWkNRVmxVUVd4V1ZFMVJPSGRFVVZsRVZsRlJTRVJCV2tKa1dFNHdZVmMwZUFwRWVrRk9RbWRPVmtKQmIwMUNhemw1V1ZkT2MxcFVSVTFOUVc5SFFURlZSVU4zZDBSVU1rNXdUVkUwZDBSQldVUldVVkZKUkVGV1ZWcFlhR2hqZWtGbENrWjNNSGxPYWtGNVRWUlJkMDlVVlRGT1ZGSmhSbmN3ZWsxVVFYbE5WRkYzVDFSVk1VNVVVbUZOUmpSNFJIcEJUa0puVGxaQ1FVMU5RbXR6TkdONVFrUUtVVlJGVEUxQmEwZEJNVlZGUW1oTlExWldUWGhFZWtGT1FtZE9Wa0pCWTAxQ2EwWXhZek5TY0dKcVJWQk5RVEJIUVRGVlJVTm5kMGRVTTBwb1dUSjRiQXBOVVhkM1EyZFpSRlpSVVV4RVFVNVFXVEpyZUVScVFVMUNaMDVXUWtGblRVSldVbXhsUjBaNlRVbEpRa2xxUVU1Q1oydHhhR3RwUnpsM01FSkJVVVZHQ2tGQlQwTkJVVGhCVFVsSlFrTm5TME5CVVVWQmVWTjVOaTloZWtneU5UQmpOMVZYU25OVFNtb3hSRk41WlU4NGFHSmFWRlIxUms5VVpVSlFlbXd2TWtNS2VsUlRhalZtT1VjdlMwOTVSRGcxU1N0T1RDOUtaVlJOUkhsVFZUVjFVR2hVVG5GcmVIZEpaVE5WUTJoNFZXcFNOazlhVGxsSUwzUTRTVU5UVEhOcmRRcDZMelJzU2tKcFJGaExiM3BpTWpoTFpFMTFSa0pJV1dReVRXZFBPR2xJT1VKWFVWcG5OVk16UVdsVVpuWTVlbThyYkRCdmRHVlBNemRMUTFoTFlTdEhDbFZYZUVSRGNEVnJjamxMVmpNdmQweDViU3RtTUVaUFJYVnJkMDh4WlhOblZ5dHdVMjkwTDBKa1JqbEVkWHBLTm5nMVVpdEJUVXd5VmpKcGJqTndibXNLU0N0NFVVbG1lWE5zTjBkNFkwUTFVbHAwU0dNMk9YZzJNWGxtTjFsM1ExaHJka2xtU2k5eE0ySXJXQ3Q1YlhGakwwcGxRbWxOY0ROTmFtdHRNMEpqYlFwdWFuQTFRaTloWTJSRVIwSlNjRlZzUkhCR1ptSXlLelZXUzBWcVQzUlNhREJhUnl0WE0wbHhiMUZKUkVGUlFVSnZNRWwzVVVSQlVFSm5UbFpJVWsxQ0NrRm1PRVZDVkVGRVFWRklMMDFCTkVkQk1WVmtSSGRGUWk5M1VVVkJkMGxDUW1wQlpFSm5UbFpJVVRSRlJtZFJWVzV0VDFOS2NVOVpWVzlEVlVFNVJuWUtSbWRzT1hCT01GTmpLekIzUkZGWlNrdHZXa2xvZG1OT1FWRkZURUpSUVVSblowVkNRVWRpTVZSTmFVa3JiblJJTlRjd1JVRnlWREZUWjNObmJXTXpSd3AzUkZwM1JsSllibm92ZG5JMVdHOXlLeXRSU1RCeFEzRjZVVTE1ZEUwdlFsbzNURTUxVTA0d09GYzFRM2h2YTA0M1JtNUtRMHc0VEZRNFVuQmliek5RQ2pkUmJEVkJka2hsWjJoT09FMDFOSFp5VFdzeFJtcHBkbVZTVFVKM1N6RnVhVWxyVUZWb2FITnlhMVZoVnpOQ1YwdHJSMmMzTkM5SGIzZFhZVzlTV0VVS1ltdFplalIxYm1oNVVVOVBOeTgwZGpSbmFtMUZhbWxCTVVOMlYyNDRkVkpqTUM5bmFrbHJSbWg2WTFCcU56ZFpTRGszT0dKbmJUSTRSVGxpTTBkeGVBcFFZV05xYlc1T2JtdFJORU5GVkZabVozTlBjSFpZVW1kVVpFOVBTMnRFVFN0UmIzY3hiV1F3ZDJSd1ltcHNRMjFaZDFwVlZIUlVPU3M1WlZCdVdITnFDbTVHT1RoMWNUWkVkbWNyUzNaT2JFd3dXVkV3Ukd0dGFtZEliMDh4VDBSRFNtNXhNV3BvYTBjdlkxRnRaa3BNU21WWVVHWTBUeTlTYkdWUlBRb3RMUzB0TFVWT1JDQkRSVkpVU1VaSlEwRlVSUzB0TFMwdENnbz0KICAgIHNlcnZlcjogaHR0cHM6Ly8xMC4wLjEuOTg6NjQ0MwogIG5hbWU6IGJvb3RzdHJhcApjb250ZXh0czoKLSBjb250ZXh0OgogICAgY2x1c3RlcjogYm9vdHN0cmFwCiAgICB1c2VyOiBib290c3RyYXAKICBuYW1lOiBib290c3RyYXAKY3VycmVudC1jb250ZXh0OiBib290c3RyYXAKa2luZDogQ29uZmlnCnByZWZlcmVuY2VzOiB7fQp1c2VyczoKLSBuYW1lOiBib290c3RyYXAKICB1c2VyOgogICAgdG9rZW46IGptend6NC50M2tidnV2Njd3eDgxMjkxCg==",
                  "inventory_tmpl": "[tkm-minions]\nlocalhost initial_node_labels=oci.oraclecloud.com/node.info.managed=true node_is_on_private_subnet={NODE_IS_ON_PRIVATE_SUBNET} nodeid_suffix={NODE_SUFFIX} shape=VM.Standard.E3.Flex ansible_user=opc tenancyid=ocid1.tenancy.oc1..aaaaaaaafmttsfo7ogtmmtbqi7mwomlji2hn44dyj4dwtvd7xgm236beottq compartmentid_prefix=ocid1.tenancy.oc1 k8s_kubelet_hostname={K8S_KUBELET_HOSTNAME} region_key=SIN ansible_connection=local public_ipaddress={PUBLIC_IP} zone=CpAD:AP-SINGAPORE-1-AD-1 k8s_version=v1.31.10 displayname=oke-cdzaz6nl3vq-nyvss2yzviq-sjbo7ckwh7a-0 compartmentname=ceo86 nodeid_prefix={NODE_PREFIX} region_name=ap-singapore-1 ta_version={TA_VERSION} region=ap-singapore-1 compartmentid_suffix=aaaaaaaafmttsfo7ogtmmtbqi7mwomlji2hn44dyj4dwtvd7xgm236beottq private_ipaddress={PRIVATE_IP}\n",
                  "ip-families": "IPv4",
                  "oci_tld": "oraclecloud.com",
                  "oke-ad": "CpAD:AP-SINGAPORE-1-AD-1",
                  "oke-cluster-display-name": "taskir-oke-cluster",
                  "oke-cluster-id": "ocid1.cluster.oc1.ap-singapore-1.aaaaaaaadffnzoagk52xoxknh5umd377dhjh5bt4r45wvb2avcdzaz6nl3vq",
                  "oke-cluster-label": "cdzaz6nl3vq",
                  "oke-compartment-name": "ceo86",
                  "oke-image-name": "Oracle-Linux-8.10-2025.09.16-0-OKE-1.31.10-1330",
                  "oke-initial-node-labels": "oci.oraclecloud.com/node.info.managed=true",
                  "oke-is-cloud-init": "true",
                  "oke-is-on-private-subnet": "false",
                  "oke-is-onsr": "false",
                  "oke-is-preemptible": "false",
                  "oke-is-private-worker": "true",
                  "oke-k8version": "v1.31.10",
                  "oke-node-package-node-all-version": "oci-oke-node-all-1.31.10*",
                  "oke-pool-id": "ocid1.nodepool.oc1.ap-singapore-1.aaaaaaaal2hhokknjj6g7fhgj6ren43x3f5thl4o4igcjbp53nyvss2yzviq",
                  "oke-pool-label": "nyvss2yzviq",
                  "oke-preconfigured-vnics": "false",
                  "oke-slot": "0",
                  "oke-subnet-label": "sjbo7ckwh7a",
                  "oke-tenancy-id": "ocid1.tenancy.oc1..aaaaaaaafmttsfo7ogtmmtbqi7mwomlji2hn44dyj4dwtvd7xgm236beottq",
                  "oke-tm": "oke",
                  "oke_artifact_signing_key": "-----BEGIN PUBLIC KEY-----\nMIICIjANBgkqhkiG9w0BAQEFAAOCAg8AMIICCgKCAgEA6byaA2n422JumfKQf90Q\nlpI9zderJ5duw6kWA1AwVCB4A+oEFrD1stJB+BUkCK+xML3iyVGuwm7LeMm1r5zL\nRlXb/rm9aqtNl164O5rHlcerH+bJD+83JKD7RP38+IkFes8PehI0OcrRLXe678vH\ny8FqCKTv9oZ32rgzHmYlWLxDBzIHJBL+0DkLB3OjOog69DvJsF8/IfbpZyypIjba\nbDrytAqThsEA1lJq99vzrIWhnImUUfUFfGElasiL7yqLFqgJwtjFstnJCpZdRdVV\noVRl93DUem8MQIkSfXisTVAKBw6n/FU7M2jrfR8jXswAQXLuKoTBv9Hoa8oy+FFc\nTSR989WNliip/oDUJrMDTxUC7Ihb1dRyZuZcS82LhjfWMQx2WhVYo7+wlo3WKDJ/\nnSYVs4NBzFS114iriRFxa0v+C7Z3lehbOyLm4Rrs4PQXhio6dJLMLVxX+kEWXZb8\nxQwJWkniS3YlzaK+JP8gRyrkSUgRutbdBjkZ93UtEn5OrSqCPTmHWXxk6mJJoJUY\ngUzZ1xfxRSgfRv1iwOGPb9njhvnBiHiAv+lB0Y7bGBdRkJvzwwTPOcogB+o0ddr6\n9/LUPM71YX5unTUGW5iwMC+FdGPDwPIzsSHfoY6hw54sag78gKV8pH/XH2rUodny\n1JHqS7CXJ69UusbDDYUbqyMCAwEAAQ==\n-----END PUBLIC KEY-----\n",
                  "oke_init_script": "IyEvdXNyL2Jpbi9lbnYgYmFzaApzZXQgLXgKc2V0IC1lCnNldCAtbyBwaXBlZmFpbAoKdjFfc2hhX2ZpbGU9ImFuc2libGUtcGxheWJvb2stMS43MC4wLWQxODcxZDkxNjAwYWVhMzc2ZDAwMGY4NGZiYzE3YjhiYjI5YTZjNmQtMS50Z3ouc2hhMjU2Igp2Ml9zaGFfZmlsZT0kKGVjaG8gImFuc2libGUtcGxheWJvb2stMS43MC4wLWQxODcxZDkxNjAwYWVhMzc2ZDAwMGY4NGZiYzE3YjhiYjI5YTZjNmQtMS50Z3oiIHwgc2VkICdzL1wudGd6Ly12MlwudGd6LnNoYTI1Ni8nKQoKdmVyaWZ5Q2hlY2tzdW0oKSB7CiAgaWYgZ3JlcCAnUFJFVFRZX05BTUU9Ik9yYWNsZSBMaW51eCBTZXJ2ZXIgOFwuLioiJyAvZXRjL29zLXJlbGVhc2UgPi9kZXYvbnVsbDsgdGhlbgogICAgb3BlbnNzbCBkZ3N0IC1zaGEyNTYgLXNpZ25hdHVyZSAkMSAtdmVyaWZ5ICQyICQzCiAgZWxzZQogICAgT1BFTlNTTF9GSVBTPTEgb3BlbnNzbCBkZ3N0IC1zaGEyNTYgLXNpZ25hdHVyZSAkMSAtdmVyaWZ5ICQyICQzCiAgZmkKfQoKZG93bmxvYWRBbnNpYmxlKCkgewogIGN1cmwgLXYgLS1mYWlsIC1MMCBodHRwczovL29iamVjdHN0b3JhZ2UuYXAtc2luZ2Fwb3JlLTEub3JhY2xlY2xvdWQuY29tL24vb2R4LW9rZS9iL3Rrdy1jbG91ZC1pbml0LXByZC0wL28vYW5zaWJsZS1wbGF5Ym9vay0xLjcwLjAtZDE4NzFkOTE2MDBhZWEzNzZkMDAwZjg0ZmJjMTdiOGJiMjlhNmM2ZC0xLnRneiAtbyAvdmFyL3J1bi90a3cvYW5zaWJsZS1wbGF5Ym9vay0xLjcwLjAtZDE4NzFkOTE2MDBhZWEzNzZkMDAwZjg0ZmJjMTdiOGJiMjlhNmM2ZC0xLnRneiAmJgogIGN1cmwgLS1mYWlsIC1IICJBdXRob3JpemF0aW9uOiBCZWFyZXIgT3JhY2xlIiAtTDAgaHR0cDovLzE2OS4yNTQuMTY5LjI1NC9vcGMvdjIvaW5zdGFuY2UvbWV0YWRhdGEvb2tlX2FydGlmYWN0X3NpZ25pbmdfa2V5ID4gL3Zhci9ydW4vdGt3L29rZS1zaWduaW5nLnB1YiAmJgogIGlmIGN1cmwgLXYgLS1mYWlsIC1MMCBodHRwczovL29iamVjdHN0b3JhZ2UuYXAtc2luZ2Fwb3JlLTEub3JhY2xlY2xvdWQuY29tL24vb2R4LW9rZS9iL3Rrdy1jbG91ZC1pbml0LXByZC0wL28vJHYxX3NoYV9maWxlIC1vIC92YXIvcnVuL3Rrdy8kdjFfc2hhX2ZpbGUgJiYgXAogICAgdmVyaWZ5Q2hlY2tzdW0gL3Zhci9ydW4vdGt3LyR2MV9zaGFfZmlsZSAvdmFyL3J1bi90a3cvb2tlLXNpZ25pbmcucHViIC92YXIvcnVuL3Rrdy9hbnNpYmxlLXBsYXlib29rLTEuNzAuMC1kMTg3MWQ5MTYwMGFlYTM3NmQwMDBmODRmYmMxN2I4YmIyOWE2YzZkLTEudGd6OyB0aGVuCiAgICBlY2hvICJBbnNpYmxlIGJ1bmRsZSBpcyBiZWluZyBzaWduZWQgd2l0aCBhcnRpZmFjdC1zaWduaW5nLWtleSIKICBlbGlmIGN1cmwgLXYgLS1mYWlsIC1MMCBodHRwczovL29iamVjdHN0b3JhZ2UuYXAtc2luZ2Fwb3JlLTEub3JhY2xlY2xvdWQuY29tL24vb2R4LW9rZS9iL3Rrdy1jbG91ZC1pbml0LXByZC0wL28vJHYyX3NoYV9maWxlIC1vIC92YXIvcnVuL3Rrdy8kdjJfc2hhX2ZpbGUgJiYgXAogICAgdmVyaWZ5Q2hlY2tzdW0gL3Zhci9ydW4vdGt3LyR2Ml9zaGFfZmlsZSAvdmFyL3J1bi90a3cvb2tlLXNpZ25pbmcucHViIC92YXIvcnVuL3Rrdy9hbnNpYmxlLXBsYXlib29rLTEuNzAuMC1kMTg3MWQ5MTYwMGFlYTM3NmQwMDBmODRmYmMxN2I4YmIyOWE2YzZkLTEudGd6OyB0aGVuCiAgICBlY2hvICJBbnNpYmxlIGJ1bmRsZSBpcyBiZWluZyBzaWduZWQgd2l0aCBhcnRpZmFjdC1zaWduaW5nLWtleS12MiIKICBlbHNlCiAgICByZXR1cm4gMQogIGZpCn0KCmV4ZWMgJj4gPih0ZWUgLWlhIC92YXIvcnVuL29rZS1pbml0LmxvZykKaWYgWyAhIC1mIC92YXIvbG9nL2Nsb3VkLWluaXQtb3V0cHV0LmxvZyBdOyB0aGVuCiAgZXhlYyAmPiA+KHRlZSAtaWEgL3Zhci9sb2cvY2xvdWQtaW5pdC1vdXRwdXQubG9nKQpmaQpleGVjIDI+JjEKCmlmIFsgLWYgL2V0Yy8ub2tlX2luaXRfY29tcGxldGUgXTsgdGhlbgogIGVjaG8gIk9LRSBwcm92aXNpb25pbmcgYWxyZWFkeSBjb21wbGV0ZWQiCiAgZXhpdCAwCmZpCgpta2RpciAtcCAvZXRjL3JwbQpSUE1fU1BFQz0vZXRjL3JwbS9tYWNyb3MudmVyaWZ5CmlmIFsgLWYgL2V0Yy9va2Uvb2tlLWluc3RhbGwuc2ggXTsgdGhlbgogIHVudGlsIGJhc2ggLXggIi9ldGMvb2tlL29rZS1pbnN0YWxsLnNoIiAiJEAiCiAgZG8KICAgIGVjaG8gIm9rZS1pbnN0YWxsIGZhaWxlZCwgcmV0cnlpbmcgaW4gNXMuLi4iCiAgICBzbGVlcCA1CiAgZG9uZQplbHNlCiAgZWNobyAiJV9wa2d2ZXJpZnlfbGV2ZWwgbm9uZSIgPiRSUE1fU1BFQwogIG1rZGlyIC1wIC92YXIvcnVuL3RrdwogIHJtIC1yZiAvdmFyL3J1bi90a3cvKgogIHVudGlsIGRvd25sb2FkQW5zaWJsZQogIGRvCiAgICBlY2hvICJGYWlsZWQgdG8gZG93bmxvYWQgVEtXIGFuc2libGUgYnVuZGxlLi4ucmV0cnlpbmcgaW4gNXMiCiAgICBybSAtcmYgL3Zhci9ydW4vdGt3LyoKICAgIG1rZGlyIC1wIC92YXIvcnVuL3RrdwogICAgc2xlZXAgNQogIGRvbmUKICB0YXIgLXh6dmYgL3Zhci9ydW4vdGt3L2Fuc2libGUtcGxheWJvb2stMS43MC4wLWQxODcxZDkxNjAwYWVhMzc2ZDAwMGY4NGZiYzE3YjhiYjI5YTZjNmQtMS50Z3ogLUMgL3Zhci9ydW4vdGt3CiAgdW50aWwgYmFzaCAteCAiL3Zhci9ydW4vdGt3L2Jvb3RzdHJhcC5zaCIgIiRAIgogIGRvCiAgICBlY2hvICJib290c3RyYXAgZmFpbGVkLi4ucmV0cnlpbmcgaW4gNXMuLi4iCiAgICBzbGVlcCA1CiAgZG9uZQogIHJtIC1mICRSUE1fU1BFQwpmaQo=",
                  "oke_maturity": "prd",
                  "oke_namespace": "odx-oke",
                  "realm": "oc1",
                  "ssh_authorized_keys": "ssh-rsa AAAAB3NzaC1yc2EAAAADAQABAAABAQC2Kutag9jwtdy839XBeMFmDLQ6/lAn/3A6M39L8sgHW7WYUPaNfJwof36f02qVEfR+dPzMoFixOQRfg6/ERfk9CVOPrL/lRXy5g5UD1319PonyplhkGzoOEybinOv1CVZbWzy8We+LDynZ8VCdo7mYuTpy6xGjv3KYU/sNhGe1ftgeB8HAnZFAS36E8o338c8TnXQ3XmUY16QPWFCqJCoFRXJpg9HJmDsa76Q+dmEoUD4LEZxnc7fK3w+mPRBV7hGHQqt9lMdpmbi87+KHWbUhFmy395qDq3e8f2fzXuQsoUTBimIt4oHKThMwrczPN8homtHnApnjXy3UauXUZBSf\n",
                  "user_data": "IyEvYmluL2Jhc2gKb2tlX2luaXRfc2NyaXB0PSQoY3VybCAtLWZhaWwgLW0gNSAtSCAiQXV0aG9yaXphdGlvbjogQmVhcmVyIE9yYWNsZSIgLUwwIGh0dHA6Ly8xNjkuMjU0LjE2OS4yNTQvb3BjL3YyL2luc3RhbmNlL21ldGFkYXRhL29rZV9pbml0X3NjcmlwdCkKaWYgWyAkPyAtbmUgMCBdOyB0aGVuCiAgb2tlX2luaXRfc2NyaXB0PSQoY3VybCAtLWZhaWwgLW0gNSAtZyAtSCAiQXV0aG9yaXphdGlvbjogQmVhcmVyIE9yYWNsZSIgLUwwIGh0dHA6Ly9bZmQwMDpjMTo6YTlmZTphOWZlXS9vcGMvdjIvaW5zdGFuY2UvbWV0YWRhdGEvb2tlX2luaXRfc2NyaXB0KQpmaQplY2hvICRva2VfaW5pdF9zY3JpcHQgfCBiYXNlNjQgLS1kZWNvZGUgPiAvdmFyL3J1bi9va2UtaW5pdC5zaAp0b3VjaCAvdmFyL3J1bi8ub2tlLWRlZmF1bHQtY2xvdWQtaW5pdAoKYmFzaCAvdmFyL3J1bi9va2UtaW5pdC5zaA=="
                },
                "placement_constraint_details": [],
                "platform_config": [],
                "preemptible_instance_config": [],
                "preserve_boot_volume": false,
                "preserve_data_volumes_created_at_launch": false,
                "private_ip": "",
                "public_ip": "",
                "region": "ap-singapore-1",
                "security_attributes": {},
                "security_attributes_state": "STABLE",
                "shape": "VM.Standard.E3.Flex",
                "shape_config": [
                  {
                    "baseline_ocpu_utilization": "",
                    "gpu_description": "",
                    "gpus": 0,
                    "local_disk_description": "",
                    "local_disks": 0,
                    "local_disks_total_size_in_gbs": 0,
                    "max_vnic_attachments": 2,
                    "memory_in_gbs": 8,
                    "networking_bandwidth_in_gbps": 2,
                    "nvmes": 0,
                    "ocpus": 2,
                    "processor_description": "2.25 GHz AMD EPYC™ 7742 (Rome)",
                    "resource_management": "",
                    "vcpus": 4
                  }
                ],
                "source_details": [
                  {
                    "boot_volume_size_in_gbs": "",
                    "boot_volume_vpus_per_gb": "10",
                    "instance_source_image_filter_details": [],
                    "is_preserve_boot_volume_enabled": false,
                    "kms_key_id": "",
                    "source_id": "ocid1.image.oc1.ap-singapore-1.aaaaaaaap46mzk6dir2xmap2hc5ydscwzcggusasdxgkh77be3q2nhdre4nq",
                    "source_type": "image"
                  }
                ],
                "state": "RUNNING",
                "subnet_id": "",
                "system_tags": {
                  "orcl-containerengine.Cluster": "ocid1.cluster.oc1.ap-singapore-1.aaaaaaaadffnzoagk52xoxknh5umd377dhjh5bt4r45wvb2avcdzaz6nl3vq",
                  "orcl-containerengine.NodePool": "ocid1.nodepool.oc1.ap-singapore-1.aaaaaaaal2hhokknjj6g7fhgj6ren43x3f5thl4o4igcjbp53nyvss2yzviq",
                  "orcl-containerengine.NodeType": "oke-managed"
                },
                "time_created": "2026-02-16 00:19:52.655 +0000 UTC",
                "time_maintenance_reboot_due": "",
                "update_operation_constraint": ""
              },
              {
                "agent_config": [
                  {
                    "are_all_plugins_disabled": false,
                    "is_management_disabled": false,
                    "is_monitoring_disabled": false,
                    "plugins_config": []
                  }
                ],
                "async": false,
                "availability_config": [
                  {
                    "is_live_migration_preferred": false,
                    "recovery_action": "RESTORE_INSTANCE"
                  }
                ],
                "availability_domain": "CpAD:AP-SINGAPORE-1-AD-1",
                "boot_volume_id": "",
                "capacity_reservation_id": "",
                "cluster_placement_group_id": "",
                "compartment_id": "ocid1.tenancy.oc1..aaaaaaaafmttsfo7ogtmmtbqi7mwomlji2hn44dyj4dwtvd7xgm236beottq",
                "compute_cluster_id": "",
                "create_vnic_details": [],
                "dedicated_vm_host_id": "",
                "defined_tags": {
                  "Oracle-Tags.CreatedBy": "ocid1.nodepool.oc1.ap-singapore-1.aaaaaaaal2hhokknjj6g7fhgj6ren43x3f5thl4o4igcjbp53nyvss2yzviq",
                  "Oracle-Tags.CreatedOn": "2026-02-16T00:19:52.183Z"
                },
                "display_name": "oke-cdzaz6nl3vq-nyvss2yzviq-sjbo7ckwh7a-1",
                "extended_metadata": {},
                "fault_domain": "FAULT-DOMAIN-2",
                "freeform_tags": {},
                "hostname_label": "",
                "id": "ocid1.instance.oc1.ap-singapore-1.anzwsljrsfo24uicohm5bpywspb4lg44hhyds6kezznfbfrcjxse5s5qlmlq",
                "image": "ocid1.image.oc1.ap-singapore-1.aaaaaaaap46mzk6dir2xmap2hc5ydscwzcggusasdxgkh77be3q2nhdre4nq",
                "instance_configuration_id": "",
                "instance_options": [
                  {
                    "are_legacy_imds_endpoints_disabled": false
                  }
                ],
                "ipxe_script": "",
                "is_ai_enterprise_enabled": false,
                "is_cross_numa_node": false,
                "is_pv_encryption_in_transit_enabled": false,
                "launch_mode": "PARAVIRTUALIZED",
                "launch_options": [
                  {
                    "boot_volume_type": "PARAVIRTUALIZED",
                    "firmware": "UEFI_64",
                    "is_consistent_volume_naming_enabled": true,
                    "is_pv_encryption_in_transit_enabled": false,
                    "network_type": "PARAVIRTUALIZED",
                    "remote_data_volume_type": "PARAVIRTUALIZED"
                  }
                ],
                "launch_volume_attachments": [],
                "licensing_configs": [],
                "metadata": {
                  "ansible_args": "eyJjbHVzdGVyX2lkIjoiY2R6YXo2bmwzdnEiLCJrOHNfYXBpc2VydmVyX2FkZHIiOiIxMC4wLjEuOTgiLCJrOHNfYXBpc2VydmVyX3BvcnQiOiI2NDQzIiwiZmxhbm5lbF9ldGNkX2NhX2NlcnQiOiItLS0tLUJFR0lOIENFUlRJRklDQVRFLS0tLS1cbk1JSURpRENDQW5DZ0F3SUJBZ0lRTXU1dVFLTUZONXRXR1d4eDZjTS8vekFOQmdrcWhraUc5dzBCQVFzRkFEQmVcbk1ROHdEUVlEVlFRRERBWkxPSE1nUTBFeEN6QUpCZ05WQkFZVEFsVlRNUTh3RFFZRFZRUUhEQVpCZFhOMGFXNHhcbkR6QU5CZ05WQkFvTUJrOXlZV05zWlRFTU1Bb0dBMVVFQ3d3RFQyTnBNUTR3REFZRFZRUUlEQVZVWlhoaGN6QWVcbkZ3MHlOakF5TVRRd09UVTFOVFJhRncwek1UQXlNVFF3T1RVMU5UUmFNRjR4RHpBTkJnTlZCQU1NQmtzNGN5QkRcblFURUxNQWtHQTFVRUJoTUNWVk14RHpBTkJnTlZCQWNNQmtGMWMzUnBiakVQTUEwR0ExVUVDZ3dHVDNKaFkyeGxcbk1Rd3dDZ1lEVlFRTERBTlBZMmt4RGpBTUJnTlZCQWdNQlZSbGVHRnpNSUlCSWpBTkJna3Foa2lHOXcwQkFRRUZcbkFBT0NBUThBTUlJQkNnS0NBUUVBeVN5Ni9hekgyNTBjN1VXSnNTSmoxRFN5ZU84aGJaVFR1Rk9UZUJQemwvMkNcbnpUU2o1ZjlHL0tPeUQ4NUkrTkwvSmVUTUR5U1U1dVBoVE5xa3h3SWUzVUNoeFVqUjZPWk5ZSC90OElDU0xza3VcbnovNGxKQmlEWEtvemIyOEtkTXVGQkhZZDJNZ084aUg5QldRWmc1UzNBaVRmdjl6bytsMG90ZU8zN0tDWEthK0dcblVXeERDcDVrcjlLVjMvd0x5bStmMEZPRXVrd08xZXNnVytwU290L0JkRjlEdXpKNng1UitBTUwyVjJpbjNwbmtcbkgreFFJZnlzbDdHeGNENVJadEhjNjl4NjF5ZjdZd0NYa3ZJZkovcTNiK1greW1xYy9KZUJpTXAzTWprbTNCY21cbm5qcDVCL2FjZERHQlJwVWxEcEZmYjIrNVZLRWpPdFJoMFpHK1czSXFvUUlEQVFBQm8wSXdRREFQQmdOVkhSTUJcbkFmOEVCVEFEQVFIL01BNEdBMVVkRHdFQi93UUVBd0lCQmpBZEJnTlZIUTRFRmdRVW5tT1NKcU9ZVW9DVUE5RnZcbkZnbDlwTjBTYyswd0RRWUpLb1pJaHZjTkFRRUxCUUFEZ2dFQkFHYjFUTWlJK250SDU3MEVBclQxU2dzZ21jM0dcbndEWndGUlhuei92cjVYb3IrK1FJMHFDcXpRTXl0TS9CWjdMTnVTTjA4VzVDeG9rTjdGbkpDTDhMVDhScGJvM1BcbjdRbDVBdkhlZ2hOOE01NHZyTWsxRmppdmVSTUJ3SzFuaUlrUFVoaHNya1VhVzNCV0trR2c3NC9Hb3dXYW9SWEVcbmJrWXo0dW5oeVFPTzcvNHY0Z2ptRWppQTFDdlduOHVSYzAvZ2pJa0ZoemNQajc3WUg5NzhiZ20yOEU5YjNHcXhcblBhY2ptbk5ua1E0Q0VUVmZnc09wdlhSZ1RkT09La0RNK1FvdzFtZDB3ZHBiamxDbVl3WlVUdFQ5KzllUG5Yc2pcbm5GOTh1cTZEdmcrS3ZObEwwWVEwRGttamdIb08xT0RDSm5xMWpoa0cvY1FtZkpMSmVYUGY0Ty9SbGVRPVxuLS0tLS1FTkQgQ0VSVElGSUNBVEUtLS0tLVxuXG4iLCJrdWJlZG5zX3N2Y19pcCI6IjEwLjk2LjUuNSIsInRtX2lkIjoib2tlIiwia3ViZWxldF9jbGllbnRfY2EiOiItLS0tLUJFR0lOIENFUlRJRklDQVRFLS0tLS1cbk1JSURpRENDQW5DZ0F3SUJBZ0lRTXU1dVFLTUZONXRXR1d4eDZjTS8vekFOQmdrcWhraUc5dzBCQVFzRkFEQmVcbk1ROHdEUVlEVlFRRERBWkxPSE1nUTBFeEN6QUpCZ05WQkFZVEFsVlRNUTh3RFFZRFZRUUhEQVpCZFhOMGFXNHhcbkR6QU5CZ05WQkFvTUJrOXlZV05zWlRFTU1Bb0dBMVVFQ3d3RFQyTnBNUTR3REFZRFZRUUlEQVZVWlhoaGN6QWVcbkZ3MHlOakF5TVRRd09UVTFOVFJhRncwek1UQXlNVFF3T1RVMU5UUmFNRjR4RHpBTkJnTlZCQU1NQmtzNGN5QkRcblFURUxNQWtHQTFVRUJoTUNWVk14RHpBTkJnTlZCQWNNQmtGMWMzUnBiakVQTUEwR0ExVUVDZ3dHVDNKaFkyeGxcbk1Rd3dDZ1lEVlFRTERBTlBZMmt4RGpBTUJnTlZCQWdNQlZSbGVHRnpNSUlCSWpBTkJna3Foa2lHOXcwQkFRRUZcbkFBT0NBUThBTUlJQkNnS0NBUUVBeVN5Ni9hekgyNTBjN1VXSnNTSmoxRFN5ZU84aGJaVFR1Rk9UZUJQemwvMkNcbnpUU2o1ZjlHL0tPeUQ4NUkrTkwvSmVUTUR5U1U1dVBoVE5xa3h3SWUzVUNoeFVqUjZPWk5ZSC90OElDU0xza3VcbnovNGxKQmlEWEtvemIyOEtkTXVGQkhZZDJNZ084aUg5QldRWmc1UzNBaVRmdjl6bytsMG90ZU8zN0tDWEthK0dcblVXeERDcDVrcjlLVjMvd0x5bStmMEZPRXVrd08xZXNnVytwU290L0JkRjlEdXpKNng1UitBTUwyVjJpbjNwbmtcbkgreFFJZnlzbDdHeGNENVJadEhjNjl4NjF5ZjdZd0NYa3ZJZkovcTNiK1greW1xYy9KZUJpTXAzTWprbTNCY21cbm5qcDVCL2FjZERHQlJwVWxEcEZmYjIrNVZLRWpPdFJoMFpHK1czSXFvUUlEQVFBQm8wSXdRREFQQmdOVkhSTUJcbkFmOEVCVEFEQVFIL01BNEdBMVVkRHdFQi93UUVBd0lCQmpBZEJnTlZIUTRFRmdRVW5tT1NKcU9ZVW9DVUE5RnZcbkZnbDlwTjBTYyswd0RRWUpLb1pJaHZjTkFRRUxCUUFEZ2dFQkFHYjFUTWlJK250SDU3MEVBclQxU2dzZ21jM0dcbndEWndGUlhuei92cjVYb3IrK1FJMHFDcXpRTXl0TS9CWjdMTnVTTjA4VzVDeG9rTjdGbkpDTDhMVDhScGJvM1BcbjdRbDVBdkhlZ2hOOE01NHZyTWsxRmppdmVSTUJ3SzFuaUlrUFVoaHNya1VhVzNCV0trR2c3NC9Hb3dXYW9SWEVcbmJrWXo0dW5oeVFPTzcvNHY0Z2ptRWppQTFDdlduOHVSYzAvZ2pJa0ZoemNQajc3WUg5NzhiZ20yOEU5YjNHcXhcblBhY2ptbk5ua1E0Q0VUVmZnc09wdlhSZ1RkT09La0RNK1FvdzFtZDB3ZHBiamxDbVl3WlVUdFQ5KzllUG5Yc2pcbm5GOTh1cTZEdmcrS3ZObEwwWVEwRGttamdIb08xT0RDSm5xMWpoa0cvY1FtZkpMSmVYUGY0Ty9SbGVRPVxuLS0tLS1FTkQgQ0VSVElGSUNBVEUtLS0tLVxuXG4iLCJwcm94eW11eF9zZXJ2ZXJfcG9ydCI6IjEyMjUwIn0=",
                  "bootstrap-kubelet-conf": "YXBpVmVyc2lvbjogdjEKY2x1c3RlcnM6Ci0gY2x1c3RlcjoKICAgIGNlcnRpZmljYXRlLWF1dGhvcml0eS1kYXRhOiBMUzB0TFMxQ1JVZEpUaUJEUlZKVVNVWkpRMEZVUlMwdExTMHRDazFKU1VScFJFTkRRVzVEWjBGM1NVSkJaMGxSVFhVMWRWRkxUVVpPTlhSWFIxZDRlRFpqVFM4dmVrRk9RbWRyY1docmFVYzVkekJDUVZGelJrRkVRbVVLVFZFNGQwUlJXVVJXVVZGRVJFRmFURTlJVFdkUk1FVjRRM3BCU2tKblRsWkNRVmxVUVd4V1ZFMVJPSGRFVVZsRVZsRlJTRVJCV2tKa1dFNHdZVmMwZUFwRWVrRk9RbWRPVmtKQmIwMUNhemw1V1ZkT2MxcFVSVTFOUVc5SFFURlZSVU4zZDBSVU1rNXdUVkUwZDBSQldVUldVVkZKUkVGV1ZWcFlhR2hqZWtGbENrWjNNSGxPYWtGNVRWUlJkMDlVVlRGT1ZGSmhSbmN3ZWsxVVFYbE5WRkYzVDFSVk1VNVVVbUZOUmpSNFJIcEJUa0puVGxaQ1FVMU5RbXR6TkdONVFrUUtVVlJGVEUxQmEwZEJNVlZGUW1oTlExWldUWGhFZWtGT1FtZE9Wa0pCWTAxQ2EwWXhZek5TY0dKcVJWQk5RVEJIUVRGVlJVTm5kMGRVTTBwb1dUSjRiQXBOVVhkM1EyZFpSRlpSVVV4RVFVNVFXVEpyZUVScVFVMUNaMDVXUWtGblRVSldVbXhsUjBaNlRVbEpRa2xxUVU1Q1oydHhhR3RwUnpsM01FSkJVVVZHQ2tGQlQwTkJVVGhCVFVsSlFrTm5TME5CVVVWQmVWTjVOaTloZWtneU5UQmpOMVZYU25OVFNtb3hSRk41WlU4NGFHSmFWRlIxUms5VVpVSlFlbXd2TWtNS2VsUlRhalZtT1VjdlMwOTVSRGcxU1N0T1RDOUtaVlJOUkhsVFZUVjFVR2hVVG5GcmVIZEpaVE5WUTJoNFZXcFNOazlhVGxsSUwzUTRTVU5UVEhOcmRRcDZMelJzU2tKcFJGaExiM3BpTWpoTFpFMTFSa0pJV1dReVRXZFBPR2xJT1VKWFVWcG5OVk16UVdsVVpuWTVlbThyYkRCdmRHVlBNemRMUTFoTFlTdEhDbFZYZUVSRGNEVnJjamxMVmpNdmQweDViU3RtTUVaUFJYVnJkMDh4WlhOblZ5dHdVMjkwTDBKa1JqbEVkWHBLTm5nMVVpdEJUVXd5VmpKcGJqTndibXNLU0N0NFVVbG1lWE5zTjBkNFkwUTFVbHAwU0dNMk9YZzJNWGxtTjFsM1ExaHJka2xtU2k5eE0ySXJXQ3Q1YlhGakwwcGxRbWxOY0ROTmFtdHRNMEpqYlFwdWFuQTFRaTloWTJSRVIwSlNjRlZzUkhCR1ptSXlLelZXUzBWcVQzUlNhREJhUnl0WE0wbHhiMUZKUkVGUlFVSnZNRWwzVVVSQlVFSm5UbFpJVWsxQ0NrRm1PRVZDVkVGRVFWRklMMDFCTkVkQk1WVmtSSGRGUWk5M1VVVkJkMGxDUW1wQlpFSm5UbFpJVVRSRlJtZFJWVzV0VDFOS2NVOVpWVzlEVlVFNVJuWUtSbWRzT1hCT01GTmpLekIzUkZGWlNrdHZXa2xvZG1OT1FWRkZURUpSUVVSblowVkNRVWRpTVZSTmFVa3JiblJJTlRjd1JVRnlWREZUWjNObmJXTXpSd3AzUkZwM1JsSllibm92ZG5JMVdHOXlLeXRSU1RCeFEzRjZVVTE1ZEUwdlFsbzNURTUxVTA0d09GYzFRM2h2YTA0M1JtNUtRMHc0VEZRNFVuQmliek5RQ2pkUmJEVkJka2hsWjJoT09FMDFOSFp5VFdzeFJtcHBkbVZTVFVKM1N6RnVhVWxyVUZWb2FITnlhMVZoVnpOQ1YwdHJSMmMzTkM5SGIzZFhZVzlTV0VVS1ltdFplalIxYm1oNVVVOVBOeTgwZGpSbmFtMUZhbWxCTVVOMlYyNDRkVkpqTUM5bmFrbHJSbWg2WTFCcU56ZFpTRGszT0dKbmJUSTRSVGxpTTBkeGVBcFFZV05xYlc1T2JtdFJORU5GVkZabVozTlBjSFpZVW1kVVpFOVBTMnRFVFN0UmIzY3hiV1F3ZDJSd1ltcHNRMjFaZDFwVlZIUlVPU3M1WlZCdVdITnFDbTVHT1RoMWNUWkVkbWNyUzNaT2JFd3dXVkV3Ukd0dGFtZEliMDh4VDBSRFNtNXhNV3BvYTBjdlkxRnRaa3BNU21WWVVHWTBUeTlTYkdWUlBRb3RMUzB0TFVWT1JDQkRSVkpVU1VaSlEwRlVSUzB0TFMwdENnbz0KICAgIHNlcnZlcjogaHR0cHM6Ly8xMC4wLjEuOTg6NjQ0MwogIG5hbWU6IGJvb3RzdHJhcApjb250ZXh0czoKLSBjb250ZXh0OgogICAgY2x1c3RlcjogYm9vdHN0cmFwCiAgICB1c2VyOiBib290c3RyYXAKICBuYW1lOiBib290c3RyYXAKY3VycmVudC1jb250ZXh0OiBib290c3RyYXAKa2luZDogQ29uZmlnCnByZWZlcmVuY2VzOiB7fQp1c2VyczoKLSBuYW1lOiBib290c3RyYXAKICB1c2VyOgogICAgdG9rZW46IDQ1aHV3di55OXVjenE2anJ2OWVxYXBxCg==",
                  "inventory_tmpl": "[tkm-minions]\nlocalhost initial_node_labels=oci.oraclecloud.com/node.info.managed=true node_is_on_private_subnet={NODE_IS_ON_PRIVATE_SUBNET} nodeid_suffix={NODE_SUFFIX} shape=VM.Standard.E3.Flex ansible_user=opc tenancyid=ocid1.tenancy.oc1..aaaaaaaafmttsfo7ogtmmtbqi7mwomlji2hn44dyj4dwtvd7xgm236beottq compartmentid_prefix=ocid1.tenancy.oc1 k8s_kubelet_hostname={K8S_KUBELET_HOSTNAME} region_key=SIN ansible_connection=local public_ipaddress={PUBLIC_IP} zone=CpAD:AP-SINGAPORE-1-AD-1 k8s_version=v1.31.10 displayname=oke-cdzaz6nl3vq-nyvss2yzviq-sjbo7ckwh7a-1 compartmentname=ceo86 nodeid_prefix={NODE_PREFIX} region_name=ap-singapore-1 ta_version={TA_VERSION} region=ap-singapore-1 compartmentid_suffix=aaaaaaaafmttsfo7ogtmmtbqi7mwomlji2hn44dyj4dwtvd7xgm236beottq private_ipaddress={PRIVATE_IP}\n",
                  "ip-families": "IPv4",
                  "oci_tld": "oraclecloud.com",
                  "oke-ad": "CpAD:AP-SINGAPORE-1-AD-1",
                  "oke-cluster-display-name": "taskir-oke-cluster",
                  "oke-cluster-id": "ocid1.cluster.oc1.ap-singapore-1.aaaaaaaadffnzoagk52xoxknh5umd377dhjh5bt4r45wvb2avcdzaz6nl3vq",
                  "oke-cluster-label": "cdzaz6nl3vq",
                  "oke-compartment-name": "ceo86",
                  "oke-image-name": "Oracle-Linux-8.10-2025.09.16-0-OKE-1.31.10-1330",
                  "oke-initial-node-labels": "oci.oraclecloud.com/node.info.managed=true",
                  "oke-is-cloud-init": "true",
                  "oke-is-on-private-subnet": "false",
                  "oke-is-onsr": "false",
                  "oke-is-preemptible": "false",
                  "oke-is-private-worker": "true",
                  "oke-k8version": "v1.31.10",
                  "oke-node-package-node-all-version": "oci-oke-node-all-1.31.10*",
                  "oke-pool-id": "ocid1.nodepool.oc1.ap-singapore-1.aaaaaaaal2hhokknjj6g7fhgj6ren43x3f5thl4o4igcjbp53nyvss2yzviq",
                  "oke-pool-label": "nyvss2yzviq",
                  "oke-preconfigured-vnics": "false",
                  "oke-slot": "1",
                  "oke-subnet-label": "sjbo7ckwh7a",
                  "oke-tenancy-id": "ocid1.tenancy.oc1..aaaaaaaafmttsfo7ogtmmtbqi7mwomlji2hn44dyj4dwtvd7xgm236beottq",
                  "oke-tm": "oke",
                  "oke_artifact_signing_key": "-----BEGIN PUBLIC KEY-----\nMIICIjANBgkqhkiG9w0BAQEFAAOCAg8AMIICCgKCAgEA6byaA2n422JumfKQf90Q\nlpI9zderJ5duw6kWA1AwVCB4A+oEFrD1stJB+BUkCK+xML3iyVGuwm7LeMm1r5zL\nRlXb/rm9aqtNl164O5rHlcerH+bJD+83JKD7RP38+IkFes8PehI0OcrRLXe678vH\ny8FqCKTv9oZ32rgzHmYlWLxDBzIHJBL+0DkLB3OjOog69DvJsF8/IfbpZyypIjba\nbDrytAqThsEA1lJq99vzrIWhnImUUfUFfGElasiL7yqLFqgJwtjFstnJCpZdRdVV\noVRl93DUem8MQIkSfXisTVAKBw6n/FU7M2jrfR8jXswAQXLuKoTBv9Hoa8oy+FFc\nTSR989WNliip/oDUJrMDTxUC7Ihb1dRyZuZcS82LhjfWMQx2WhVYo7+wlo3WKDJ/\nnSYVs4NBzFS114iriRFxa0v+C7Z3lehbOyLm4Rrs4PQXhio6dJLMLVxX+kEWXZb8\nxQwJWkniS3YlzaK+JP8gRyrkSUgRutbdBjkZ93UtEn5OrSqCPTmHWXxk6mJJoJUY\ngUzZ1xfxRSgfRv1iwOGPb9njhvnBiHiAv+lB0Y7bGBdRkJvzwwTPOcogB+o0ddr6\n9/LUPM71YX5unTUGW5iwMC+FdGPDwPIzsSHfoY6hw54sag78gKV8pH/XH2rUodny\n1JHqS7CXJ69UusbDDYUbqyMCAwEAAQ==\n-----END PUBLIC KEY-----\n",
                  "oke_init_script": "IyEvdXNyL2Jpbi9lbnYgYmFzaApzZXQgLXgKc2V0IC1lCnNldCAtbyBwaXBlZmFpbAoKdjFfc2hhX2ZpbGU9ImFuc2libGUtcGxheWJvb2stMS43MC4wLWQxODcxZDkxNjAwYWVhMzc2ZDAwMGY4NGZiYzE3YjhiYjI5YTZjNmQtMS50Z3ouc2hhMjU2Igp2Ml9zaGFfZmlsZT0kKGVjaG8gImFuc2libGUtcGxheWJvb2stMS43MC4wLWQxODcxZDkxNjAwYWVhMzc2ZDAwMGY4NGZiYzE3YjhiYjI5YTZjNmQtMS50Z3oiIHwgc2VkICdzL1wudGd6Ly12MlwudGd6LnNoYTI1Ni8nKQoKdmVyaWZ5Q2hlY2tzdW0oKSB7CiAgaWYgZ3JlcCAnUFJFVFRZX05BTUU9Ik9yYWNsZSBMaW51eCBTZXJ2ZXIgOFwuLioiJyAvZXRjL29zLXJlbGVhc2UgPi9kZXYvbnVsbDsgdGhlbgogICAgb3BlbnNzbCBkZ3N0IC1zaGEyNTYgLXNpZ25hdHVyZSAkMSAtdmVyaWZ5ICQyICQzCiAgZWxzZQogICAgT1BFTlNTTF9GSVBTPTEgb3BlbnNzbCBkZ3N0IC1zaGEyNTYgLXNpZ25hdHVyZSAkMSAtdmVyaWZ5ICQyICQzCiAgZmkKfQoKZG93bmxvYWRBbnNpYmxlKCkgewogIGN1cmwgLXYgLS1mYWlsIC1MMCBodHRwczovL29iamVjdHN0b3JhZ2UuYXAtc2luZ2Fwb3JlLTEub3JhY2xlY2xvdWQuY29tL24vb2R4LW9rZS9iL3Rrdy1jbG91ZC1pbml0LXByZC0wL28vYW5zaWJsZS1wbGF5Ym9vay0xLjcwLjAtZDE4NzFkOTE2MDBhZWEzNzZkMDAwZjg0ZmJjMTdiOGJiMjlhNmM2ZC0xLnRneiAtbyAvdmFyL3J1bi90a3cvYW5zaWJsZS1wbGF5Ym9vay0xLjcwLjAtZDE4NzFkOTE2MDBhZWEzNzZkMDAwZjg0ZmJjMTdiOGJiMjlhNmM2ZC0xLnRneiAmJgogIGN1cmwgLS1mYWlsIC1IICJBdXRob3JpemF0aW9uOiBCZWFyZXIgT3JhY2xlIiAtTDAgaHR0cDovLzE2OS4yNTQuMTY5LjI1NC9vcGMvdjIvaW5zdGFuY2UvbWV0YWRhdGEvb2tlX2FydGlmYWN0X3NpZ25pbmdfa2V5ID4gL3Zhci9ydW4vdGt3L29rZS1zaWduaW5nLnB1YiAmJgogIGlmIGN1cmwgLXYgLS1mYWlsIC1MMCBodHRwczovL29iamVjdHN0b3JhZ2UuYXAtc2luZ2Fwb3JlLTEub3JhY2xlY2xvdWQuY29tL24vb2R4LW9rZS9iL3Rrdy1jbG91ZC1pbml0LXByZC0wL28vJHYxX3NoYV9maWxlIC1vIC92YXIvcnVuL3Rrdy8kdjFfc2hhX2ZpbGUgJiYgXAogICAgdmVyaWZ5Q2hlY2tzdW0gL3Zhci9ydW4vdGt3LyR2MV9zaGFfZmlsZSAvdmFyL3J1bi90a3cvb2tlLXNpZ25pbmcucHViIC92YXIvcnVuL3Rrdy9hbnNpYmxlLXBsYXlib29rLTEuNzAuMC1kMTg3MWQ5MTYwMGFlYTM3NmQwMDBmODRmYmMxN2I4YmIyOWE2YzZkLTEudGd6OyB0aGVuCiAgICBlY2hvICJBbnNpYmxlIGJ1bmRsZSBpcyBiZWluZyBzaWduZWQgd2l0aCBhcnRpZmFjdC1zaWduaW5nLWtleSIKICBlbGlmIGN1cmwgLXYgLS1mYWlsIC1MMCBodHRwczovL29iamVjdHN0b3JhZ2UuYXAtc2luZ2Fwb3JlLTEub3JhY2xlY2xvdWQuY29tL24vb2R4LW9rZS9iL3Rrdy1jbG91ZC1pbml0LXByZC0wL28vJHYyX3NoYV9maWxlIC1vIC92YXIvcnVuL3Rrdy8kdjJfc2hhX2ZpbGUgJiYgXAogICAgdmVyaWZ5Q2hlY2tzdW0gL3Zhci9ydW4vdGt3LyR2Ml9zaGFfZmlsZSAvdmFyL3J1bi90a3cvb2tlLXNpZ25pbmcucHViIC92YXIvcnVuL3Rrdy9hbnNpYmxlLXBsYXlib29rLTEuNzAuMC1kMTg3MWQ5MTYwMGFlYTM3NmQwMDBmODRmYmMxN2I4YmIyOWE2YzZkLTEudGd6OyB0aGVuCiAgICBlY2hvICJBbnNpYmxlIGJ1bmRsZSBpcyBiZWluZyBzaWduZWQgd2l0aCBhcnRpZmFjdC1zaWduaW5nLWtleS12MiIKICBlbHNlCiAgICByZXR1cm4gMQogIGZpCn0KCmV4ZWMgJj4gPih0ZWUgLWlhIC92YXIvcnVuL29rZS1pbml0LmxvZykKaWYgWyAhIC1mIC92YXIvbG9nL2Nsb3VkLWluaXQtb3V0cHV0LmxvZyBdOyB0aGVuCiAgZXhlYyAmPiA+KHRlZSAtaWEgL3Zhci9sb2cvY2xvdWQtaW5pdC1vdXRwdXQubG9nKQpmaQpleGVjIDI+JjEKCmlmIFsgLWYgL2V0Yy8ub2tlX2luaXRfY29tcGxldGUgXTsgdGhlbgogIGVjaG8gIk9LRSBwcm92aXNpb25pbmcgYWxyZWFkeSBjb21wbGV0ZWQiCiAgZXhpdCAwCmZpCgpta2RpciAtcCAvZXRjL3JwbQpSUE1fU1BFQz0vZXRjL3JwbS9tYWNyb3MudmVyaWZ5CmlmIFsgLWYgL2V0Yy9va2Uvb2tlLWluc3RhbGwuc2ggXTsgdGhlbgogIHVudGlsIGJhc2ggLXggIi9ldGMvb2tlL29rZS1pbnN0YWxsLnNoIiAiJEAiCiAgZG8KICAgIGVjaG8gIm9rZS1pbnN0YWxsIGZhaWxlZCwgcmV0cnlpbmcgaW4gNXMuLi4iCiAgICBzbGVlcCA1CiAgZG9uZQplbHNlCiAgZWNobyAiJV9wa2d2ZXJpZnlfbGV2ZWwgbm9uZSIgPiRSUE1fU1BFQwogIG1rZGlyIC1wIC92YXIvcnVuL3RrdwogIHJtIC1yZiAvdmFyL3J1bi90a3cvKgogIHVudGlsIGRvd25sb2FkQW5zaWJsZQogIGRvCiAgICBlY2hvICJGYWlsZWQgdG8gZG93bmxvYWQgVEtXIGFuc2libGUgYnVuZGxlLi4ucmV0cnlpbmcgaW4gNXMiCiAgICBybSAtcmYgL3Zhci9ydW4vdGt3LyoKICAgIG1rZGlyIC1wIC92YXIvcnVuL3RrdwogICAgc2xlZXAgNQogIGRvbmUKICB0YXIgLXh6dmYgL3Zhci9ydW4vdGt3L2Fuc2libGUtcGxheWJvb2stMS43MC4wLWQxODcxZDkxNjAwYWVhMzc2ZDAwMGY4NGZiYzE3YjhiYjI5YTZjNmQtMS50Z3ogLUMgL3Zhci9ydW4vdGt3CiAgdW50aWwgYmFzaCAteCAiL3Zhci9ydW4vdGt3L2Jvb3RzdHJhcC5zaCIgIiRAIgogIGRvCiAgICBlY2hvICJib290c3RyYXAgZmFpbGVkLi4ucmV0cnlpbmcgaW4gNXMuLi4iCiAgICBzbGVlcCA1CiAgZG9uZQogIHJtIC1mICRSUE1fU1BFQwpmaQo=",
                  "oke_maturity": "prd",
                  "oke_namespace": "odx-oke",
                  "realm": "oc1",
                  "ssh_authorized_keys": "ssh-rsa AAAAB3NzaC1yc2EAAAADAQABAAABAQC2Kutag9jwtdy839XBeMFmDLQ6/lAn/3A6M39L8sgHW7WYUPaNfJwof36f02qVEfR+dPzMoFixOQRfg6/ERfk9CVOPrL/lRXy5g5UD1319PonyplhkGzoOEybinOv1CVZbWzy8We+LDynZ8VCdo7mYuTpy6xGjv3KYU/sNhGe1ftgeB8HAnZFAS36E8o338c8TnXQ3XmUY16QPWFCqJCoFRXJpg9HJmDsa76Q+dmEoUD4LEZxnc7fK3w+mPRBV7hGHQqt9lMdpmbi87+KHWbUhFmy395qDq3e8f2fzXuQsoUTBimIt4oHKThMwrczPN8homtHnApnjXy3UauXUZBSf\n",
                  "user_data": "IyEvYmluL2Jhc2gKb2tlX2luaXRfc2NyaXB0PSQoY3VybCAtLWZhaWwgLW0gNSAtSCAiQXV0aG9yaXphdGlvbjogQmVhcmVyIE9yYWNsZSIgLUwwIGh0dHA6Ly8xNjkuMjU0LjE2OS4yNTQvb3BjL3YyL2luc3RhbmNlL21ldGFkYXRhL29rZV9pbml0X3NjcmlwdCkKaWYgWyAkPyAtbmUgMCBdOyB0aGVuCiAgb2tlX2luaXRfc2NyaXB0PSQoY3VybCAtLWZhaWwgLW0gNSAtZyAtSCAiQXV0aG9yaXphdGlvbjogQmVhcmVyIE9yYWNsZSIgLUwwIGh0dHA6Ly9bZmQwMDpjMTo6YTlmZTphOWZlXS9vcGMvdjIvaW5zdGFuY2UvbWV0YWRhdGEvb2tlX2luaXRfc2NyaXB0KQpmaQplY2hvICRva2VfaW5pdF9zY3JpcHQgfCBiYXNlNjQgLS1kZWNvZGUgPiAvdmFyL3J1bi9va2UtaW5pdC5zaAp0b3VjaCAvdmFyL3J1bi8ub2tlLWRlZmF1bHQtY2xvdWQtaW5pdAoKYmFzaCAvdmFyL3J1bi9va2UtaW5pdC5zaA=="
                },
                "placement_constraint_details": [],
                "platform_config": [],
                "preemptible_instance_config": [],
                "preserve_boot_volume": false,
                "preserve_data_volumes_created_at_launch": false,
                "private_ip": "",
                "public_ip": "",
                "region": "ap-singapore-1",
                "security_attributes": {},
                "security_attributes_state": "STABLE",
                "shape": "VM.Standard.E3.Flex",
                "shape_config": [
                  {
                    "baseline_ocpu_utilization": "",
                    "gpu_description": "",
                    "gpus": 0,
                    "local_disk_description": "",
                    "local_disks": 0,
                    "local_disks_total_size_in_gbs": 0,
                    "max_vnic_attachments": 2,
                    "memory_in_gbs": 8,
                    "networking_bandwidth_in_gbps": 2,
                    "nvmes": 0,
                    "ocpus": 2,
                    "processor_description": "2.25 GHz AMD EPYC™ 7742 (Rome)",
                    "resource_management": "",
                    "vcpus": 4
                  }
                ],
                "source_details": [
                  {
                    "boot_volume_size_in_gbs": "",
                    "boot_volume_vpus_per_gb": "10",
                    "instance_source_image_filter_details": [],
                    "is_preserve_boot_volume_enabled": false,
                    "kms_key_id": "",
                    "source_id": "ocid1.image.oc1.ap-singapore-1.aaaaaaaap46mzk6dir2xmap2hc5ydscwzcggusasdxgkh77be3q2nhdre4nq",
                    "source_type": "image"
                  }
                ],
                "state": "RUNNING",
                "subnet_id": "",
                "system_tags": {
                  "orcl-containerengine.Cluster": "ocid1.cluster.oc1.ap-singapore-1.aaaaaaaadffnzoagk52xoxknh5umd377dhjh5bt4r45wvb2avcdzaz6nl3vq",
                  "orcl-containerengine.NodePool": "ocid1.nodepool.oc1.ap-singapore-1.aaaaaaaal2hhokknjj6g7fhgj6ren43x3f5thl4o4igcjbp53nyvss2yzviq",
                  "orcl-containerengine.NodeType": "oke-managed"
                },
                "time_created": "2026-02-16 00:19:53.689 +0000 UTC",
                "time_maintenance_reboot_due": "",
                "update_operation_constraint": ""
              },
              {
                "agent_config": [
                  {
                    "are_all_plugins_disabled": false,
                    "is_management_disabled": false,
                    "is_monitoring_disabled": false,
                    "plugins_config": []
                  }
                ],
                "async": false,
                "availability_config": [
                  {
                    "is_live_migration_preferred": false,
                    "recovery_action": "RESTORE_INSTANCE"
                  }
                ],
                "availability_domain": "CpAD:AP-SINGAPORE-1-AD-1",
                "boot_volume_id": "",
                "capacity_reservation_id": "",
                "cluster_placement_group_id": "",
                "compartment_id": "ocid1.tenancy.oc1..aaaaaaaafmttsfo7ogtmmtbqi7mwomlji2hn44dyj4dwtvd7xgm236beottq",
                "compute_cluster_id": "",
                "create_vnic_details": [],
                "dedicated_vm_host_id": "",
                "defined_tags": {
                  "Oracle-Tags.CreatedBy": "default/ceo@taskirsview.com",
                  "Oracle-Tags.CreatedOn": "2026-02-15T04:39:20.358Z"
                },
                "display_name": "taskir-jumpbox",
                "extended_metadata": {},
                "fault_domain": "FAULT-DOMAIN-3",
                "freeform_tags": {},
                "hostname_label": "",
                "id": "ocid1.instance.oc1.ap-singapore-1.anzwsljrsfo24uic6aebggwaizottgealxysm6ila5rwgnqeszruces3fsxa",
                "image": "ocid1.image.oc1.ap-singapore-1.aaaaaaaagprflp6eskrzius44wz54sye5bpppo37xwa57jiruylujdg3qfna",
                "instance_configuration_id": "",
                "instance_options": [
                  {
                    "are_legacy_imds_endpoints_disabled": false
                  }
                ],
                "ipxe_script": "",
                "is_ai_enterprise_enabled": false,
                "is_cross_numa_node": false,
                "is_pv_encryption_in_transit_enabled": false,
                "launch_mode": "PARAVIRTUALIZED",
                "launch_options": [
                  {
                    "boot_volume_type": "PARAVIRTUALIZED",
                    "firmware": "UEFI_64",
                    "is_consistent_volume_naming_enabled": true,
                    "is_pv_encryption_in_transit_enabled": false,
                    "network_type": "PARAVIRTUALIZED",
                    "remote_data_volume_type": "PARAVIRTUALIZED"
                  }
                ],
                "launch_volume_attachments": [],
                "licensing_configs": [],
                "metadata": {
                  "ssh_authorized_keys": "ssh-rsa AAAAB3NzaC1yc2EAAAADAQABAAABAQC2Kutag9jwtdy839XBeMFmDLQ6/lAn/3A6M39L8sgHW7WYUPaNfJwof36f02qVEfR+dPzMoFixOQRfg6/ERfk9CVOPrL/lRXy5g5UD1319PonyplhkGzoOEybinOv1CVZbWzy8We+LDynZ8VCdo7mYuTpy6xGjv3KYU/sNhGe1ftgeB8HAnZFAS36E8o338c8TnXQ3XmUY16QPWFCqJCoFRXJpg9HJmDsa76Q+dmEoUD4LEZxnc7fK3w+mPRBV7hGHQqt9lMdpmbi87+KHWbUhFmy395qDq3e8f2fzXuQsoUTBimIt4oHKThMwrczPN8homtHnApnjXy3UauXUZBSf\n"
                },
                "placement_constraint_details": [],
                "platform_config": [],
                "preemptible_instance_config": [],
                "preserve_boot_volume": false,
                "preserve_data_volumes_created_at_launch": false,
                "private_ip": "",
                "public_ip": "",
                "region": "ap-singapore-1",
                "security_attributes": {},
                "security_attributes_state": "STABLE",
                "shape": "VM.Standard.E3.Flex",
                "shape_config": [
                  {
                    "baseline_ocpu_utilization": "",
                    "gpu_description": "",
                    "gpus": 0,
                    "local_disk_description": "",
                    "local_disks": 0,
                    "local_disks_total_size_in_gbs": 0,
                    "max_vnic_attachments": 2,
                    "memory_in_gbs": 1,
                    "networking_bandwidth_in_gbps": 1,
                    "nvmes": 0,
                    "ocpus": 1,
                    "processor_description": "2.25 GHz AMD EPYC™ 7742 (Rome)",
                    "resource_management": "",
                    "vcpus": 2
                  }
                ],
                "source_details": [
                  {
                    "boot_volume_size_in_gbs": "",
                    "boot_volume_vpus_per_gb": "10",
                    "instance_source_image_filter_details": [],
                    "is_preserve_boot_volume_enabled": false,
                    "kms_key_id": "",
                    "source_id": "ocid1.image.oc1.ap-singapore-1.aaaaaaaagprflp6eskrzius44wz54sye5bpppo37xwa57jiruylujdg3qfna",
                    "source_type": "image"
                  }
                ],
                "state": "RUNNING",
                "subnet_id": "",
                "system_tags": {},
                "time_created": "2026-02-15 04:39:20.813 +0000 UTC",
                "time_maintenance_reboot_due": "",
                "update_operation_constraint": ""
              }
            ],
            "state": null
          },
          "sensitive_attributes": []
        }
      ]
    },
    {
      "mode": "data",
      "type": "oci_core_services",
      "name": "all_services",
      "provider": "provider[\"registry.terraform.io/oracle/oci\"]",
      "instances": [
        {
          "schema_version": 0,
          "attributes": {
            "filter": [
              {
                "name": "name",
                "regex": true,
                "values": [
                  "All .* Services In Oracle Services Network"
                ]
              }
            ],
            "id": "CoreServicesDataSource-0",
            "services": [
              {
                "cidr_block": "all-sin-services-in-oracle-services-network",
                "description": "All SIN Services In Oracle Services Network",
                "id": "ocid1.service.oc1.ap-singapore-1.aaaaaaaagnk23xjbfwkz2vlbnad4pvhi4l5idlqismigynvidjildotx2rwq",
                "name": "All SIN Services In Oracle Services Network"
              }
            ]
          },
          "sensitive_attributes": []
        }
      ]
    },
    {
      "mode": "data",
      "type": "oci_core_services",
      "name": "object_storage_service",
      "provider": "provider[\"registry.terraform.io/oracle/oci\"]",
      "instances": [
        {
          "schema_version": 0,
          "attributes": {
            "filter": [
              {
                "name": "name",
                "regex": true,
                "values": [
                  "OCI .* Object Storage"
                ]
              }
            ],
            "id": "CoreServicesDataSource-0",
            "services": [
              {
                "cidr_block": "oci-sin-objectstorage",
                "description": "OCI SIN Object Storage",
                "id": "ocid1.service.oc1.ap-singapore-1.aaaaaaaaojavgssbzcesxwpkqhvjnaxalbp3y4gd27xzzgqzex2xm4by3woa",
                "name": "OCI SIN Object Storage"
              }
            ]
          },
          "sensitive_attributes": []
        }
      ]
    },
    {
      "mode": "data",
      "type": "oci_identity_availability_domains",
      "name": "ads",
      "provider": "provider[\"registry.terraform.io/oracle/oci\"]",
      "instances": [
        {
          "schema_version": 0,
          "attributes": {
            "availability_domains": [
              {
                "compartment_id": "ocid1.tenancy.oc1..aaaaaaaafmttsfo7ogtmmtbqi7mwomlji2hn44dyj4dwtvd7xgm236beottq",
                "id": "ocid1.availabilitydomain.oc1..aaaaaaaar5i2dxxyyprdqq5egzf6m4m5xa5ywtuknisknxccvcqw4v7ps5ea",
                "name": "CpAD:AP-SINGAPORE-1-AD-1"
              }
            ],
            "compartment_id": "ocid1.tenancy.oc1..aaaaaaaafmttsfo7ogtmmtbqi7mwomlji2hn44dyj4dwtvd7xgm236beottq",
            "filter": null,
            "id": "IdentityAvailabilityDomainsDataSource-778747928"
          },
          "sensitive_attributes": []
        }
      ]
    },
    {
      "mode": "data",
      "type": "oci_objectstorage_namespace",
      "name": "ns",
      "provider": "provider[\"registry.terraform.io/oracle/oci\"]",
      "instances": [
        {
          "schema_version": 0,
          "attributes": {
            "compartment_id": "ocid1.tenancy.oc1..aaaaaaaafmttsfo7ogtmmtbqi7mwomlji2hn44dyj4dwtvd7xgm236beottq",
            "id": "ObjectStorageNamespaceDataSource-778747928",
            "namespace": "axoodqjqcaam"
          },
          "sensitive_attributes": []
        }
      ]
    },
    {
      "mode": "managed",
      "type": "cloudflare_record",
      "name": "api",
      "provider": "provider[\"registry.terraform.io/cloudflare/cloudflare\"]",
      "instances": [
        {
          "schema_version": 3,
          "attributes": {
            "allow_overwrite": false,
            "comment": "",
            "content": null,
            "created_on": "2026-02-14T09:55:39.971479Z",
            "data": [],
            "hostname": "api.taskirx.com",
            "id": "f45d8f82bd1665e11193325b71327499",
            "metadata": {},
            "modified_on": "2026-02-14T09:55:39.971479Z",
            "name": "api",
            "priority": null,
            "proxiable": true,
            "proxied": true,
            "tags": [],
            "timeouts": null,
            "ttl": 1,
            "type": "A",
            "value": "192.0.2.1",
            "zone_id": "9b780b3eb13c86a353900810dfb37815"
          },
          "sensitive_attributes": [],
          "private": "eyJlMmJmYjczMC1lY2FhLTExZTYtOGY4OC0zNDM2M2JjN2M0YzAiOnsiY3JlYXRlIjozMDAwMDAwMDAwMCwidXBkYXRlIjozMDAwMDAwMDAwMH0sInNjaGVtYV92ZXJzaW9uIjoiMyJ9"
        }
      ]
    },
    {
      "mode": "managed",
      "type": "local_file",
      "name": "oke_node_key_file",
      "provider": "provider[\"registry.terraform.io/hashicorp/local\"]",
      "instances": [
        {
          "schema_version": 0,
          "attributes": {
            "content": "-----BEGIN RSA PRIVATE KEY-----\nMIIEpAIBAAKCAQEAtirrWoPY8LXcvN/VwXjBZgy0Ov5QJ/9wOjN/S/LIB1u1mFD2\njXycKH9+n9NqlRH0fnT8zKBYsTkEX4OvxEX5PQlTj6y/5UV8uYOVA9d9fT6J8qZY\nZBs6DhMm4pzr9QlWW1s8vFnviw8p2fFQnaO5mLk6cusRo79ymFP7DYRntX7YHgfB\nwJ2RQEt+hPKN9/HPE510N15lGNekD1hQqiQqBUVyaYPRyZg7Gu+kPnZhKFA+CxGc\nZ3O3yt8Ppj0QVe4Rh0KrfZTHaZm4vO/ih1m1IRZst/eag6t3vH9n817kLKFEwYpi\nLeKByk4TMK3MzzfIaJrR5wKZ418t1Grl1GQUnwIDAQABAoIBAD2YpZwlmOVLmSgE\nR7LzsfFfulF4TII5zSjg4No9bYWPbQfj2Hpe+C55bcd9JTzipVldFV3bmiHStbfW\nP0iOoIgS7z5Vm01bAaF47Jov8y62Rs7VkG3JBwhbUXqutNpWHe0mHJNTlbvflLcs\n8aVcBxWtDCZvdbd4tLbtLqaTbr3fZAeDxLEUsdhV25gAD0RuNnsntF2o0Qz/6pKm\n7PZorZ543yvDbRJc4j3cFC91aHdPar4r2c+TdYuHSuZ7riNKkGJHSA3raHkissAS\nKo7qSP+jD6RzGDfxRZMrwQKBJG7J56fNaStl5KhoSOipOUswkqyEFPfnFnUqJlfx\nVk1njwECgYEA2k44jcdAJuKnaaZ5RnKXi3a/ZtFaS/kBzGeJPqMnf8/uCjY5PfKu\n9oG1kJY5dJYDLme8dX99JrE6/V3NO9+atVCbKOldgtC1O8vDaXp26tbZPyvojD7F\nO5s4hXLK/71jfkMYkAe+AIQPUCdo9iEaHZDTP2oMWY22894uNmiNhukCgYEA1Z9K\nt+RerPENZL5cuv4Uo568mi7IOcX+O/4cVkNdGoHKCJX27cnbiWs4wmFVmc1bo7iD\nROcSDGYD7YamrF1Fo8g3v7M6hWw3tmUCk6eJ+gxdKcN6fB62k1JtpwEzJGOdobEI\nFSSsusdMDhG/LbAI/X+4B1oSvDgTe+y4u0PwGkcCgYEAgj5Ax3Wk9I4tS38iw8EC\nYRaLwxAMS19Yj1cGLvSwUDUB093d8POlJzTj2kuGI+SMKVeCvKc/R6Jdi2Q3Wg1i\nA+L/bz0rqSxTtEUxZPDHmfxsyJ+tsl6Q1asZ4aRHMKURgvcM5IF5/lzLtgqNOKsv\nJYyOPDtM+vDtwjlAYP2n0mECgYEA0SPsoPDCCArPlAwS+Td7uVzVRRX8DSPcbZuw\n3nuBEUx0IcfAQrlXZ8hDf3qPtc4po7YnPjQDpYPS4J7tWt7OKTUB73pnFu0F9loa\nFbj3ColERHkO16myEbWniNNR4JRuZTjOsvR+7zXjLfsN8orfol+CKiBzKzazTKZL\njXtL/E0CgYBtCp6rU+HGRuHgcEpQbSRvcb8pNhzCXecgRZ2uQee2uEDk5j7LpV0+\nqm9XiPDvHNcrYgWlqajmaz9sSEpyt+Wi4cSRpYsrBTGnaR82MwwFYWIBmbpB11zC\n/9LVENcQ3DzcJB/a2ycSMKV/6SYZo7ugrSp8UxH77gIhnX4RYJbPiA==\n-----END RSA PRIVATE KEY-----\n",
            "content_base64": null,
            "content_base64sha256": "edxepS5lAKQMS/8YV+r5nTUtvg5dqJy+/w9QZVo29K8=",
            "content_base64sha512": "LXjjAM6Rd2OTS/nZIHJkSghb70UBhmtJ8X3VPWFAOWRDaDiLQj4W74rllKaCCr4f0dTFI30oun8JpPfDAhMO2g==",
            "content_md5": "5b1abfa991d501b177ab8a9a3ff6feac",
            "content_sha1": "8122bb5986234676d88418c41ff5dd6a3e6f4922",
            "content_sha256": "79dc5ea52e6500a40c4bff1857eaf99d352dbe0e5da89cbeff0f50655a36f4af",
            "content_sha512": "2d78e300ce917763934bf9d92072644a085bef4501866b49f17dd53d614039644368388b423e16ef8ae594a6820abe1fd1d4c5237d28ba7f09a4f7c302130eda",
            "directory_permission": "0777",
            "file_permission": "0600",
            "filename": "./id_rsa_oke.pem",
            "id": "8122bb5986234676d88418c41ff5dd6a3e6f4922",
            "sensitive_content": null,
            "source": null
          },
          "sensitive_attributes": [
            [
              {
                "type": "get_attr",
                "value": "content"
              }
            ]
          ],
          "dependencies": [
            "tls_private_key.oke_node_key"
          ]
        }
      ]
    },
    {
      "mode": "managed",
      "type": "oci_artifacts_container_repository",
      "name": "taskir_repos",
      "provider": "provider[\"registry.terraform.io/oracle/oci\"]",
      "instances": [
        {
          "index_key": "taskir-ad-matching",
          "schema_version": 0,
          "attributes": {
            "billable_size_in_gbs": "0",
            "compartment_id": "ocid1.tenancy.oc1..aaaaaaaafmttsfo7ogtmmtbqi7mwomlji2hn44dyj4dwtvd7xgm236beottq",
            "created_by": "ocid1.user.oc1..aaaaaaaahcvhz25r6yfneaf2c7754zwh3zrcx5pbnmny3isb4u5v42dol2wq",
            "defined_tags": {},
            "display_name": "taskir-ad-matching",
            "freeform_tags": {},
            "id": "ocid1.containerrepo.oc1.ap-singapore-1.0.axoodqjqcaam.aaaaaaaay7s6bv2evidzkdntdtrvwgddcnxmvx3v5g4fbhgirovu3u7tgnga",
            "image_count": 0,
            "is_immutable": false,
            "is_public": true,
            "layer_count": 0,
            "layers_size_in_bytes": "0",
            "namespace": "axoodqjqcaam",
            "readme": [
              {
                "content": "TaskirX Microservices Repository: taskir-ad-matching",
                "format": "TEXT_MARKDOWN"
              }
            ],
            "state": "AVAILABLE",
            "system_tags": {},
            "time_created": "2026-02-14 09:52:44.215 +0000 UTC",
            "time_last_pushed": null,
            "timeouts": null
          },
          "sensitive_attributes": [],
          "private": "eyJlMmJmYjczMC1lY2FhLTExZTYtOGY4OC0zNDM2M2JjN2M0YzAiOnsiY3JlYXRlIjoxMjAwMDAwMDAwMDAwLCJkZWxldGUiOjEyMDAwMDAwMDAwMDAsInVwZGF0ZSI6MTIwMDAwMDAwMDAwMH19"
        },
        {
          "index_key": "taskir-bid-optimization",
          "schema_version": 0,
          "attributes": {
            "billable_size_in_gbs": "0",
            "compartment_id": "ocid1.tenancy.oc1..aaaaaaaafmttsfo7ogtmmtbqi7mwomlji2hn44dyj4dwtvd7xgm236beottq",
            "created_by": "ocid1.user.oc1..aaaaaaaahcvhz25r6yfneaf2c7754zwh3zrcx5pbnmny3isb4u5v42dol2wq",
            "defined_tags": {},
            "display_name": "taskir-bid-optimization",
            "freeform_tags": {},
            "id": "ocid1.containerrepo.oc1.ap-singapore-1.0.axoodqjqcaam.aaaaaaaagf4paa7ygwosxzb53kkvgdagki4w76xasatv6igwy5ldap2p6xta",
            "image_count": 0,
            "is_immutable": false,
            "is_public": true,
            "layer_count": 0,
            "layers_size_in_bytes": "0",
            "namespace": "axoodqjqcaam",
            "readme": [
              {
                "content": "TaskirX Microservices Repository: taskir-bid-optimization",
                "format": "TEXT_MARKDOWN"
              }
            ],
            "state": "AVAILABLE",
            "system_tags": {},
            "time_created": "2026-02-14 09:52:44.209 +0000 UTC",
            "time_last_pushed": null,
            "timeouts": null
          },
          "sensitive_attributes": [],
          "private": "eyJlMmJmYjczMC1lY2FhLTExZTYtOGY4OC0zNDM2M2JjN2M0YzAiOnsiY3JlYXRlIjoxMjAwMDAwMDAwMDAwLCJkZWxldGUiOjEyMDAwMDAwMDAwMDAsInVwZGF0ZSI6MTIwMDAwMDAwMDAwMH19"
        },
        {
          "index_key": "taskir-dashboard",
          "schema_version": 0,
          "attributes": {
            "billable_size_in_gbs": "0",
            "compartment_id": "ocid1.tenancy.oc1..aaaaaaaafmttsfo7ogtmmtbqi7mwomlji2hn44dyj4dwtvd7xgm236beottq",
            "created_by": "ocid1.user.oc1..aaaaaaaahcvhz25r6yfneaf2c7754zwh3zrcx5pbnmny3isb4u5v42dol2wq",
            "defined_tags": {},
            "display_name": "taskir-dashboard",
            "freeform_tags": {},
            "id": "ocid1.containerrepo.oc1.ap-singapore-1.0.axoodqjqcaam.aaaaaaaaxgirgmivr455dyv4b36fjtihrk2fnje5dm2dcgunqxgw2xzv76oq",
            "image_count": 0,
            "is_immutable": false,
            "is_public": true,
            "layer_count": 0,
            "layers_size_in_bytes": "0",
            "namespace": "axoodqjqcaam",
            "readme": [
              {
                "content": "TaskirX Microservices Repository: taskir-dashboard",
                "format": "TEXT_MARKDOWN"
              }
            ],
            "state": "AVAILABLE",
            "system_tags": {},
            "time_created": "2026-02-14 09:52:44.217 +0000 UTC",
            "time_last_pushed": null,
            "timeouts": null
          },
          "sensitive_attributes": [],
          "private": "eyJlMmJmYjczMC1lY2FhLTExZTYtOGY4OC0zNDM2M2JjN2M0YzAiOnsiY3JlYXRlIjoxMjAwMDAwMDAwMDAwLCJkZWxldGUiOjEyMDAwMDAwMDAwMDAsInVwZGF0ZSI6MTIwMDAwMDAwMDAwMH19"
        },
        {
          "index_key": "taskir-fraud-detection",
          "schema_version": 0,
          "attributes": {
            "billable_size_in_gbs": "0",
            "compartment_id": "ocid1.tenancy.oc1..aaaaaaaafmttsfo7ogtmmtbqi7mwomlji2hn44dyj4dwtvd7xgm236beottq",
            "created_by": "ocid1.user.oc1..aaaaaaaahcvhz25r6yfneaf2c7754zwh3zrcx5pbnmny3isb4u5v42dol2wq",
            "defined_tags": {},
            "display_name": "taskir-fraud-detection",
            "freeform_tags": {},
            "id": "ocid1.containerrepo.oc1.ap-singapore-1.0.axoodqjqcaam.aaaaaaaaf6uoyrx2ibdvks5az77drrstihgngcochzzs6riggqslpcctujiq",
            "image_count": 0,
            "is_immutable": false,
            "is_public": true,
            "layer_count": 0,
            "layers_size_in_bytes": "0",
            "namespace": "axoodqjqcaam",
            "readme": [
              {
                "content": "TaskirX Microservices Repository: taskir-fraud-detection",
                "format": "TEXT_MARKDOWN"
              }
            ],
            "state": "AVAILABLE",
            "system_tags": {},
            "time_created": "2026-02-14 09:52:44.206 +0000 UTC",
            "time_last_pushed": null,
            "timeouts": null
          },
          "sensitive_attributes": [],
          "private": "eyJlMmJmYjczMC1lY2FhLTExZTYtOGY4OC0zNDM2M2JjN2M0YzAiOnsiY3JlYXRlIjoxMjAwMDAwMDAwMDAwLCJkZWxldGUiOjEyMDAwMDAwMDAwMDAsInVwZGF0ZSI6MTIwMDAwMDAwMDAwMH19"
        },
        {
          "index_key": "taskir-go-bidding",
          "schema_version": 0,
          "attributes": {
            "billable_size_in_gbs": "0",
            "compartment_id": "ocid1.tenancy.oc1..aaaaaaaafmttsfo7ogtmmtbqi7mwomlji2hn44dyj4dwtvd7xgm236beottq",
            "created_by": "ocid1.user.oc1..aaaaaaaahcvhz25r6yfneaf2c7754zwh3zrcx5pbnmny3isb4u5v42dol2wq",
            "defined_tags": {},
            "display_name": "taskir-go-bidding",
            "freeform_tags": {},
            "id": "ocid1.containerrepo.oc1.ap-singapore-1.0.axoodqjqcaam.aaaaaaaafui2wr4hf3mtekiuuvqqi2xxcrzv47mgcn6i6jeitijgmdryk65q",
            "image_count": 0,
            "is_immutable": false,
            "is_public": true,
            "layer_count": 0,
            "layers_size_in_bytes": "0",
            "namespace": "axoodqjqcaam",
            "readme": [
              {
                "content": "TaskirX Microservices Repository: taskir-go-bidding",
                "format": "TEXT_MARKDOWN"
              }
            ],
            "state": "AVAILABLE",
            "system_tags": {},
            "time_created": "2026-02-14 09:52:44.211 +0000 UTC",
            "time_last_pushed": null,
            "timeouts": null
          },
          "sensitive_attributes": [],
          "private": "eyJlMmJmYjczMC1lY2FhLTExZTYtOGY4OC0zNDM2M2JjN2M0YzAiOnsiY3JlYXRlIjoxMjAwMDAwMDAwMDAwLCJkZWxldGUiOjEyMDAwMDAwMDAwMDAsInVwZGF0ZSI6MTIwMDAwMDAwMDAwMH19"
        },
        {
          "index_key": "taskir-nestjs",
          "schema_version": 0,
          "attributes": {
            "billable_size_in_gbs": "0",
            "compartment_id": "ocid1.tenancy.oc1..aaaaaaaafmttsfo7ogtmmtbqi7mwomlji2hn44dyj4dwtvd7xgm236beottq",
            "created_by": "ocid1.user.oc1..aaaaaaaahcvhz25r6yfneaf2c7754zwh3zrcx5pbnmny3isb4u5v42dol2wq",
            "defined_tags": {},
            "display_name": "taskir-nestjs",
            "freeform_tags": {},
            "id": "ocid1.containerrepo.oc1.ap-singapore-1.0.axoodqjqcaam.aaaaaaaa4ukqcblcxbf5ruqx3knvnj6anqfjlwfbdtxtoif5ocv2t4ljisxq",
            "image_count": 0,
            "is_immutable": false,
            "is_public": true,
            "layer_count": 0,
            "layers_size_in_bytes": "0",
            "namespace": "axoodqjqcaam",
            "readme": [
              {
                "content": "TaskirX Microservices Repository: taskir-nestjs",
                "format": "TEXT_MARKDOWN"
              }
            ],
            "state": "AVAILABLE",
            "system_tags": {},
            "time_created": "2026-02-14 09:52:44.213 +0000 UTC",
            "time_last_pushed": null,
            "timeouts": null
          },
          "sensitive_attributes": [],
          "private": "eyJlMmJmYjczMC1lY2FhLTExZTYtOGY4OC0zNDM2M2JjN2M0YzAiOnsiY3JlYXRlIjoxMjAwMDAwMDAwMDAwLCJkZWxldGUiOjEyMDAwMDAwMDAwMDAsInVwZGF0ZSI6MTIwMDAwMDAwMDAwMH19"
        }
      ]
    },
    {
      "mode": "managed",
      "type": "oci_containerengine_cluster",
      "name": "taskir_oke",
      "provider": "provider[\"registry.terraform.io/oracle/oci\"]",
      "instances": [
        {
          "schema_version": 0,
          "attributes": {
            "available_kubernetes_upgrades": [
              "v1.32.1",
              "v1.32.10"
            ],
            "cluster_pod_network_options": [
              {
                "cni_type": "FLANNEL_OVERLAY"
              }
            ],
            "compartment_id": "ocid1.tenancy.oc1..aaaaaaaafmttsfo7ogtmmtbqi7mwomlji2hn44dyj4dwtvd7xgm236beottq",
            "defined_tags": {
              "Oracle-Tags.CreatedBy": "default/ceo@taskirsview.com",
              "Oracle-Tags.CreatedOn": "2026-02-14T09:55:40.193Z"
            },
            "endpoint_config": [
              {
                "is_public_ip_enabled": true,
                "nsg_ids": [],
                "subnet_id": "ocid1.subnet.oc1.ap-singapore-1.aaaaaaaayu6ito4byxljjobydlfrgpyozrz64nruvsimp5rny3aqmrjfvjzq"
              }
            ],
            "endpoints": [
              {
                "ipv6endpoint": "",
                "kubernetes": "",
                "private_endpoint": "10.0.1.98:6443",
                "public_endpoint": "213.35.115.131:6443",
                "vcn_hostname_endpoint": ""
              }
            ],
            "freeform_tags": {},
            "id": "ocid1.cluster.oc1.ap-singapore-1.aaaaaaaadffnzoagk52xoxknh5umd377dhjh5bt4r45wvb2avcdzaz6nl3vq",
            "image_policy_config": [
              {
                "is_policy_enabled": false,
                "key_details": []
              }
            ],
            "kms_key_id": null,
            "kubernetes_version": "v1.31.10",
            "lifecycle_details": null,
            "metadata": [
              {
                "created_by_user_id": "ocid1.user.oc1..aaaaaaaahcvhz25r6yfneaf2c7754zwh3zrcx5pbnmny3isb4u5v42dol2wq",
                "created_by_work_request_id": "ocid1.clustersworkrequest.oc1.ap-singapore-1.aaaaaaaabs5twpd6xgab64x6hdgck7sr2djdi2mh5z37y7e74wcj2ii5mh2q",
                "deleted_by_user_id": "",
                "deleted_by_work_request_id": "",
                "time_created": "2026-02-14 09:55:40 +0000 UTC",
                "time_credential_expiration": "2031-02-14 09:56:16 +0000 UTC",
                "time_deleted": "",
                "time_updated": "2026-02-14 11:05:42 +0000 UTC",
                "updated_by_user_id": "ocid1.user.oc1..aaaaaaaahcvhz25r6yfneaf2c7754zwh3zrcx5pbnmny3isb4u5v42dol2wq",
                "updated_by_work_request_id": "ocid1.clustersworkrequest.oc1.ap-singapore-1.amaaaaaasfo24uia23wwou6abwmtq7oja335yttae2scra2biqquexkbm3bq"
              }
            ],
            "name": "taskir-oke-cluster",
            "open_id_connect_discovery_endpoint": null,
            "open_id_connect_discovery_key": null,
            "options": [
              {
                "add_ons": [
                  {
                    "is_kubernetes_dashboard_enabled": false,
                    "is_tiller_enabled": false
                  }
                ],
                "admission_controller_options": [
                  {
                    "is_pod_security_policy_enabled": false
                  }
                ],
                "ip_families": [
                  "IPv4"
                ],
                "kubernetes_network_config": [
                  {
                    "pods_cidr": "10.244.0.0/16",
                    "services_cidr": "10.96.0.0/16"
                  }
                ],
                "open_id_connect_discovery": [],
                "open_id_connect_token_authentication_config": [],
                "persistent_volume_config": [
                  {
                    "defined_tags": {},
                    "freeform_tags": {}
                  }
                ],
                "service_lb_config": [
                  {
                    "backend_nsg_ids": [],
                    "defined_tags": {},
                    "freeform_tags": {}
                  }
                ],
                "service_lb_subnet_ids": [
                  "ocid1.subnet.oc1.ap-singapore-1.aaaaaaaayu6ito4byxljjobydlfrgpyozrz64nruvsimp5rny3aqmrjfvjzq"
                ]
              }
            ],
            "state": "ACTIVE",
            "timeouts": null,
            "type": "BASIC_CLUSTER",
            "vcn_id": "ocid1.vcn.oc1.ap-singapore-1.amaaaaaasfo24uiaautp7axq5h5sd2bfuftvem7eepiu4euhq2xxx2obxnda"
          },
          "sensitive_attributes": [],
          "private": "eyJlMmJmYjczMC1lY2FhLTExZTYtOGY4OC0zNDM2M2JjN2M0YzAiOnsiY3JlYXRlIjozNjAwMDAwMDAwMDAwLCJkZWxldGUiOjM2MDAwMDAwMDAwMDAsInVwZGF0ZSI6MzYwMDAwMDAwMDAwMH19",
          "dependencies": [
            "oci_core_internet_gateway.ig",
            "oci_core_route_table.public_rt",
            "oci_core_security_list.public_sl",
            "oci_core_subnet.public_subnet",
            "oci_core_vcn.taskir_vcn"
          ]
        }
      ]
    },
    {
      "mode": "managed",
      "type": "oci_containerengine_node_pool",
      "name": "taskir_node_pool",
      "provider": "provider[\"registry.terraform.io/oracle/oci\"]",
      "instances": [
        {
          "status": "tainted",
          "schema_version": 0,
          "attributes": {
            "cluster_id": "ocid1.cluster.oc1.ap-singapore-1.aaaaaaaadffnzoagk52xoxknh5umd377dhjh5bt4r45wvb2avcdzaz6nl3vq",
            "compartment_id": "ocid1.tenancy.oc1..aaaaaaaafmttsfo7ogtmmtbqi7mwomlji2hn44dyj4dwtvd7xgm236beottq",
            "defined_tags": {
              "Oracle-Tags.CreatedBy": "default/ceo@taskirsview.com",
              "Oracle-Tags.CreatedOn": "2026-02-16T04:04:34.892Z"
            },
            "freeform_tags": {},
            "id": "ocid1.nodepool.oc1.ap-singapore-1.aaaaaaaafmrnas66wckgcu2s3bejtaomuyvc2i7p5swzicbiin6laa4qjhva",
            "initial_node_labels": [],
            "kubernetes_version": "v1.31.10",
            "lifecycle_details": null,
            "name": "taskir-node-pool",
            "node_config_details": [
              {
                "defined_tags": {},
                "freeform_tags": {},
                "is_pv_encryption_in_transit_enabled": false,
                "kms_key_id": "",
                "node_pool_pod_network_option_details": [
                  {
                    "cni_type": "FLANNEL_OVERLAY",
                    "max_pods_per_node": 0,
                    "pod_nsg_ids": [],
                    "pod_subnet_ids": []
                  }
                ],
                "nsg_ids": [],
                "placement_configs": [
                  {
                    "availability_domain": "CpAD:AP-SINGAPORE-1-AD-1",
                    "capacity_reservation_id": "",
                    "fault_domains": [],
                    "preemptible_node_config": [],
                    "subnet_id": "ocid1.subnet.oc1.ap-singapore-1.aaaaaaaacdufl2gya5aet7z4yknrfjwulfulue22j43xtqnpogjbo7ckwh7a"
                  }
                ],
                "size": 2
              }
            ],
            "node_eviction_node_pool_settings": [],
            "node_image_id": "ocid1.image.oc1.ap-singapore-1.aaaaaaaap46mzk6dir2xmap2hc5ydscwzcggusasdxgkh77be3q2nhdre4nq",
            "node_image_name": "Oracle-Linux-8.10-2025.09.16-0-OKE-1.31.10-1330",
            "node_metadata": {},
            "node_pool_cycling_details": [],
            "node_shape": "VM.Standard.E3.Flex",
            "node_shape_config": [
              {
                "memory_in_gbs": 8,
                "ocpus": 2
              }
            ],
            "node_source": [
              {
                "image_id": "ocid1.image.oc1.ap-singapore-1.aaaaaaaap46mzk6dir2xmap2hc5ydscwzcggusasdxgkh77be3q2nhdre4nq",
                "source_name": "Oracle-Linux-8.10-2025.09.16-0-OKE-1.31.10-1330",
                "source_type": "IMAGE"
              }
            ],
            "node_source_details": [
              {
                "boot_volume_size_in_gbs": "",
                "image_id": "ocid1.image.oc1.ap-singapore-1.aaaaaaaap46mzk6dir2xmap2hc5ydscwzcggusasdxgkh77be3q2nhdre4nq",
                "source_type": "IMAGE"
              }
            ],
            "nodes": [],
            "quantity_per_subnet": 0,
            "ssh_public_key": "ssh-rsa AAAAB3NzaC1yc2EAAAADAQABAAABAQC2Kutag9jwtdy839XBeMFmDLQ6/lAn/3A6M39L8sgHW7WYUPaNfJwof36f02qVEfR+dPzMoFixOQRfg6/ERfk9CVOPrL/lRXy5g5UD1319PonyplhkGzoOEybinOv1CVZbWzy8We+LDynZ8VCdo7mYuTpy6xGjv3KYU/sNhGe1ftgeB8HAnZFAS36E8o338c8TnXQ3XmUY16QPWFCqJCoFRXJpg9HJmDsa76Q+dmEoUD4LEZxnc7fK3w+mPRBV7hGHQqt9lMdpmbi87+KHWbUhFmy395qDq3e8f2fzXuQsoUTBimIt4oHKThMwrczPN8homtHnApnjXy3UauXUZBSf\n",
            "state": "CREATING",
            "subnet_ids": [
              "ocid1.subnet.oc1.ap-singapore-1.aaaaaaaacdufl2gya5aet7z4yknrfjwulfulue22j43xtqnpogjbo7ckwh7a"
            ],
            "timeouts": null
          },
          "sensitive_attributes": [],
          "private": "eyJlMmJmYjczMC1lY2FhLTExZTYtOGY4OC0zNDM2M2JjN2M0YzAiOnsiY3JlYXRlIjozMDAwMDAwMDAwMDAwLCJkZWxldGUiOjMwMDAwMDAwMDAwMDAsInVwZGF0ZSI6MzAwMDAwMDAwMDAwMH19",
          "dependencies": [
            "data.oci_containerengine_node_pool_option.taskir_node_pool_option",
            "data.oci_identity_availability_domains.ads",
            "oci_containerengine_cluster.taskir_oke",
            "oci_core_subnet.node_subnet",
            "tls_private_key.oke_node_key"
          ]
        }
      ]
    },
    {
      "mode": "managed",
      "type": "oci_core_instance",
      "name": "jumpbox",
      "provider": "provider[\"registry.terraform.io/oracle/oci\"]",
      "instances": [
        {
          "schema_version": 0,
          "attributes": {
            "agent_config": [
              {
                "are_all_plugins_disabled": false,
                "is_management_disabled": false,
                "is_monitoring_disabled": false,
                "plugins_config": []
              }
            ],
            "async": null,
            "availability_config": [
              {
                "is_live_migration_preferred": false,
                "recovery_action": "RESTORE_INSTANCE"
              }
            ],
            "availability_domain": "CpAD:AP-SINGAPORE-1-AD-1",
            "boot_volume_id": "ocid1.bootvolume.oc1.ap-singapore-1.abzwsljrhqdc7ksviqj6e77zqvrywnbnrbwn2t3otln3mj6hrhspxjvako4q",
            "capacity_reservation_id": null,
            "cluster_placement_group_id": null,
            "compartment_id": "ocid1.tenancy.oc1..aaaaaaaafmttsfo7ogtmmtbqi7mwomlji2hn44dyj4dwtvd7xgm236beottq",
            "compute_cluster_id": null,
            "create_vnic_details": [
              {
                "assign_ipv6ip": false,
                "assign_private_dns_record": false,
                "assign_public_ip": "true",
                "defined_tags": {
                  "Oracle-Tags.CreatedBy": "default/ceo@taskirsview.com",
                  "Oracle-Tags.CreatedOn": "2026-02-15T04:39:20.467Z"
                },
                "display_name": "primaryvnic",
                "freeform_tags": {},
                "hostname_label": "",
                "ipv6address_ipv6subnet_cidr_pair_details": [],
                "nsg_ids": [],
                "private_ip": "10.0.1.240",
                "security_attributes": {},
                "skip_source_dest_check": false,
                "subnet_cidr": "",
                "subnet_id": "ocid1.subnet.oc1.ap-singapore-1.aaaaaaaayu6ito4byxljjobydlfrgpyozrz64nruvsimp5rny3aqmrjfvjzq",
                "vlan_id": ""
              }
            ],
            "dedicated_vm_host_id": null,
            "defined_tags": {
              "Oracle-Tags.CreatedBy": "default/ceo@taskirsview.com",
              "Oracle-Tags.CreatedOn": "2026-02-15T04:39:20.358Z"
            },
            "display_name": "taskir-jumpbox",
            "extended_metadata": {},
            "fault_domain": "FAULT-DOMAIN-3",
            "freeform_tags": {},
            "hostname_label": "",
            "id": "ocid1.instance.oc1.ap-singapore-1.anzwsljrsfo24uic6aebggwaizottgealxysm6ila5rwgnqeszruces3fsxa",
            "image": "ocid1.image.oc1.ap-singapore-1.aaaaaaaagprflp6eskrzius44wz54sye5bpppo37xwa57jiruylujdg3qfna",
            "instance_configuration_id": null,
            "instance_options": [
              {
                "are_legacy_imds_endpoints_disabled": false
              }
            ],
            "ipxe_script": null,
            "is_ai_enterprise_enabled": null,
            "is_cross_numa_node": false,
            "is_pv_encryption_in_transit_enabled": null,
            "launch_mode": "PARAVIRTUALIZED",
            "launch_options": [
              {
                "boot_volume_type": "PARAVIRTUALIZED",
                "firmware": "UEFI_64",
                "is_consistent_volume_naming_enabled": true,
                "is_pv_encryption_in_transit_enabled": false,
                "network_type": "PARAVIRTUALIZED",
                "remote_data_volume_type": "PARAVIRTUALIZED"
              }
            ],
            "launch_volume_attachments": [],
            "licensing_configs": [],
            "metadata": {
              "ssh_authorized_keys": "ssh-rsa AAAAB3NzaC1yc2EAAAADAQABAAABAQC2Kutag9jwtdy839XBeMFmDLQ6/lAn/3A6M39L8sgHW7WYUPaNfJwof36f02qVEfR+dPzMoFixOQRfg6/ERfk9CVOPrL/lRXy5g5UD1319PonyplhkGzoOEybinOv1CVZbWzy8We+LDynZ8VCdo7mYuTpy6xGjv3KYU/sNhGe1ftgeB8HAnZFAS36E8o338c8TnXQ3XmUY16QPWFCqJCoFRXJpg9HJmDsa76Q+dmEoUD4LEZxnc7fK3w+mPRBV7hGHQqt9lMdpmbi87+KHWbUhFmy395qDq3e8f2fzXuQsoUTBimIt4oHKThMwrczPN8homtHnApnjXy3UauXUZBSf\n"
            },
            "placement_constraint_details": [],
            "platform_config": [],
            "preemptible_instance_config": [],
            "preserve_boot_volume": null,
            "preserve_data_volumes_created_at_launch": null,
            "private_ip": "10.0.1.240",
            "public_ip": "158.178.234.119",
            "region": "ap-singapore-1",
            "security_attributes": {},
            "security_attributes_state": "STABLE",
            "shape": "VM.Standard.E3.Flex",
            "shape_config": [
              {
                "baseline_ocpu_utilization": "",
                "gpu_description": "",
                "gpus": 0,
                "local_disk_description": "",
                "local_disks": 0,
                "local_disks_total_size_in_gbs": 0,
                "max_vnic_attachments": 2,
                "memory_in_gbs": 1,
                "networking_bandwidth_in_gbps": 1,
                "nvmes": 0,
                "ocpus": 1,
                "processor_description": "2.25 GHz AMD EPYC™ 7742 (Rome)",
                "resource_management": "",
                "vcpus": 2
              }
            ],
            "source_details": [
              {
                "boot_volume_size_in_gbs": "47",
                "boot_volume_vpus_per_gb": "10",
                "instance_source_image_filter_details": [],
                "is_preserve_boot_volume_enabled": false,
                "kms_key_id": "",
                "source_id": "ocid1.image.oc1.ap-singapore-1.aaaaaaaagprflp6eskrzius44wz54sye5bpppo37xwa57jiruylujdg3qfna",
                "source_type": "image"
              }
            ],
            "state": "RUNNING",
            "subnet_id": "ocid1.subnet.oc1.ap-singapore-1.aaaaaaaayu6ito4byxljjobydlfrgpyozrz64nruvsimp5rny3aqmrjfvjzq",
            "system_tags": {},
            "time_created": "2026-02-15 04:39:20.813 +0000 UTC",
            "time_maintenance_reboot_due": "",
            "timeouts": null,
            "update_operation_constraint": null
          },
          "sensitive_attributes": [],
          "private": "eyJlMmJmYjczMC1lY2FhLTExZTYtOGY4OC0zNDM2M2JjN2M0YzAiOnsiY3JlYXRlIjoyNzAwMDAwMDAwMDAwLCJkZWxldGUiOjQ1MDAwMDAwMDAwMDAsInVwZGF0ZSI6MjcwMDAwMDAwMDAwMH19",
          "dependencies": [
            "data.oci_core_images.ol8_images",
            "data.oci_identity_availability_domains.ads",
            "oci_core_internet_gateway.ig",
            "oci_core_route_table.public_rt",
            "oci_core_security_list.public_sl",
            "oci_core_subnet.public_subnet",
            "oci_core_vcn.taskir_vcn",
            "tls_private_key.oke_node_key"
          ]
        }
      ]
    },
    {
      "mode": "managed",
      "type": "oci_core_internet_gateway",
      "name": "ig",
      "provider": "provider[\"registry.terraform.io/oracle/oci\"]",
      "instances": [
        {
          "schema_version": 0,
          "attributes": {
            "compartment_id": "ocid1.tenancy.oc1..aaaaaaaafmttsfo7ogtmmtbqi7mwomlji2hn44dyj4dwtvd7xgm236beottq",
            "defined_tags": {
              "Oracle-Tags.CreatedBy": "default/ceo@taskirsview.com",
              "Oracle-Tags.CreatedOn": "2026-02-14T09:52:44.663Z"
            },
            "display_name": "internet-gateway",
            "enabled": true,
            "freeform_tags": {},
            "id": "ocid1.internetgateway.oc1.ap-singapore-1.aaaaaaaaum7xlc2jzpjfhau6fq3ks44ikeqoimknsaezvah3egefyxe33cna",
            "route_table_id": null,
            "state": "AVAILABLE",
            "time_created": "2026-02-14 09:52:44.702 +0000 UTC",
            "timeouts": null,
            "vcn_id": "ocid1.vcn.oc1.ap-singapore-1.amaaaaaasfo24uiaautp7axq5h5sd2bfuftvem7eepiu4euhq2xxx2obxnda"
          },
          "sensitive_attributes": [],
          "private": "eyJlMmJmYjczMC1lY2FhLTExZTYtOGY4OC0zNDM2M2JjN2M0YzAiOnsiY3JlYXRlIjoxMjAwMDAwMDAwMDAwLCJkZWxldGUiOjEyMDAwMDAwMDAwMDAsInVwZGF0ZSI6MTIwMDAwMDAwMDAwMH19",
          "dependencies": [
            "oci_core_vcn.taskir_vcn"
          ]
        }
      ]
    },
    {
      "mode": "managed",
      "type": "oci_core_nat_gateway",
      "name": "nzw",
      "provider": "provider[\"registry.terraform.io/oracle/oci\"]",
      "instances": [
        {
          "schema_version": 0,
          "attributes": {
            "block_traffic": false,
            "compartment_id": "ocid1.tenancy.oc1..aaaaaaaafmttsfo7ogtmmtbqi7mwomlji2hn44dyj4dwtvd7xgm236beottq",
            "defined_tags": {
              "Oracle-Tags.CreatedBy": "default/ceo@taskirsview.com",
              "Oracle-Tags.CreatedOn": "2026-02-14T19:05:25.393Z"
            },
            "display_name": "nat-gateway",
            "freeform_tags": {},
            "id": "ocid1.natgateway.oc1.ap-singapore-1.aaaaaaaacizydc7v3zjd5szpsdjx2gah2t2rmemamotmdpwrbfdtjlkv7ppq",
            "nat_ip": "161.118.241.174",
            "public_ip_id": "ocid1.publicip.oc1.ap-singapore-1.aaaaaaaael3up3n3ixfz6navadj3tsaszuuwxjpnobkm27yvws57wfaqeqga",
            "route_table_id": null,
            "state": "AVAILABLE",
            "time_created": "2026-02-14 19:05:25.538 +0000 UTC",
            "timeouts": null,
            "vcn_id": "ocid1.vcn.oc1.ap-singapore-1.amaaaaaasfo24uiaautp7axq5h5sd2bfuftvem7eepiu4euhq2xxx2obxnda"
          },
          "sensitive_attributes": [],
          "private": "eyJlMmJmYjczMC1lY2FhLTExZTYtOGY4OC0zNDM2M2JjN2M0YzAiOnsiY3JlYXRlIjoxMjAwMDAwMDAwMDAwLCJkZWxldGUiOjEyMDAwMDAwMDAwMDAsInVwZGF0ZSI6MTIwMDAwMDAwMDAwMH19",
          "dependencies": [
            "oci_core_vcn.taskir_vcn"
          ]
        }
      ]
    },
    {
      "mode": "managed",
      "type": "oci_core_network_security_group",
      "name": "cloudflare_only",
      "provider": "provider[\"registry.terraform.io/oracle/oci\"]",
      "instances": [
        {
          "schema_version": 0,
          "attributes": {
            "compartment_id": "ocid1.tenancy.oc1..aaaaaaaafmttsfo7ogtmmtbqi7mwomlji2hn44dyj4dwtvd7xgm236beottq",
            "defined_tags": {
              "Oracle-Tags.CreatedBy": "default/ceo@taskirsview.com",
              "Oracle-Tags.CreatedOn": "2026-02-16T03:57:08.945Z"
            },
            "display_name": "Cloudflare-Only-Ingress",
            "freeform_tags": {},
            "id": "ocid1.networksecuritygroup.oc1.ap-singapore-1.aaaaaaaai2yi7m5kbwttouoiv3z53w4tpeof4wwavz7fj3rxfyeawakys6wa",
            "state": "AVAILABLE",
            "time_created": "2026-02-16 03:57:09.043 +0000 UTC",
            "timeouts": null,
            "vcn_id": "ocid1.vcn.oc1.ap-singapore-1.amaaaaaasfo24uiaautp7axq5h5sd2bfuftvem7eepiu4euhq2xxx2obxnda"
          },
          "sensitive_attributes": [],
          "private": "eyJlMmJmYjczMC1lY2FhLTExZTYtOGY4OC0zNDM2M2JjN2M0YzAiOnsiY3JlYXRlIjoxMjAwMDAwMDAwMDAwLCJkZWxldGUiOjEyMDAwMDAwMDAwMDAsInVwZGF0ZSI6MTIwMDAwMDAwMDAwMH19",
          "dependencies": [
            "oci_core_vcn.taskir_vcn"
          ]
        }
      ]
    },
    {
      "mode": "managed",
      "type": "oci_core_network_security_group_security_rule",
      "name": "allow_cloudflare_http",
      "provider": "provider[\"registry.terraform.io/oracle/oci\"]",
      "instances": [
        {
          "index_key": "103.21.244.0/22",
          "schema_version": 0,
          "attributes": {
            "description": null,
            "destination": null,
            "destination_type": "",
            "direction": "INGRESS",
            "icmp_options": [],
            "id": "81201D",
            "is_valid": true,
            "network_security_group_id": "ocid1.networksecuritygroup.oc1.ap-singapore-1.aaaaaaaai2yi7m5kbwttouoiv3z53w4tpeof4wwavz7fj3rxfyeawakys6wa",
            "protocol": "6",
            "source": "103.21.244.0/22",
            "source_type": "CIDR_BLOCK",
            "stateless": false,
            "tcp_options": [
              {
                "destination_port_range": [
                  {
                    "max": 80,
                    "min": 80
                  }
                ],
                "source_port_range": []
              }
            ],
            "time_created": "2026-02-16 03:57:11.526 +0000 UTC",
            "timeouts": null,
            "udp_options": []
          },
          "sensitive_attributes": [],
          "private": "eyJlMmJmYjczMC1lY2FhLTExZTYtOGY4OC0zNDM2M2JjN2M0YzAiOnsiY3JlYXRlIjoxMjAwMDAwMDAwMDAwLCJkZWxldGUiOjEyMDAwMDAwMDAwMDAsInVwZGF0ZSI6MTIwMDAwMDAwMDAwMH19",
          "dependencies": [
            "data.cloudflare_ip_ranges.cloudflare",
            "oci_core_network_security_group.cloudflare_only",
            "oci_core_vcn.taskir_vcn"
          ]
        },
        {
          "index_key": "103.22.200.0/22",
          "schema_version": 0,
          "attributes": {
            "description": null,
            "destination": null,
            "destination_type": "",
            "direction": "INGRESS",
            "icmp_options": [],
            "id": "0F8CC6",
            "is_valid": true,
            "network_security_group_id": "ocid1.networksecuritygroup.oc1.ap-singapore-1.aaaaaaaai2yi7m5kbwttouoiv3z53w4tpeof4wwavz7fj3rxfyeawakys6wa",
            "protocol": "6",
            "source": "103.22.200.0/22",
            "source_type": "CIDR_BLOCK",
            "stateless": false,
            "tcp_options": [
              {
                "destination_port_range": [
                  {
                    "max": 80,
                    "min": 80
                  }
                ],
                "source_port_range": []
              }
            ],
            "time_created": "2026-02-16 03:57:09.887 +0000 UTC",
            "timeouts": null,
            "udp_options": []
          },
          "sensitive_attributes": [],
          "private": "eyJlMmJmYjczMC1lY2FhLTExZTYtOGY4OC0zNDM2M2JjN2M0YzAiOnsiY3JlYXRlIjoxMjAwMDAwMDAwMDAwLCJkZWxldGUiOjEyMDAwMDAwMDAwMDAsInVwZGF0ZSI6MTIwMDAwMDAwMDAwMH19",
          "dependencies": [
            "data.cloudflare_ip_ranges.cloudflare",
            "oci_core_network_security_group.cloudflare_only",
            "oci_core_vcn.taskir_vcn"
          ]
        },
        {
          "index_key": "103.31.4.0/22",
          "schema_version": 0,
          "attributes": {
            "description": null,
            "destination": null,
            "destination_type": "",
            "direction": "INGRESS",
            "icmp_options": [],
            "id": "956595",
            "is_valid": true,
            "network_security_group_id": "ocid1.networksecuritygroup.oc1.ap-singapore-1.aaaaaaaai2yi7m5kbwttouoiv3z53w4tpeof4wwavz7fj3rxfyeawakys6wa",
            "protocol": "6",
            "source": "103.31.4.0/22",
            "source_type": "CIDR_BLOCK",
            "stateless": false,
            "tcp_options": [
              {
                "destination_port_range": [
                  {
                    "max": 80,
                    "min": 80
                  }
                ],
                "source_port_range": []
              }
            ],
            "time_created": "2026-02-16 03:57:12.638 +0000 UTC",
            "timeouts": null,
            "udp_options": []
          },
          "sensitive_attributes": [],
          "private": "eyJlMmJmYjczMC1lY2FhLTExZTYtOGY4OC0zNDM2M2JjN2M0YzAiOnsiY3JlYXRlIjoxMjAwMDAwMDAwMDAwLCJkZWxldGUiOjEyMDAwMDAwMDAwMDAsInVwZGF0ZSI6MTIwMDAwMDAwMDAwMH19",
          "dependencies": [
            "data.cloudflare_ip_ranges.cloudflare",
            "oci_core_network_security_group.cloudflare_only",
            "oci_core_vcn.taskir_vcn"
          ]
        },
        {
          "index_key": "104.16.0.0/13",
          "schema_version": 0,
          "attributes": {
            "description": null,
            "destination": null,
            "destination_type": "",
            "direction": "INGRESS",
            "icmp_options": [],
            "id": "96285B",
            "is_valid": true,
            "network_security_group_id": "ocid1.networksecuritygroup.oc1.ap-singapore-1.aaaaaaaai2yi7m5kbwttouoiv3z53w4tpeof4wwavz7fj3rxfyeawakys6wa",
            "protocol": "6",
            "source": "104.16.0.0/13",
            "source_type": "CIDR_BLOCK",
            "stateless": false,
            "tcp_options": [
              {
                "destination_port_range": [
                  {
                    "max": 80,
                    "min": 80
                  }
                ],
                "source_port_range": []
              }
            ],
            "time_created": "2026-02-16 03:57:11.709 +0000 UTC",
            "timeouts": null,
            "udp_options": []
          },
          "sensitive_attributes": [],
          "private": "eyJlMmJmYjczMC1lY2FhLTExZTYtOGY4OC0zNDM2M2JjN2M0YzAiOnsiY3JlYXRlIjoxMjAwMDAwMDAwMDAwLCJkZWxldGUiOjEyMDAwMDAwMDAwMDAsInVwZGF0ZSI6MTIwMDAwMDAwMDAwMH19",
          "dependencies": [
            "data.cloudflare_ip_ranges.cloudflare",
            "oci_core_network_security_group.cloudflare_only",
            "oci_core_vcn.taskir_vcn"
          ]
        },
        {
          "index_key": "104.24.0.0/14",
          "schema_version": 0,
          "attributes": {
            "description": null,
            "destination": null,
            "destination_type": "",
            "direction": "INGRESS",
            "icmp_options": [],
            "id": "4C99E8",
            "is_valid": true,
            "network_security_group_id": "ocid1.networksecuritygroup.oc1.ap-singapore-1.aaaaaaaai2yi7m5kbwttouoiv3z53w4tpeof4wwavz7fj3rxfyeawakys6wa",
            "protocol": "6",
            "source": "104.24.0.0/14",
            "source_type": "CIDR_BLOCK",
            "stateless": false,
            "tcp_options": [
              {
                "destination_port_range": [
                  {
                    "max": 80,
                    "min": 80
                  }
                ],
                "source_port_range": []
              }
            ],
            "time_created": "2026-02-16 03:57:09.806 +0000 UTC",
            "timeouts": null,
            "udp_options": []
          },
          "sensitive_attributes": [],
          "private": "eyJlMmJmYjczMC1lY2FhLTExZTYtOGY4OC0zNDM2M2JjN2M0YzAiOnsiY3JlYXRlIjoxMjAwMDAwMDAwMDAwLCJkZWxldGUiOjEyMDAwMDAwMDAwMDAsInVwZGF0ZSI6MTIwMDAwMDAwMDAwMH19",
          "dependencies": [
            "data.cloudflare_ip_ranges.cloudflare",
            "oci_core_network_security_group.cloudflare_only",
            "oci_core_vcn.taskir_vcn"
          ]
        },
        {
          "index_key": "108.162.192.0/18",
          "schema_version": 0,
          "attributes": {
            "description": null,
            "destination": null,
            "destination_type": "",
            "direction": "INGRESS",
            "icmp_options": [],
            "id": "0D4CD1",
            "is_valid": true,
            "network_security_group_id": "ocid1.networksecuritygroup.oc1.ap-singapore-1.aaaaaaaai2yi7m5kbwttouoiv3z53w4tpeof4wwavz7fj3rxfyeawakys6wa",
            "protocol": "6",
            "source": "108.162.192.0/18",
            "source_type": "CIDR_BLOCK",
            "stateless": false,
            "tcp_options": [
              {
                "destination_port_range": [
                  {
                    "max": 80,
                    "min": 80
                  }
                ],
                "source_port_range": []
              }
            ],
            "time_created": "2026-02-16 03:57:09.691 +0000 UTC",
            "timeouts": null,
            "udp_options": []
          },
          "sensitive_attributes": [],
          "private": "eyJlMmJmYjczMC1lY2FhLTExZTYtOGY4OC0zNDM2M2JjN2M0YzAiOnsiY3JlYXRlIjoxMjAwMDAwMDAwMDAwLCJkZWxldGUiOjEyMDAwMDAwMDAwMDAsInVwZGF0ZSI6MTIwMDAwMDAwMDAwMH19",
          "dependencies": [
            "data.cloudflare_ip_ranges.cloudflare",
            "oci_core_network_security_group.cloudflare_only",
            "oci_core_vcn.taskir_vcn"
          ]
        },
        {
          "index_key": "131.0.72.0/22",
          "schema_version": 0,
          "attributes": {
            "description": null,
            "destination": null,
            "destination_type": "",
            "direction": "INGRESS",
            "icmp_options": [],
            "id": "7D65CD",
            "is_valid": true,
            "network_security_group_id": "ocid1.networksecuritygroup.oc1.ap-singapore-1.aaaaaaaai2yi7m5kbwttouoiv3z53w4tpeof4wwavz7fj3rxfyeawakys6wa",
            "protocol": "6",
            "source": "131.0.72.0/22",
            "source_type": "CIDR_BLOCK",
            "stateless": false,
            "tcp_options": [
              {
                "destination_port_range": [
                  {
                    "max": 80,
                    "min": 80
                  }
                ],
                "source_port_range": []
              }
            ],
            "time_created": "2026-02-16 03:57:10.855 +0000 UTC",
            "timeouts": null,
            "udp_options": []
          },
          "sensitive_attributes": [],
          "private": "eyJlMmJmYjczMC1lY2FhLTExZTYtOGY4OC0zNDM2M2JjN2M0YzAiOnsiY3JlYXRlIjoxMjAwMDAwMDAwMDAwLCJkZWxldGUiOjEyMDAwMDAwMDAwMDAsInVwZGF0ZSI6MTIwMDAwMDAwMDAwMH19",
          "dependencies": [
            "data.cloudflare_ip_ranges.cloudflare",
            "oci_core_network_security_group.cloudflare_only",
            "oci_core_vcn.taskir_vcn"
          ]
        },
        {
          "index_key": "141.101.64.0/18",
          "schema_version": 0,
          "attributes": {
            "description": null,
            "destination": null,
            "destination_type": "",
            "direction": "INGRESS",
            "icmp_options": [],
            "id": "70351A",
            "is_valid": true,
            "network_security_group_id": "ocid1.networksecuritygroup.oc1.ap-singapore-1.aaaaaaaai2yi7m5kbwttouoiv3z53w4tpeof4wwavz7fj3rxfyeawakys6wa",
            "protocol": "6",
            "source": "141.101.64.0/18",
            "source_type": "CIDR_BLOCK",
            "stateless": false,
            "tcp_options": [
              {
                "destination_port_range": [
                  {
                    "max": 80,
                    "min": 80
                  }
                ],
                "source_port_range": []
              }
            ],
            "time_created": "2026-02-16 03:57:10.996 +0000 UTC",
            "timeouts": null,
            "udp_options": []
          },
          "sensitive_attributes": [],
          "private": "eyJlMmJmYjczMC1lY2FhLTExZTYtOGY4OC0zNDM2M2JjN2M0YzAiOnsiY3JlYXRlIjoxMjAwMDAwMDAwMDAwLCJkZWxldGUiOjEyMDAwMDAwMDAwMDAsInVwZGF0ZSI6MTIwMDAwMDAwMDAwMH19",
          "dependencies": [
            "data.cloudflare_ip_ranges.cloudflare",
            "oci_core_network_security_group.cloudflare_only",
            "oci_core_vcn.taskir_vcn"
          ]
        },
        {
          "index_key": "162.158.0.0/15",
          "schema_version": 0,
          "attributes": {
            "description": null,
            "destination": null,
            "destination_type": "",
            "direction": "INGRESS",
            "icmp_options": [],
            "id": "0AE4E9",
            "is_valid": true,
            "network_security_group_id": "ocid1.networksecuritygroup.oc1.ap-singapore-1.aaaaaaaai2yi7m5kbwttouoiv3z53w4tpeof4wwavz7fj3rxfyeawakys6wa",
            "protocol": "6",
            "source": "162.158.0.0/15",
            "source_type": "CIDR_BLOCK",
            "stateless": false,
            "tcp_options": [
              {
                "destination_port_range": [
                  {
                    "max": 80,
                    "min": 80
                  }
                ],
                "source_port_range": []
              }
            ],
            "time_created": "2026-02-16 03:57:11.223 +0000 UTC",
            "timeouts": null,
            "udp_options": []
          },
          "sensitive_attributes": [],
          "private": "eyJlMmJmYjczMC1lY2FhLTExZTYtOGY4OC0zNDM2M2JjN2M0YzAiOnsiY3JlYXRlIjoxMjAwMDAwMDAwMDAwLCJkZWxldGUiOjEyMDAwMDAwMDAwMDAsInVwZGF0ZSI6MTIwMDAwMDAwMDAwMH19",
          "dependencies": [
            "data.cloudflare_ip_ranges.cloudflare",
            "oci_core_network_security_group.cloudflare_only",
            "oci_core_vcn.taskir_vcn"
          ]
        },
        {
          "index_key": "172.64.0.0/13",
          "schema_version": 0,
          "attributes": {
            "description": null,
            "destination": null,
            "destination_type": "",
            "direction": "INGRESS",
            "icmp_options": [],
            "id": "A7A06E",
            "is_valid": true,
            "network_security_group_id": "ocid1.networksecuritygroup.oc1.ap-singapore-1.aaaaaaaai2yi7m5kbwttouoiv3z53w4tpeof4wwavz7fj3rxfyeawakys6wa",
            "protocol": "6",
            "source": "172.64.0.0/13",
            "source_type": "CIDR_BLOCK",
            "stateless": false,
            "tcp_options": [
              {
                "destination_port_range": [
                  {
                    "max": 80,
                    "min": 80
                  }
                ],
                "source_port_range": []
              }
            ],
            "time_created": "2026-02-16 03:57:11.623 +0000 UTC",
            "timeouts": null,
            "udp_options": []
          },
          "sensitive_attributes": [],
          "private": "eyJlMmJmYjczMC1lY2FhLTExZTYtOGY4OC0zNDM2M2JjN2M0YzAiOnsiY3JlYXRlIjoxMjAwMDAwMDAwMDAwLCJkZWxldGUiOjEyMDAwMDAwMDAwMDAsInVwZGF0ZSI6MTIwMDAwMDAwMDAwMH19",
          "dependencies": [
            "data.cloudflare_ip_ranges.cloudflare",
            "oci_core_network_security_group.cloudflare_only",
            "oci_core_vcn.taskir_vcn"
          ]
        },
        {
          "index_key": "173.245.48.0/20",
          "schema_version": 0,
          "attributes": {
            "description": null,
            "destination": null,
            "destination_type": "",
            "direction": "INGRESS",
            "icmp_options": [],
            "id": "B6B2B6",
            "is_valid": true,
            "network_security_group_id": "ocid1.networksecuritygroup.oc1.ap-singapore-1.aaaaaaaai2yi7m5kbwttouoiv3z53w4tpeof4wwavz7fj3rxfyeawakys6wa",
            "protocol": "6",
            "source": "173.245.48.0/20",
            "source_type": "CIDR_BLOCK",
            "stateless": false,
            "tcp_options": [
              {
                "destination_port_range": [
                  {
                    "max": 80,
                    "min": 80
                  }
                ],
                "source_port_range": []
              }
            ],
            "time_created": "2026-02-16 03:57:12.216 +0000 UTC",
            "timeouts": null,
            "udp_options": []
          },
          "sensitive_attributes": [],
          "private": "eyJlMmJmYjczMC1lY2FhLTExZTYtOGY4OC0zNDM2M2JjN2M0YzAiOnsiY3JlYXRlIjoxMjAwMDAwMDAwMDAwLCJkZWxldGUiOjEyMDAwMDAwMDAwMDAsInVwZGF0ZSI6MTIwMDAwMDAwMDAwMH19",
          "dependencies": [
            "data.cloudflare_ip_ranges.cloudflare",
            "oci_core_network_security_group.cloudflare_only",
            "oci_core_vcn.taskir_vcn"
          ]
        },
        {
          "index_key": "188.114.96.0/20",
          "schema_version": 0,
          "attributes": {
            "description": null,
            "destination": null,
            "destination_type": "",
            "direction": "INGRESS",
            "icmp_options": [],
            "id": "9AD66A",
            "is_valid": true,
            "network_security_group_id": "ocid1.networksecuritygroup.oc1.ap-singapore-1.aaaaaaaai2yi7m5kbwttouoiv3z53w4tpeof4wwavz7fj3rxfyeawakys6wa",
            "protocol": "6",
            "source": "188.114.96.0/20",
            "source_type": "CIDR_BLOCK",
            "stateless": false,
            "tcp_options": [
              {
                "destination_port_range": [
                  {
                    "max": 80,
                    "min": 80
                  }
                ],
                "source_port_range": []
              }
            ],
            "time_created": "2026-02-16 03:57:09.979 +0000 UTC",
            "timeouts": null,
            "udp_options": []
          },
          "sensitive_attributes": [],
          "private": "eyJlMmJmYjczMC1lY2FhLTExZTYtOGY4OC0zNDM2M2JjN2M0YzAiOnsiY3JlYXRlIjoxMjAwMDAwMDAwMDAwLCJkZWxldGUiOjEyMDAwMDAwMDAwMDAsInVwZGF0ZSI6MTIwMDAwMDAwMDAwMH19",
          "dependencies": [
            "data.cloudflare_ip_ranges.cloudflare",
            "oci_core_network_security_group.cloudflare_only",
            "oci_core_vcn.taskir_vcn"
          ]
        },
        {
          "index_key": "190.93.240.0/20",
          "schema_version": 0,
          "attributes": {
            "description": null,
            "destination": null,
            "destination_type": "",
            "direction": "INGRESS",
            "icmp_options": [],
            "id": "34415A",
            "is_valid": true,
            "network_security_group_id": "ocid1.networksecuritygroup.oc1.ap-singapore-1.aaaaaaaai2yi7m5kbwttouoiv3z53w4tpeof4wwavz7fj3rxfyeawakys6wa",
            "protocol": "6",
            "source": "190.93.240.0/20",
            "source_type": "CIDR_BLOCK",
            "stateless": false,
            "tcp_options": [
              {
                "destination_port_range": [
                  {
                    "max": 80,
                    "min": 80
                  }
                ],
                "source_port_range": []
              }
            ],
            "time_created": "2026-02-16 03:57:10.444 +0000 UTC",
            "timeouts": null,
            "udp_options": []
          },
          "sensitive_attributes": [],
          "private": "eyJlMmJmYjczMC1lY2FhLTExZTYtOGY4OC0zNDM2M2JjN2M0YzAiOnsiY3JlYXRlIjoxMjAwMDAwMDAwMDAwLCJkZWxldGUiOjEyMDAwMDAwMDAwMDAsInVwZGF0ZSI6MTIwMDAwMDAwMDAwMH19",
          "dependencies": [
            "data.cloudflare_ip_ranges.cloudflare",
            "oci_core_network_security_group.cloudflare_only",
            "oci_core_vcn.taskir_vcn"
          ]
        },
        {
          "index_key": "197.234.240.0/22",
          "schema_version": 0,
          "attributes": {
            "description": null,
            "destination": null,
            "destination_type": "",
            "direction": "INGRESS",
            "icmp_options": [],
            "id": "6B4C34",
            "is_valid": true,
            "network_security_group_id": "ocid1.networksecuritygroup.oc1.ap-singapore-1.aaaaaaaai2yi7m5kbwttouoiv3z53w4tpeof4wwavz7fj3rxfyeawakys6wa",
            "protocol": "6",
            "source": "197.234.240.0/22",
            "source_type": "CIDR_BLOCK",
            "stateless": false,
            "tcp_options": [
              {
                "destination_port_range": [
                  {
                    "max": 80,
                    "min": 80
                  }
                ],
                "source_port_range": []
              }
            ],
            "time_created": "2026-02-16 03:57:12.353 +0000 UTC",
            "timeouts": null,
            "udp_options": []
          },
          "sensitive_attributes": [],
          "private": "eyJlMmJmYjczMC1lY2FhLTExZTYtOGY4OC0zNDM2M2JjN2M0YzAiOnsiY3JlYXRlIjoxMjAwMDAwMDAwMDAwLCJkZWxldGUiOjEyMDAwMDAwMDAwMDAsInVwZGF0ZSI6MTIwMDAwMDAwMDAwMH19",
          "dependencies": [
            "data.cloudflare_ip_ranges.cloudflare",
            "oci_core_network_security_group.cloudflare_only",
            "oci_core_vcn.taskir_vcn"
          ]
        },
        {
          "index_key": "198.41.128.0/17",
          "schema_version": 0,
          "attributes": {
            "description": null,
            "destination": null,
            "destination_type": "",
            "direction": "INGRESS",
            "icmp_options": [],
            "id": "2DC15A",
            "is_valid": true,
            "network_security_group_id": "ocid1.networksecuritygroup.oc1.ap-singapore-1.aaaaaaaai2yi7m5kbwttouoiv3z53w4tpeof4wwavz7fj3rxfyeawakys6wa",
            "protocol": "6",
            "source": "198.41.128.0/17",
            "source_type": "CIDR_BLOCK",
            "stateless": false,
            "tcp_options": [
              {
                "destination_port_range": [
                  {
                    "max": 80,
                    "min": 80
                  }
                ],
                "source_port_range": []
              }
            ],
            "time_created": "2026-02-16 03:57:11.064 +0000 UTC",
            "timeouts": null,
            "udp_options": []
          },
          "sensitive_attributes": [],
          "private": "eyJlMmJmYjczMC1lY2FhLTExZTYtOGY4OC0zNDM2M2JjN2M0YzAiOnsiY3JlYXRlIjoxMjAwMDAwMDAwMDAwLCJkZWxldGUiOjEyMDAwMDAwMDAwMDAsInVwZGF0ZSI6MTIwMDAwMDAwMDAwMH19",
          "dependencies": [
            "data.cloudflare_ip_ranges.cloudflare",
            "oci_core_network_security_group.cloudflare_only",
            "oci_core_vcn.taskir_vcn"
          ]
        }
      ]
    },
    {
      "mode": "managed",
      "type": "oci_core_network_security_group_security_rule",
      "name": "allow_cloudflare_https",
      "provider": "provider[\"registry.terraform.io/oracle/oci\"]",
      "instances": [
        {
          "index_key": "103.21.244.0/22",
          "schema_version": 0,
          "attributes": {
            "description": null,
            "destination": null,
            "destination_type": "",
            "direction": "INGRESS",
            "icmp_options": [],
            "id": "68F86C",
            "is_valid": true,
            "network_security_group_id": "ocid1.networksecuritygroup.oc1.ap-singapore-1.aaaaaaaai2yi7m5kbwttouoiv3z53w4tpeof4wwavz7fj3rxfyeawakys6wa",
            "protocol": "6",
            "source": "103.21.244.0/22",
            "source_type": "CIDR_BLOCK",
            "stateless": false,
            "tcp_options": [
              {
                "destination_port_range": [
                  {
                    "max": 443,
                    "min": 443
                  }
                ],
                "source_port_range": []
              }
            ],
            "time_created": "2026-02-16 03:57:11.379 +0000 UTC",
            "timeouts": null,
            "udp_options": []
          },
          "sensitive_attributes": [],
          "private": "eyJlMmJmYjczMC1lY2FhLTExZTYtOGY4OC0zNDM2M2JjN2M0YzAiOnsiY3JlYXRlIjoxMjAwMDAwMDAwMDAwLCJkZWxldGUiOjEyMDAwMDAwMDAwMDAsInVwZGF0ZSI6MTIwMDAwMDAwMDAwMH19",
          "dependencies": [
            "data.cloudflare_ip_ranges.cloudflare",
            "oci_core_network_security_group.cloudflare_only",
            "oci_core_vcn.taskir_vcn"
          ]
        },
        {
          "index_key": "103.22.200.0/22",
          "schema_version": 0,
          "attributes": {
            "description": null,
            "destination": null,
            "destination_type": "",
            "direction": "INGRESS",
            "icmp_options": [],
            "id": "110A12",
            "is_valid": true,
            "network_security_group_id": "ocid1.networksecuritygroup.oc1.ap-singapore-1.aaaaaaaai2yi7m5kbwttouoiv3z53w4tpeof4wwavz7fj3rxfyeawakys6wa",
            "protocol": "6",
            "source": "103.22.200.0/22",
            "source_type": "CIDR_BLOCK",
            "stateless": false,
            "tcp_options": [
              {
                "destination_port_range": [
                  {
                    "max": 443,
                    "min": 443
                  }
                ],
                "source_port_range": []
              }
            ],
            "time_created": "2026-02-16 03:57:09.401 +0000 UTC",
            "timeouts": null,
            "udp_options": []
          },
          "sensitive_attributes": [],
          "private": "eyJlMmJmYjczMC1lY2FhLTExZTYtOGY4OC0zNDM2M2JjN2M0YzAiOnsiY3JlYXRlIjoxMjAwMDAwMDAwMDAwLCJkZWxldGUiOjEyMDAwMDAwMDAwMDAsInVwZGF0ZSI6MTIwMDAwMDAwMDAwMH19",
          "dependencies": [
            "data.cloudflare_ip_ranges.cloudflare",
            "oci_core_network_security_group.cloudflare_only",
            "oci_core_vcn.taskir_vcn"
          ]
        },
        {
          "index_key": "103.31.4.0/22",
          "schema_version": 0,
          "attributes": {
            "description": null,
            "destination": null,
            "destination_type": "",
            "direction": "INGRESS",
            "icmp_options": [],
            "id": "935FAD",
            "is_valid": true,
            "network_security_group_id": "ocid1.networksecuritygroup.oc1.ap-singapore-1.aaaaaaaai2yi7m5kbwttouoiv3z53w4tpeof4wwavz7fj3rxfyeawakys6wa",
            "protocol": "6",
            "source": "103.31.4.0/22",
            "source_type": "CIDR_BLOCK",
            "stateless": false,
            "tcp_options": [
              {
                "destination_port_range": [
                  {
                    "max": 443,
                    "min": 443
                  }
                ],
                "source_port_range": []
              }
            ],
            "time_created": "2026-02-16 03:57:10.066 +0000 UTC",
            "timeouts": null,
            "udp_options": []
          },
          "sensitive_attributes": [],
          "private": "eyJlMmJmYjczMC1lY2FhLTExZTYtOGY4OC0zNDM2M2JjN2M0YzAiOnsiY3JlYXRlIjoxMjAwMDAwMDAwMDAwLCJkZWxldGUiOjEyMDAwMDAwMDAwMDAsInVwZGF0ZSI6MTIwMDAwMDAwMDAwMH19",
          "dependencies": [
            "data.cloudflare_ip_ranges.cloudflare",
            "oci_core_network_security_group.cloudflare_only",
            "oci_core_vcn.taskir_vcn"
          ]
        },
        {
          "index_key": "104.16.0.0/13",
          "schema_version": 0,
          "attributes": {
            "description": null,
            "destination": null,
            "destination_type": "",
            "direction": "INGRESS",
            "icmp_options": [],
            "id": "85704E",
            "is_valid": true,
            "network_security_group_id": "ocid1.networksecuritygroup.oc1.ap-singapore-1.aaaaaaaai2yi7m5kbwttouoiv3z53w4tpeof4wwavz7fj3rxfyeawakys6wa",
            "protocol": "6",
            "source": "104.16.0.0/13",
            "source_type": "CIDR_BLOCK",
            "stateless": false,
            "tcp_options": [
              {
                "destination_port_range": [
                  {
                    "max": 443,
                    "min": 443
                  }
                ],
                "source_port_range": []
              }
            ],
            "time_created": "2026-02-16 03:57:11.782 +0000 UTC",
            "timeouts": null,
            "udp_options": []
          },
          "sensitive_attributes": [],
          "private": "eyJlMmJmYjczMC1lY2FhLTExZTYtOGY4OC0zNDM2M2JjN2M0YzAiOnsiY3JlYXRlIjoxMjAwMDAwMDAwMDAwLCJkZWxldGUiOjEyMDAwMDAwMDAwMDAsInVwZGF0ZSI6MTIwMDAwMDAwMDAwMH19",
          "dependencies": [
            "data.cloudflare_ip_ranges.cloudflare",
            "oci_core_network_security_group.cloudflare_only",
            "oci_core_vcn.taskir_vcn"
          ]
        },
        {
          "index_key": "104.24.0.0/14",
          "schema_version": 0,
          "attributes": {
            "description": null,
            "destination": null,
            "destination_type": "",
            "direction": "INGRESS",
            "icmp_options": [],
            "id": "43B7FD",
            "is_valid": true,
            "network_security_group_id": "ocid1.networksecuritygroup.oc1.ap-singapore-1.aaaaaaaai2yi7m5kbwttouoiv3z53w4tpeof4wwavz7fj3rxfyeawakys6wa",
            "protocol": "6",
            "source": "104.24.0.0/14",
            "source_type": "CIDR_BLOCK",
            "stateless": false,
            "tcp_options": [
              {
                "destination_port_range": [
                  {
                    "max": 443,
                    "min": 443
                  }
                ],
                "source_port_range": []
              }
            ],
            "time_created": "2026-02-16 03:57:10.238 +0000 UTC",
            "timeouts": null,
            "udp_options": []
          },
          "sensitive_attributes": [],
          "private": "eyJlMmJmYjczMC1lY2FhLTExZTYtOGY4OC0zNDM2M2JjN2M0YzAiOnsiY3JlYXRlIjoxMjAwMDAwMDAwMDAwLCJkZWxldGUiOjEyMDAwMDAwMDAwMDAsInVwZGF0ZSI6MTIwMDAwMDAwMDAwMH19",
          "dependencies": [
            "data.cloudflare_ip_ranges.cloudflare",
            "oci_core_network_security_group.cloudflare_only",
            "oci_core_vcn.taskir_vcn"
          ]
        },
        {
          "index_key": "108.162.192.0/18",
          "schema_version": 0,
          "attributes": {
            "description": null,
            "destination": null,
            "destination_type": "",
            "direction": "INGRESS",
            "icmp_options": [],
            "id": "23131C",
            "is_valid": true,
            "network_security_group_id": "ocid1.networksecuritygroup.oc1.ap-singapore-1.aaaaaaaai2yi7m5kbwttouoiv3z53w4tpeof4wwavz7fj3rxfyeawakys6wa",
            "protocol": "6",
            "source": "108.162.192.0/18",
            "source_type": "CIDR_BLOCK",
            "stateless": false,
            "tcp_options": [
              {
                "destination_port_range": [
                  {
                    "max": 443,
                    "min": 443
                  }
                ],
                "source_port_range": []
              }
            ],
            "time_created": "2026-02-16 03:57:12.965 +0000 UTC",
            "timeouts": null,
            "udp_options": []
          },
          "sensitive_attributes": [],
          "private": "eyJlMmJmYjczMC1lY2FhLTExZTYtOGY4OC0zNDM2M2JjN2M0YzAiOnsiY3JlYXRlIjoxMjAwMDAwMDAwMDAwLCJkZWxldGUiOjEyMDAwMDAwMDAwMDAsInVwZGF0ZSI6MTIwMDAwMDAwMDAwMH19",
          "dependencies": [
            "data.cloudflare_ip_ranges.cloudflare",
            "oci_core_network_security_group.cloudflare_only",
            "oci_core_vcn.taskir_vcn"
          ]
        },
        {
          "index_key": "131.0.72.0/22",
          "schema_version": 0,
          "attributes": {
            "description": null,
            "destination": null,
            "destination_type": "",
            "direction": "INGRESS",
            "icmp_options": [],
            "id": "1219CD",
            "is_valid": true,
            "network_security_group_id": "ocid1.networksecuritygroup.oc1.ap-singapore-1.aaaaaaaai2yi7m5kbwttouoiv3z53w4tpeof4wwavz7fj3rxfyeawakys6wa",
            "protocol": "6",
            "source": "131.0.72.0/22",
            "source_type": "CIDR_BLOCK",
            "stateless": false,
            "tcp_options": [
              {
                "destination_port_range": [
                  {
                    "max": 443,
                    "min": 443
                  }
                ],
                "source_port_range": []
              }
            ],
            "time_created": "2026-02-16 03:57:10.374 +0000 UTC",
            "timeouts": null,
            "udp_options": []
          },
          "sensitive_attributes": [],
          "private": "eyJlMmJmYjczMC1lY2FhLTExZTYtOGY4OC0zNDM2M2JjN2M0YzAiOnsiY3JlYXRlIjoxMjAwMDAwMDAwMDAwLCJkZWxldGUiOjEyMDAwMDAwMDAwMDAsInVwZGF0ZSI6MTIwMDAwMDAwMDAwMH19",
          "dependencies": [
            "data.cloudflare_ip_ranges.cloudflare",
            "oci_core_network_security_group.cloudflare_only",
            "oci_core_vcn.taskir_vcn"
          ]
        },
        {
          "index_key": "141.101.64.0/18",
          "schema_version": 0,
          "attributes": {
            "description": null,
            "destination": null,
            "destination_type": "",
            "direction": "INGRESS",
            "icmp_options": [],
            "id": "3BAD91",
            "is_valid": true,
            "network_security_group_id": "ocid1.networksecuritygroup.oc1.ap-singapore-1.aaaaaaaai2yi7m5kbwttouoiv3z53w4tpeof4wwavz7fj3rxfyeawakys6wa",
            "protocol": "6",
            "source": "141.101.64.0/18",
            "source_type": "CIDR_BLOCK",
            "stateless": false,
            "tcp_options": [
              {
                "destination_port_range": [
                  {
                    "max": 443,
                    "min": 443
                  }
                ],
                "source_port_range": []
              }
            ],
            "time_created": "2026-02-16 03:57:09.498 +0000 UTC",
            "timeouts": null,
            "udp_options": []
          },
          "sensitive_attributes": [],
          "private": "eyJlMmJmYjczMC1lY2FhLTExZTYtOGY4OC0zNDM2M2JjN2M0YzAiOnsiY3JlYXRlIjoxMjAwMDAwMDAwMDAwLCJkZWxldGUiOjEyMDAwMDAwMDAwMDAsInVwZGF0ZSI6MTIwMDAwMDAwMDAwMH19",
          "dependencies": [
            "data.cloudflare_ip_ranges.cloudflare",
            "oci_core_network_security_group.cloudflare_only",
            "oci_core_vcn.taskir_vcn"
          ]
        },
        {
          "index_key": "162.158.0.0/15",
          "schema_version": 0,
          "attributes": {
            "description": null,
            "destination": null,
            "destination_type": "",
            "direction": "INGRESS",
            "icmp_options": [],
            "id": "2D479E",
            "is_valid": true,
            "network_security_group_id": "ocid1.networksecuritygroup.oc1.ap-singapore-1.aaaaaaaai2yi7m5kbwttouoiv3z53w4tpeof4wwavz7fj3rxfyeawakys6wa",
            "protocol": "6",
            "source": "162.158.0.0/15",
            "source_type": "CIDR_BLOCK",
            "stateless": false,
            "tcp_options": [
              {
                "destination_port_range": [
                  {
                    "max": 443,
                    "min": 443
                  }
                ],
                "source_port_range": []
              }
            ],
            "time_created": "2026-02-16 03:57:11.928 +0000 UTC",
            "timeouts": null,
            "udp_options": []
          },
          "sensitive_attributes": [],
          "private": "eyJlMmJmYjczMC1lY2FhLTExZTYtOGY4OC0zNDM2M2JjN2M0YzAiOnsiY3JlYXRlIjoxMjAwMDAwMDAwMDAwLCJkZWxldGUiOjEyMDAwMDAwMDAwMDAsInVwZGF0ZSI6MTIwMDAwMDAwMDAwMH19",
          "dependencies": [
            "data.cloudflare_ip_ranges.cloudflare",
            "oci_core_network_security_group.cloudflare_only",
            "oci_core_vcn.taskir_vcn"
          ]
        },
        {
          "index_key": "172.64.0.0/13",
          "schema_version": 0,
          "attributes": {
            "description": null,
            "destination": null,
            "destination_type": "",
            "direction": "INGRESS",
            "icmp_options": [],
            "id": "CA214B",
            "is_valid": true,
            "network_security_group_id": "ocid1.networksecuritygroup.oc1.ap-singapore-1.aaaaaaaai2yi7m5kbwttouoiv3z53w4tpeof4wwavz7fj3rxfyeawakys6wa",
            "protocol": "6",
            "source": "172.64.0.0/13",
            "source_type": "CIDR_BLOCK",
            "stateless": false,
            "tcp_options": [
              {
                "destination_port_range": [
                  {
                    "max": 443,
                    "min": 443
                  }
                ],
                "source_port_range": []
              }
            ],
            "time_created": "2026-02-16 03:57:10.144 +0000 UTC",
            "timeouts": null,
            "udp_options": []
          },
          "sensitive_attributes": [],
          "private": "eyJlMmJmYjczMC1lY2FhLTExZTYtOGY4OC0zNDM2M2JjN2M0YzAiOnsiY3JlYXRlIjoxMjAwMDAwMDAwMDAwLCJkZWxldGUiOjEyMDAwMDAwMDAwMDAsInVwZGF0ZSI6MTIwMDAwMDAwMDAwMH19",
          "dependencies": [
            "data.cloudflare_ip_ranges.cloudflare",
            "oci_core_network_security_group.cloudflare_only",
            "oci_core_vcn.taskir_vcn"
          ]
        },
        {
          "index_key": "173.245.48.0/20",
          "schema_version": 0,
          "attributes": {
            "description": null,
            "destination": null,
            "destination_type": "",
            "direction": "INGRESS",
            "icmp_options": [],
            "id": "E0EDCC",
            "is_valid": true,
            "network_security_group_id": "ocid1.networksecuritygroup.oc1.ap-singapore-1.aaaaaaaai2yi7m5kbwttouoiv3z53w4tpeof4wwavz7fj3rxfyeawakys6wa",
            "protocol": "6",
            "source": "173.245.48.0/20",
            "source_type": "CIDR_BLOCK",
            "stateless": false,
            "tcp_options": [
              {
                "destination_port_range": [
                  {
                    "max": 443,
                    "min": 443
                  }
                ],
                "source_port_range": []
              }
            ],
            "time_created": "2026-02-16 03:57:09.583 +0000 UTC",
            "timeouts": null,
            "udp_options": []
          },
          "sensitive_attributes": [],
          "private": "eyJlMmJmYjczMC1lY2FhLTExZTYtOGY4OC0zNDM2M2JjN2M0YzAiOnsiY3JlYXRlIjoxMjAwMDAwMDAwMDAwLCJkZWxldGUiOjEyMDAwMDAwMDAwMDAsInVwZGF0ZSI6MTIwMDAwMDAwMDAwMH19",
          "dependencies": [
            "data.cloudflare_ip_ranges.cloudflare",
            "oci_core_network_security_group.cloudflare_only",
            "oci_core_vcn.taskir_vcn"
          ]
        },
        {
          "index_key": "188.114.96.0/20",
          "schema_version": 0,
          "attributes": {
            "description": null,
            "destination": null,
            "destination_type": "",
            "direction": "INGRESS",
            "icmp_options": [],
            "id": "3912BD",
            "is_valid": true,
            "network_security_group_id": "ocid1.networksecuritygroup.oc1.ap-singapore-1.aaaaaaaai2yi7m5kbwttouoiv3z53w4tpeof4wwavz7fj3rxfyeawakys6wa",
            "protocol": "6",
            "source": "188.114.96.0/20",
            "source_type": "CIDR_BLOCK",
            "stateless": false,
            "tcp_options": [
              {
                "destination_port_range": [
                  {
                    "max": 443,
                    "min": 443
                  }
                ],
                "source_port_range": []
              }
            ],
            "time_created": "2026-02-16 03:57:12.422 +0000 UTC",
            "timeouts": null,
            "udp_options": []
          },
          "sensitive_attributes": [],
          "private": "eyJlMmJmYjczMC1lY2FhLTExZTYtOGY4OC0zNDM2M2JjN2M0YzAiOnsiY3JlYXRlIjoxMjAwMDAwMDAwMDAwLCJkZWxldGUiOjEyMDAwMDAwMDAwMDAsInVwZGF0ZSI6MTIwMDAwMDAwMDAwMH19",
          "dependencies": [
            "data.cloudflare_ip_ranges.cloudflare",
            "oci_core_network_security_group.cloudflare_only",
            "oci_core_vcn.taskir_vcn"
          ]
        },
        {
          "index_key": "190.93.240.0/20",
          "schema_version": 0,
          "attributes": {
            "description": null,
            "destination": null,
            "destination_type": "",
            "direction": "INGRESS",
            "icmp_options": [],
            "id": "03E57B",
            "is_valid": true,
            "network_security_group_id": "ocid1.networksecuritygroup.oc1.ap-singapore-1.aaaaaaaai2yi7m5kbwttouoiv3z53w4tpeof4wwavz7fj3rxfyeawakys6wa",
            "protocol": "6",
            "source": "190.93.240.0/20",
            "source_type": "CIDR_BLOCK",
            "stateless": false,
            "tcp_options": [
              {
                "destination_port_range": [
                  {
                    "max": 443,
                    "min": 443
                  }
                ],
                "source_port_range": []
              }
            ],
            "time_created": "2026-02-16 03:57:10.31 +0000 UTC",
            "timeouts": null,
            "udp_options": []
          },
          "sensitive_attributes": [],
          "private": "eyJlMmJmYjczMC1lY2FhLTExZTYtOGY4OC0zNDM2M2JjN2M0YzAiOnsiY3JlYXRlIjoxMjAwMDAwMDAwMDAwLCJkZWxldGUiOjEyMDAwMDAwMDAwMDAsInVwZGF0ZSI6MTIwMDAwMDAwMDAwMH19",
          "dependencies": [
            "data.cloudflare_ip_ranges.cloudflare",
            "oci_core_network_security_group.cloudflare_only",
            "oci_core_vcn.taskir_vcn"
          ]
        },
        {
          "index_key": "197.234.240.0/22",
          "schema_version": 0,
          "attributes": {
            "description": null,
            "destination": null,
            "destination_type": "",
            "direction": "INGRESS",
            "icmp_options": [],
            "id": "B203F6",
            "is_valid": true,
            "network_security_group_id": "ocid1.networksecuritygroup.oc1.ap-singapore-1.aaaaaaaai2yi7m5kbwttouoiv3z53w4tpeof4wwavz7fj3rxfyeawakys6wa",
            "protocol": "6",
            "source": "197.234.240.0/22",
            "source_type": "CIDR_BLOCK",
            "stateless": false,
            "tcp_options": [
              {
                "destination_port_range": [
                  {
                    "max": 443,
                    "min": 443
                  }
                ],
                "source_port_range": []
              }
            ],
            "time_created": "2026-02-16 03:57:10.522 +0000 UTC",
            "timeouts": null,
            "udp_options": []
          },
          "sensitive_attributes": [],
          "private": "eyJlMmJmYjczMC1lY2FhLTExZTYtOGY4OC0zNDM2M2JjN2M0YzAiOnsiY3JlYXRlIjoxMjAwMDAwMDAwMDAwLCJkZWxldGUiOjEyMDAwMDAwMDAwMDAsInVwZGF0ZSI6MTIwMDAwMDAwMDAwMH19",
          "dependencies": [
            "data.cloudflare_ip_ranges.cloudflare",
            "oci_core_network_security_group.cloudflare_only",
            "oci_core_vcn.taskir_vcn"
          ]
        },
        {
          "index_key": "198.41.128.0/17",
          "schema_version": 0,
          "attributes": {
            "description": null,
            "destination": null,
            "destination_type": "",
            "direction": "INGRESS",
            "icmp_options": [],
            "id": "179CE9",
            "is_valid": true,
            "network_security_group_id": "ocid1.networksecuritygroup.oc1.ap-singapore-1.aaaaaaaai2yi7m5kbwttouoiv3z53w4tpeof4wwavz7fj3rxfyeawakys6wa",
            "protocol": "6",
            "source": "198.41.128.0/17",
            "source_type": "CIDR_BLOCK",
            "stateless": false,
            "tcp_options": [
              {
                "destination_port_range": [
                  {
                    "max": 443,
                    "min": 443
                  }
                ],
                "source_port_range": []
              }
            ],
            "time_created": "2026-02-16 03:57:10.647 +0000 UTC",
            "timeouts": null,
            "udp_options": []
          },
          "sensitive_attributes": [],
          "private": "eyJlMmJmYjczMC1lY2FhLTExZTYtOGY4OC0zNDM2M2JjN2M0YzAiOnsiY3JlYXRlIjoxMjAwMDAwMDAwMDAwLCJkZWxldGUiOjEyMDAwMDAwMDAwMDAsInVwZGF0ZSI6MTIwMDAwMDAwMDAwMH19",
          "dependencies": [
            "data.cloudflare_ip_ranges.cloudflare",
            "oci_core_network_security_group.cloudflare_only",
            "oci_core_vcn.taskir_vcn"
          ]
        }
      ]
    },
    {
      "mode": "managed",
      "type": "oci_core_route_table",
      "name": "node_rt",
      "provider": "provider[\"registry.terraform.io/oracle/oci\"]",
      "instances": [
        {
          "schema_version": 0,
          "attributes": {
            "compartment_id": "ocid1.tenancy.oc1..aaaaaaaafmttsfo7ogtmmtbqi7mwomlji2hn44dyj4dwtvd7xgm236beottq",
            "defined_tags": {
              "Oracle-Tags.CreatedBy": "default/ceo@taskirsview.com",
              "Oracle-Tags.CreatedOn": "2026-02-14T17:42:05.506Z"
            },
            "display_name": "node-route-table",
            "freeform_tags": {},
            "id": "ocid1.routetable.oc1.ap-singapore-1.aaaaaaaais6e4bt43windohtzh2pufou44r5pn37nsyk43d3ol67jj42omra",
            "route_rules": [
              {
                "cidr_block": "",
                "description": "",
                "destination": "0.0.0.0/0",
                "destination_type": "CIDR_BLOCK",
                "network_entity_id": "ocid1.natgateway.oc1.ap-singapore-1.aaaaaaaacizydc7v3zjd5szpsdjx2gah2t2rmemamotmdpwrbfdtjlkv7ppq",
                "route_type": "STATIC"
              },
              {
                "cidr_block": "",
                "description": "",
                "destination": "all-sin-services-in-oracle-services-network",
                "destination_type": "SERVICE_CIDR_BLOCK",
                "network_entity_id": "ocid1.servicegateway.oc1.ap-singapore-1.aaaaaaaad4emiojaa2l2ryw3tqftfvqpedawvtugkon6c3apzfb256mp5yyq",
                "route_type": "STATIC"
              }
            ],
            "state": "AVAILABLE",
            "time_created": "2026-02-14 17:42:05.537 +0000 UTC",
            "timeouts": null,
            "vcn_id": "ocid1.vcn.oc1.ap-singapore-1.amaaaaaasfo24uiaautp7axq5h5sd2bfuftvem7eepiu4euhq2xxx2obxnda"
          },
          "sensitive_attributes": [],
          "private": "eyJlMmJmYjczMC1lY2FhLTExZTYtOGY4OC0zNDM2M2JjN2M0YzAiOnsiY3JlYXRlIjoxMjAwMDAwMDAwMDAwLCJkZWxldGUiOjEyMDAwMDAwMDAwMDAsInVwZGF0ZSI6MTIwMDAwMDAwMDAwMH19",
          "dependencies": [
            "data.oci_core_services.all_services",
            "oci_core_nat_gateway.nzw",
            "oci_core_service_gateway.sg",
            "oci_core_vcn.taskir_vcn"
          ]
        }
      ]
    },
    {
      "mode": "managed",
      "type": "oci_core_route_table",
      "name": "public_rt",
      "provider": "provider[\"registry.terraform.io/oracle/oci\"]",
      "instances": [
        {
          "schema_version": 0,
          "attributes": {
            "compartment_id": "ocid1.tenancy.oc1..aaaaaaaafmttsfo7ogtmmtbqi7mwomlji2hn44dyj4dwtvd7xgm236beottq",
            "defined_tags": {
              "Oracle-Tags.CreatedBy": "default/ceo@taskirsview.com",
              "Oracle-Tags.CreatedOn": "2026-02-14T09:52:45.749Z"
            },
            "display_name": "public-route-table",
            "freeform_tags": {},
            "id": "ocid1.routetable.oc1.ap-singapore-1.aaaaaaaap33bvf2l7kibbyf7l2hgpeli2fnd5yblqszeu2duw23vie7iz2qa",
            "route_rules": [
              {
                "cidr_block": "",
                "description": "",
                "destination": "0.0.0.0/0",
                "destination_type": "CIDR_BLOCK",
                "network_entity_id": "ocid1.internetgateway.oc1.ap-singapore-1.aaaaaaaaum7xlc2jzpjfhau6fq3ks44ikeqoimknsaezvah3egefyxe33cna",
                "route_type": "STATIC"
              }
            ],
            "state": "AVAILABLE",
            "time_created": "2026-02-14 09:52:45.774 +0000 UTC",
            "timeouts": null,
            "vcn_id": "ocid1.vcn.oc1.ap-singapore-1.amaaaaaasfo24uiaautp7axq5h5sd2bfuftvem7eepiu4euhq2xxx2obxnda"
          },
          "sensitive_attributes": [],
          "private": "eyJlMmJmYjczMC1lY2FhLTExZTYtOGY4OC0zNDM2M2JjN2M0YzAiOnsiY3JlYXRlIjoxMjAwMDAwMDAwMDAwLCJkZWxldGUiOjEyMDAwMDAwMDAwMDAsInVwZGF0ZSI6MTIwMDAwMDAwMDAwMH19",
          "dependencies": [
            "oci_core_internet_gateway.ig",
            "oci_core_vcn.taskir_vcn"
          ]
        }
      ]
    },
    {
      "mode": "managed",
      "type": "oci_core_security_list",
      "name": "node_sl",
      "provider": "provider[\"registry.terraform.io/oracle/oci\"]",
      "instances": [
        {
          "schema_version": 0,
          "attributes": {
            "compartment_id": "ocid1.tenancy.oc1..aaaaaaaafmttsfo7ogtmmtbqi7mwomlji2hn44dyj4dwtvd7xgm236beottq",
            "defined_tags": {
              "Oracle-Tags.CreatedBy": "default/ceo@taskirsview.com",
              "Oracle-Tags.CreatedOn": "2026-02-14T09:52:44.955Z"
            },
            "display_name": "node-security-list",
            "egress_security_rules": [
              {
                "description": "",
                "destination": "0.0.0.0/0",
                "destination_type": "CIDR_BLOCK",
                "icmp_options": [],
                "protocol": "all",
                "stateless": false,
                "tcp_options": [],
                "udp_options": []
              }
            ],
            "freeform_tags": {},
            "id": "ocid1.securitylist.oc1.ap-singapore-1.aaaaaaaazifvyc6ssk6h3gpewzirui2u2zm6qdrinjhbyaytae5lo4ag2qxq",
            "ingress_security_rules": [
              {
                "description": "",
                "icmp_options": [
                  {
                    "code": 4,
                    "type": 3
                  }
                ],
                "protocol": "1",
                "source": "0.0.0.0/0",
                "source_type": "CIDR_BLOCK",
                "stateless": false,
                "tcp_options": [],
                "udp_options": []
              },
              {
                "description": "",
                "icmp_options": [],
                "protocol": "6",
                "source": "0.0.0.0/0",
                "source_type": "CIDR_BLOCK",
                "stateless": false,
                "tcp_options": [
                  {
                    "max": 22,
                    "min": 22,
                    "source_port_range": []
                  }
                ],
                "udp_options": []
              },
              {
                "description": "",
                "icmp_options": [],
                "protocol": "all",
                "source": "10.0.0.0/16",
                "source_type": "CIDR_BLOCK",
                "stateless": false,
                "tcp_options": [],
                "udp_options": []
              },
              {
                "description": "Allow all internal VCN traffic (including Jumpbox to Node)",
                "icmp_options": [],
                "protocol": "6",
                "source": "10.0.0.0/16",
                "source_type": "CIDR_BLOCK",
                "stateless": false,
                "tcp_options": [
                  {
                    "max": 22,
                    "min": 22,
                    "source_port_range": []
                  }
                ],
                "udp_options": []
              }
            ],
            "state": "AVAILABLE",
            "time_created": "2026-02-14 09:52:44.991 +0000 UTC",
            "timeouts": null,
            "vcn_id": "ocid1.vcn.oc1.ap-singapore-1.amaaaaaasfo24uiaautp7axq5h5sd2bfuftvem7eepiu4euhq2xxx2obxnda"
          },
          "sensitive_attributes": [],
          "private": "eyJlMmJmYjczMC1lY2FhLTExZTYtOGY4OC0zNDM2M2JjN2M0YzAiOnsiY3JlYXRlIjoxMjAwMDAwMDAwMDAwLCJkZWxldGUiOjEyMDAwMDAwMDAwMDAsInVwZGF0ZSI6MTIwMDAwMDAwMDAwMH19",
          "dependencies": [
            "oci_core_vcn.taskir_vcn"
          ]
        }
      ]
    },
    {
      "mode": "managed",
      "type": "oci_core_security_list",
      "name": "public_sl",
      "provider": "provider[\"registry.terraform.io/oracle/oci\"]",
      "instances": [
        {
          "schema_version": 0,
          "attributes": {
            "compartment_id": "ocid1.tenancy.oc1..aaaaaaaafmttsfo7ogtmmtbqi7mwomlji2hn44dyj4dwtvd7xgm236beottq",
            "defined_tags": {
              "Oracle-Tags.CreatedBy": "default/ceo@taskirsview.com",
              "Oracle-Tags.CreatedOn": "2026-02-14T09:52:44.955Z"
            },
            "display_name": "public-security-list",
            "egress_security_rules": [
              {
                "description": "",
                "destination": "0.0.0.0/0",
                "destination_type": "CIDR_BLOCK",
                "icmp_options": [],
                "protocol": "all",
                "stateless": false,
                "tcp_options": [],
                "udp_options": []
              }
            ],
            "freeform_tags": {},
            "id": "ocid1.securitylist.oc1.ap-singapore-1.aaaaaaaamkdtxcdahz5wtivw24vjsnc2otyrjb37sggha2hihkrpmzvayg7q",
            "ingress_security_rules": [
              {
                "description": "",
                "icmp_options": [
                  {
                    "code": -1,
                    "type": 8
                  }
                ],
                "protocol": "1",
                "source": "0.0.0.0/0",
                "source_type": "CIDR_BLOCK",
                "stateless": false,
                "tcp_options": [],
                "udp_options": []
              },
              {
                "description": "",
                "icmp_options": [
                  {
                    "code": 4,
                    "type": 3
                  }
                ],
                "protocol": "1",
                "source": "0.0.0.0/0",
                "source_type": "CIDR_BLOCK",
                "stateless": false,
                "tcp_options": [],
                "udp_options": []
              },
              {
                "description": "",
                "icmp_options": [],
                "protocol": "6",
                "source": "0.0.0.0/0",
                "source_type": "CIDR_BLOCK",
                "stateless": false,
                "tcp_options": [
                  {
                    "max": 443,
                    "min": 443,
                    "source_port_range": []
                  }
                ],
                "udp_options": []
              },
              {
                "description": "",
                "icmp_options": [],
                "protocol": "6",
                "source": "0.0.0.0/0",
                "source_type": "CIDR_BLOCK",
                "stateless": false,
                "tcp_options": [
                  {
                    "max": 80,
                    "min": 80,
                    "source_port_range": []
                  }
                ],
                "udp_options": []
              },
              {
                "description": "Allow SSH to Jumpbox",
                "icmp_options": [],
                "protocol": "6",
                "source": "0.0.0.0/0",
                "source_type": "CIDR_BLOCK",
                "stateless": false,
                "tcp_options": [
                  {
                    "max": 22,
                    "min": 22,
                    "source_port_range": []
                  }
                ],
                "udp_options": []
              },
              {
                "description": "Kubernetes API Endpoint",
                "icmp_options": [],
                "protocol": "6",
                "source": "0.0.0.0/0",
                "source_type": "CIDR_BLOCK",
                "stateless": false,
                "tcp_options": [
                  {
                    "max": 6443,
                    "min": 6443,
                    "source_port_range": []
                  }
                ],
                "udp_options": []
              }
            ],
            "state": "AVAILABLE",
            "time_created": "2026-02-14 09:52:45.163 +0000 UTC",
            "timeouts": null,
            "vcn_id": "ocid1.vcn.oc1.ap-singapore-1.amaaaaaasfo24uiaautp7axq5h5sd2bfuftvem7eepiu4euhq2xxx2obxnda"
          },
          "sensitive_attributes": [],
          "private": "eyJlMmJmYjczMC1lY2FhLTExZTYtOGY4OC0zNDM2M2JjN2M0YzAiOnsiY3JlYXRlIjoxMjAwMDAwMDAwMDAwLCJkZWxldGUiOjEyMDAwMDAwMDAwMDAsInVwZGF0ZSI6MTIwMDAwMDAwMDAwMH19",
          "dependencies": [
            "oci_core_vcn.taskir_vcn"
          ]
        }
      ]
    },
    {
      "mode": "managed",
      "type": "oci_core_service_gateway",
      "name": "sg",
      "provider": "provider[\"registry.terraform.io/oracle/oci\"]",
      "instances": [
        {
          "schema_version": 0,
          "attributes": {
            "block_traffic": false,
            "compartment_id": "ocid1.tenancy.oc1..aaaaaaaafmttsfo7ogtmmtbqi7mwomlji2hn44dyj4dwtvd7xgm236beottq",
            "defined_tags": {
              "Oracle-Tags.CreatedBy": "default/ceo@taskirsview.com",
              "Oracle-Tags.CreatedOn": "2026-02-14T15:26:38.442Z"
            },
            "display_name": "service-gateway",
            "freeform_tags": {},
            "id": "ocid1.servicegateway.oc1.ap-singapore-1.aaaaaaaad4emiojaa2l2ryw3tqftfvqpedawvtugkon6c3apzfb256mp5yyq",
            "route_table_id": null,
            "services": [
              {
                "service_id": "ocid1.service.oc1.ap-singapore-1.aaaaaaaagnk23xjbfwkz2vlbnad4pvhi4l5idlqismigynvidjildotx2rwq",
                "service_name": "All SIN Services In Oracle Services Network"
              }
            ],
            "state": "AVAILABLE",
            "time_created": "2026-02-14 15:26:40.504 +0000 UTC",
            "timeouts": null,
            "vcn_id": "ocid1.vcn.oc1.ap-singapore-1.amaaaaaasfo24uiaautp7axq5h5sd2bfuftvem7eepiu4euhq2xxx2obxnda"
          },
          "sensitive_attributes": [],
          "private": "eyJlMmJmYjczMC1lY2FhLTExZTYtOGY4OC0zNDM2M2JjN2M0YzAiOnsiY3JlYXRlIjoxMjAwMDAwMDAwMDAwLCJkZWxldGUiOjEyMDAwMDAwMDAwMDAsInVwZGF0ZSI6MTIwMDAwMDAwMDAwMH19",
          "dependencies": [
            "data.oci_core_services.all_services",
            "oci_core_vcn.taskir_vcn"
          ]
        }
      ]
    },
    {
      "mode": "managed",
      "type": "oci_core_subnet",
      "name": "node_subnet",
      "provider": "provider[\"registry.terraform.io/oracle/oci\"]",
      "instances": [
        {
          "schema_version": 0,
          "attributes": {
            "availability_domain": null,
            "cidr_block": "10.0.2.0/24",
            "compartment_id": "ocid1.tenancy.oc1..aaaaaaaafmttsfo7ogtmmtbqi7mwomlji2hn44dyj4dwtvd7xgm236beottq",
            "defined_tags": {
              "Oracle-Tags.CreatedBy": "default/ceo@taskirsview.com",
              "Oracle-Tags.CreatedOn": "2026-02-14T09:52:46.492Z"
            },
            "dhcp_options_id": "ocid1.dhcpoptions.oc1.ap-singapore-1.aaaaaaaa3zllj5fip42cpnt7aj265v3fnwfzdsggssyvj55nqmgxs5mkov3a",
            "display_name": "node-subnet",
            "dns_label": null,
            "freeform_tags": {},
            "id": "ocid1.subnet.oc1.ap-singapore-1.aaaaaaaacdufl2gya5aet7z4yknrfjwulfulue22j43xtqnpogjbo7ckwh7a",
            "ipv4cidr_blocks": [
              "10.0.2.0/24"
            ],
            "ipv6cidr_block": null,
            "ipv6cidr_blocks": [],
            "ipv6virtual_router_ip": null,
            "prohibit_internet_ingress": false,
            "prohibit_public_ip_on_vnic": false,
            "route_table_id": "ocid1.routetable.oc1.ap-singapore-1.aaaaaaaais6e4bt43windohtzh2pufou44r5pn37nsyk43d3ol67jj42omra",
            "security_list_ids": [
              "ocid1.securitylist.oc1.ap-singapore-1.aaaaaaaazifvyc6ssk6h3gpewzirui2u2zm6qdrinjhbyaytae5lo4ag2qxq"
            ],
            "state": "AVAILABLE",
            "subnet_domain_name": null,
            "time_created": "2026-02-14 09:52:46.734 +0000 UTC",
            "timeouts": null,
            "vcn_id": "ocid1.vcn.oc1.ap-singapore-1.amaaaaaasfo24uiaautp7axq5h5sd2bfuftvem7eepiu4euhq2xxx2obxnda",
            "virtual_router_ip": "10.0.2.1",
            "virtual_router_mac": "00:00:17:13:A2:B9"
          },
          "sensitive_attributes": [],
          "private": "eyJlMmJmYjczMC1lY2FhLTExZTYtOGY4OC0zNDM2M2JjN2M0YzAiOnsiY3JlYXRlIjoxMjAwMDAwMDAwMDAwLCJkZWxldGUiOjEyMDAwMDAwMDAwMDAsInVwZGF0ZSI6MTIwMDAwMDAwMDAwMH19",
          "dependencies": [
            "data.oci_core_services.all_services",
            "oci_core_nat_gateway.nzw",
            "oci_core_route_table.node_rt",
            "oci_core_security_list.node_sl",
            "oci_core_service_gateway.sg",
            "oci_core_vcn.taskir_vcn"
          ]
        }
      ]
    },
    {
      "mode": "managed",
      "type": "oci_core_subnet",
      "name": "public_subnet",
      "provider": "provider[\"registry.terraform.io/oracle/oci\"]",
      "instances": [
        {
          "schema_version": 0,
          "attributes": {
            "availability_domain": null,
            "cidr_block": "10.0.1.0/24",
            "compartment_id": "ocid1.tenancy.oc1..aaaaaaaafmttsfo7ogtmmtbqi7mwomlji2hn44dyj4dwtvd7xgm236beottq",
            "defined_tags": {
              "Oracle-Tags.CreatedBy": "default/ceo@taskirsview.com",
              "Oracle-Tags.CreatedOn": "2026-02-14T09:52:46.352Z"
            },
            "dhcp_options_id": "ocid1.dhcpoptions.oc1.ap-singapore-1.aaaaaaaa3zllj5fip42cpnt7aj265v3fnwfzdsggssyvj55nqmgxs5mkov3a",
            "display_name": "public-subnet-lb",
            "dns_label": null,
            "freeform_tags": {},
            "id": "ocid1.subnet.oc1.ap-singapore-1.aaaaaaaayu6ito4byxljjobydlfrgpyozrz64nruvsimp5rny3aqmrjfvjzq",
            "ipv4cidr_blocks": [
              "10.0.1.0/24"
            ],
            "ipv6cidr_block": null,
            "ipv6cidr_blocks": [],
            "ipv6virtual_router_ip": null,
            "prohibit_internet_ingress": false,
            "prohibit_public_ip_on_vnic": false,
            "route_table_id": "ocid1.routetable.oc1.ap-singapore-1.aaaaaaaap33bvf2l7kibbyf7l2hgpeli2fnd5yblqszeu2duw23vie7iz2qa",
            "security_list_ids": [
              "ocid1.securitylist.oc1.ap-singapore-1.aaaaaaaamkdtxcdahz5wtivw24vjsnc2otyrjb37sggha2hihkrpmzvayg7q"
            ],
            "state": "AVAILABLE",
            "subnet_domain_name": null,
            "time_created": "2026-02-14 09:52:46.385 +0000 UTC",
            "timeouts": null,
            "vcn_id": "ocid1.vcn.oc1.ap-singapore-1.amaaaaaasfo24uiaautp7axq5h5sd2bfuftvem7eepiu4euhq2xxx2obxnda",
            "virtual_router_ip": "10.0.1.1",
            "virtual_router_mac": "00:00:17:13:A2:B9"
          },
          "sensitive_attributes": [],
          "private": "eyJlMmJmYjczMC1lY2FhLTExZTYtOGY4OC0zNDM2M2JjN2M0YzAiOnsiY3JlYXRlIjoxMjAwMDAwMDAwMDAwLCJkZWxldGUiOjEyMDAwMDAwMDAwMDAsInVwZGF0ZSI6MTIwMDAwMDAwMDAwMH19",
          "dependencies": [
            "oci_core_internet_gateway.ig",
            "oci_core_route_table.public_rt",
            "oci_core_security_list.public_sl",
            "oci_core_vcn.taskir_vcn"
          ]
        }
      ]
    },
    {
      "mode": "managed",
      "type": "oci_core_vcn",
      "name": "taskir_vcn",
      "provider": "provider[\"registry.terraform.io/oracle/oci\"]",
      "instances": [
        {
          "schema_version": 0,
          "attributes": {
            "byoipv6cidr_blocks": [],
            "byoipv6cidr_details": [],
            "cidr_block": "10.0.0.0/16",
            "cidr_blocks": [
              "10.0.0.0/16"
            ],
            "compartment_id": "ocid1.tenancy.oc1..aaaaaaaafmttsfo7ogtmmtbqi7mwomlji2hn44dyj4dwtvd7xgm236beottq",
            "default_dhcp_options_id": "ocid1.dhcpoptions.oc1.ap-singapore-1.aaaaaaaa3zllj5fip42cpnt7aj265v3fnwfzdsggssyvj55nqmgxs5mkov3a",
            "default_route_table_id": "ocid1.routetable.oc1.ap-singapore-1.aaaaaaaa4l4fvoc54ugcq3oi5wpbo3dtlngaj5oqafgdxttnecwdmngl6x4a",
            "default_security_list_id": "ocid1.securitylist.oc1.ap-singapore-1.aaaaaaaa67h3top3mr7l4gp3gb2f5r36ebdaxlmkploa2zzrdjs5cv3aza4q",
            "defined_tags": {
              "Oracle-Tags.CreatedBy": "default/ceo@taskirsview.com",
              "Oracle-Tags.CreatedOn": "2026-02-14T09:52:44.043Z"
            },
            "display_name": "taskir-vcn",
            "dns_label": "taskirvcn",
            "freeform_tags": {},
            "id": "ocid1.vcn.oc1.ap-singapore-1.amaaaaaasfo24uiaautp7axq5h5sd2bfuftvem7eepiu4euhq2xxx2obxnda",
            "ipv6cidr_blocks": [],
            "ipv6private_cidr_blocks": [],
            "is_ipv6enabled": false,
            "is_oracle_gua_allocation_enabled": null,
            "security_attributes": {},
            "state": "AVAILABLE",
            "time_created": "2026-02-14 09:52:44.124 +0000 UTC",
            "timeouts": null,
            "vcn_domain_name": "taskirvcn.oraclevcn.com"
          },
          "sensitive_attributes": [],
          "private": "eyJlMmJmYjczMC1lY2FhLTExZTYtOGY4OC0zNDM2M2JjN2M0YzAiOnsiY3JlYXRlIjoxMjAwMDAwMDAwMDAwLCJkZWxldGUiOjEyMDAwMDAwMDAwMDAsInVwZGF0ZSI6MTIwMDAwMDAwMDAwMH19"
        }
      ]
    },
    {
      "mode": "managed",
      "type": "oci_identity_policy",
      "name": "oke_node_pull",
      "provider": "provider[\"registry.terraform.io/oracle/oci\"]",
      "instances": [
        {
          "schema_version": 0,
          "attributes": {
            "ETag": "530dcab0c1f713358012adf6c208cc91ecf135e6",
            "compartment_id": "ocid1.tenancy.oc1..aaaaaaaafmttsfo7ogtmmtbqi7mwomlji2hn44dyj4dwtvd7xgm236beottq",
            "defined_tags": {
              "Oracle-Tags.CreatedBy": "default/ceo@taskirsview.com",
              "Oracle-Tags.CreatedOn": "2026-02-14T10:22:51.084Z"
            },
            "description": "Allow OKE nodes to pull images from OCIR",
            "freeform_tags": {},
            "id": "ocid1.policy.oc1..aaaaaaaazij4tdfdboe474ufhzw4fathxzwrqktccj2owdb67v4w2bbuajaa",
            "inactive_state": null,
            "lastUpdateETag": "530dcab0c1f713358012adf6c208cc91ecf135e6",
            "name": "oke-node-pull-policy",
            "policyHash": "3b2e7531275fcef18bd2e7d606250882",
            "state": "ACTIVE",
            "statements": [
              "Allow any-user to read repos in compartment id ocid1.tenancy.oc1..aaaaaaaafmttsfo7ogtmmtbqi7mwomlji2hn44dyj4dwtvd7xgm236beottq"
            ],
            "time_created": "2026-02-14 10:22:51.143 +0000 UTC",
            "timeouts": null,
            "version_date": null
          },
          "sensitive_attributes": [],
          "private": "eyJlMmJmYjczMC1lY2FhLTExZTYtOGY4OC0zNDM2M2JjN2M0YzAiOnsiY3JlYXRlIjoxMjAwMDAwMDAwMDAwLCJkZWxldGUiOjEyMDAwMDAwMDAwMDAsInVwZGF0ZSI6MTIwMDAwMDAwMDAwMH19"
        }
      ]
    },
    {
      "mode": "managed",
      "type": "oci_identity_policy",
      "name": "oke_volume_policy",
      "provider": "provider[\"registry.terraform.io/oracle/oci\"]",
      "instances": [
        {
          "schema_version": 0,
          "attributes": {
            "ETag": "29bc8eeeaea80191bc4a56b7683f1dc49669c015",
            "compartment_id": "ocid1.tenancy.oc1..aaaaaaaafmttsfo7ogtmmtbqi7mwomlji2hn44dyj4dwtvd7xgm236beottq",
            "defined_tags": {
              "Oracle-Tags.CreatedBy": "default/ceo@taskirsview.com",
              "Oracle-Tags.CreatedOn": "2026-02-14T09:55:40.243Z"
            },
            "description": "Allow OKE to manage block volumes",
            "freeform_tags": {},
            "id": "ocid1.policy.oc1..aaaaaaaa6nezd3zxr2efk276qi3m3q2kapfw5t2adcxnz7smk4vr6rbuve5a",
            "inactive_state": null,
            "lastUpdateETag": "29bc8eeeaea80191bc4a56b7683f1dc49669c015",
            "name": "oke-volume-policy",
            "policyHash": "92ff79318167b0eeb6f55707302dcd17",
            "state": "ACTIVE",
            "statements": [
              "Allow service OKE to manage volume-family in compartment id ocid1.tenancy.oc1..aaaaaaaafmttsfo7ogtmmtbqi7mwomlji2hn44dyj4dwtvd7xgm236beottq",
              "Allow service OKE to use virtual-network-family in compartment id ocid1.tenancy.oc1..aaaaaaaafmttsfo7ogtmmtbqi7mwomlji2hn44dyj4dwtvd7xgm236beottq"
            ],
            "time_created": "2026-02-14 09:55:40.31 +0000 UTC",
            "timeouts": null,
            "version_date": null
          },
          "sensitive_attributes": [],
          "private": "eyJlMmJmYjczMC1lY2FhLTExZTYtOGY4OC0zNDM2M2JjN2M0YzAiOnsiY3JlYXRlIjoxMjAwMDAwMDAwMDAwLCJkZWxldGUiOjEyMDAwMDAwMDAwMDAsInVwZGF0ZSI6MTIwMDAwMDAwMDAwMH19"
        }
      ]
    },
    {
      "mode": "managed",
      "type": "pinecone_index",
      "name": "ad_vectors",
      "provider": "provider[\"registry.terraform.io/pinecone-io/pinecone\"]",
      "instances": [
        {
          "schema_version": 0,
          "attributes": {
            "deletion_protection": "disabled",
            "dimension": 1536,
            "embed": {
              "dimension": null,
              "field_map": null,
              "metric": null,
              "model": null,
              "read_parameters": null,
              "vector_type": null,
              "write_parameters": null
            },
            "host": "ad-vectors-f3b2xfh.svc.aped-4627-b74a.pinecone.io",
            "id": "ad-vectors",
            "metric": "cosine",
            "name": "ad-vectors",
            "spec": {
              "pod": null,
              "serverless": {
                "cloud": "aws",
                "region": "us-east-1"
              }
            },
            "status": {
              "ready": true,
              "state": "Ready"
            },
            "tags": {},
            "timeouts": null,
            "vector_type": "dense"
          },
          "sensitive_attributes": []
        }
      ]
    },
    {
      "mode": "managed",
      "type": "tls_private_key",
      "name": "oke_node_key",
      "provider": "provider[\"registry.terraform.io/hashicorp/tls\"]",
      "instances": [
        {
          "schema_version": 1,
          "attributes": {
            "algorithm": "RSA",
            "ecdsa_curve": "P224",
            "id": "5802730c5fde09290a24be78c776b1d55d0f3760",
            "private_key_openssh": "-----BEGIN OPENSSH PRIVATE KEY-----\nb3BlbnNzaC1rZXktdjEAAAAABG5vbmUAAAAEbm9uZQAAAAAAAAABAAABFwAAAAdz\nc2gtcnNhAAAAAwEAAQAAAQEAtirrWoPY8LXcvN/VwXjBZgy0Ov5QJ/9wOjN/S/LI\nB1u1mFD2jXycKH9+n9NqlRH0fnT8zKBYsTkEX4OvxEX5PQlTj6y/5UV8uYOVA9d9\nfT6J8qZYZBs6DhMm4pzr9QlWW1s8vFnviw8p2fFQnaO5mLk6cusRo79ymFP7DYRn\ntX7YHgfBwJ2RQEt+hPKN9/HPE510N15lGNekD1hQqiQqBUVyaYPRyZg7Gu+kPnZh\nKFA+CxGcZ3O3yt8Ppj0QVe4Rh0KrfZTHaZm4vO/ih1m1IRZst/eag6t3vH9n817k\nLKFEwYpiLeKByk4TMK3MzzfIaJrR5wKZ418t1Grl1GQUnwAAA7jF0gyQxdIMkAAA\nAAdzc2gtcnNhAAABAQC2Kutag9jwtdy839XBeMFmDLQ6/lAn/3A6M39L8sgHW7WY\nUPaNfJwof36f02qVEfR+dPzMoFixOQRfg6/ERfk9CVOPrL/lRXy5g5UD1319Pony\nplhkGzoOEybinOv1CVZbWzy8We+LDynZ8VCdo7mYuTpy6xGjv3KYU/sNhGe1ftge\nB8HAnZFAS36E8o338c8TnXQ3XmUY16QPWFCqJCoFRXJpg9HJmDsa76Q+dmEoUD4L\nEZxnc7fK3w+mPRBV7hGHQqt9lMdpmbi87+KHWbUhFmy395qDq3e8f2fzXuQsoUTB\nimIt4oHKThMwrczPN8homtHnApnjXy3UauXUZBSfAAAAAwEAAQAAAQA9mKWcJZjl\nS5koBEey87HxX7pReEyCOc0o4ODaPW2Fj20H49h6XvgueW3HfSU84qVZXRVd25oh\n0rW31j9IjqCIEu8+VZtNWwGheOyaL/MutkbO1ZBtyQcIW1F6rrTaVh3tJhyTU5W7\n35S3LPGlXAcVrQwmb3W3eLS27S6mk26932QHg8SxFLHYVduYAA9EbjZ7J7RdqNEM\n/+qSpuz2aK2eeN8rw20SXOI93BQvdWh3T2q+K9nPk3WLh0rme64jSpBiR0gN62h5\nIrLAEiqO6kj/ow+kcxg38UWTK8ECgSRuyeenzWkrZeSoaEjoqTlLMJKshBT35xZ1\nKiZX8VZNZ48BAAAAgG0KnqtT4cZG4eBwSlBtJG9xvyk2HMJd5yBFna5B57a4QOTm\nPsulXT6qb1eI8O8c1ytiBaWpqOZrP2xISnK35aLhxJGliysFMadpHzYzDAVhYgGZ\nukHXXML/0tUQ1xDcPNwkH9rbJxIwpX/pJhmju6CtKnxTEfvuAiGdfhFgls+IAAAA\ngQDaTjiNx0Am4qdppnlGcpeLdr9m0VpL+QHMZ4k+oyd/z+4KNjk98q72gbWQljl0\nlgMuZ7x1f30msTr9Xc0735q1UJso6V2C0LU7y8Npenbq1tk/K+iMPsU7mziFcsr/\nvWN+QxiQB74AhA9QJ2j2IRodkNM/agxZjbbz3i42aI2G6QAAAIEA1Z9Kt+RerPEN\nZL5cuv4Uo568mi7IOcX+O/4cVkNdGoHKCJX27cnbiWs4wmFVmc1bo7iDROcSDGYD\n7YamrF1Fo8g3v7M6hWw3tmUCk6eJ+gxdKcN6fB62k1JtpwEzJGOdobEIFSSsusdM\nDhG/LbAI/X+4B1oSvDgTe+y4u0PwGkcAAAAAAQID\n-----END OPENSSH PRIVATE KEY-----\n",
            "private_key_pem": "-----BEGIN RSA PRIVATE KEY-----\nMIIEpAIBAAKCAQEAtirrWoPY8LXcvN/VwXjBZgy0Ov5QJ/9wOjN/S/LIB1u1mFD2\njXycKH9+n9NqlRH0fnT8zKBYsTkEX4OvxEX5PQlTj6y/5UV8uYOVA9d9fT6J8qZY\nZBs6DhMm4pzr9QlWW1s8vFnviw8p2fFQnaO5mLk6cusRo79ymFP7DYRntX7YHgfB\nwJ2RQEt+hPKN9/HPE510N15lGNekD1hQqiQqBUVyaYPRyZg7Gu+kPnZhKFA+CxGc\nZ3O3yt8Ppj0QVe4Rh0KrfZTHaZm4vO/ih1m1IRZst/eag6t3vH9n817kLKFEwYpi\nLeKByk4TMK3MzzfIaJrR5wKZ418t1Grl1GQUnwIDAQABAoIBAD2YpZwlmOVLmSgE\nR7LzsfFfulF4TII5zSjg4No9bYWPbQfj2Hpe+C55bcd9JTzipVldFV3bmiHStbfW\nP0iOoIgS7z5Vm01bAaF47Jov8y62Rs7VkG3JBwhbUXqutNpWHe0mHJNTlbvflLcs\n8aVcBxWtDCZvdbd4tLbtLqaTbr3fZAeDxLEUsdhV25gAD0RuNnsntF2o0Qz/6pKm\n7PZorZ543yvDbRJc4j3cFC91aHdPar4r2c+TdYuHSuZ7riNKkGJHSA3raHkissAS\nKo7qSP+jD6RzGDfxRZMrwQKBJG7J56fNaStl5KhoSOipOUswkqyEFPfnFnUqJlfx\nVk1njwECgYEA2k44jcdAJuKnaaZ5RnKXi3a/ZtFaS/kBzGeJPqMnf8/uCjY5PfKu\n9oG1kJY5dJYDLme8dX99JrE6/V3NO9+atVCbKOldgtC1O8vDaXp26tbZPyvojD7F\nO5s4hXLK/71jfkMYkAe+AIQPUCdo9iEaHZDTP2oMWY22894uNmiNhukCgYEA1Z9K\nt+RerPENZL5cuv4Uo568mi7IOcX+O/4cVkNdGoHKCJX27cnbiWs4wmFVmc1bo7iD\nROcSDGYD7YamrF1Fo8g3v7M6hWw3tmUCk6eJ+gxdKcN6fB62k1JtpwEzJGOdobEI\nFSSsusdMDhG/LbAI/X+4B1oSvDgTe+y4u0PwGkcCgYEAgj5Ax3Wk9I4tS38iw8EC\nYRaLwxAMS19Yj1cGLvSwUDUB093d8POlJzTj2kuGI+SMKVeCvKc/R6Jdi2Q3Wg1i\nA+L/bz0rqSxTtEUxZPDHmfxsyJ+tsl6Q1asZ4aRHMKURgvcM5IF5/lzLtgqNOKsv\nJYyOPDtM+vDtwjlAYP2n0mECgYEA0SPsoPDCCArPlAwS+Td7uVzVRRX8DSPcbZuw\n3nuBEUx0IcfAQrlXZ8hDf3qPtc4po7YnPjQDpYPS4J7tWt7OKTUB73pnFu0F9loa\nFbj3ColERHkO16myEbWniNNR4JRuZTjOsvR+7zXjLfsN8orfol+CKiBzKzazTKZL\njXtL/E0CgYBtCp6rU+HGRuHgcEpQbSRvcb8pNhzCXecgRZ2uQee2uEDk5j7LpV0+\nqm9XiPDvHNcrYgWlqajmaz9sSEpyt+Wi4cSRpYsrBTGnaR82MwwFYWIBmbpB11zC\n/9LVENcQ3DzcJB/a2ycSMKV/6SYZo7ugrSp8UxH77gIhnX4RYJbPiA==\n-----END RSA PRIVATE KEY-----\n",
            "private_key_pem_pkcs8": "-----BEGIN PRIVATE KEY-----\nMIIEvgIBADANBgkqhkiG9w0BAQEFAASCBKgwggSkAgEAAoIBAQC2Kutag9jwtdy8\n39XBeMFmDLQ6/lAn/3A6M39L8sgHW7WYUPaNfJwof36f02qVEfR+dPzMoFixOQRf\ng6/ERfk9CVOPrL/lRXy5g5UD1319PonyplhkGzoOEybinOv1CVZbWzy8We+LDynZ\n8VCdo7mYuTpy6xGjv3KYU/sNhGe1ftgeB8HAnZFAS36E8o338c8TnXQ3XmUY16QP\nWFCqJCoFRXJpg9HJmDsa76Q+dmEoUD4LEZxnc7fK3w+mPRBV7hGHQqt9lMdpmbi8\n7+KHWbUhFmy395qDq3e8f2fzXuQsoUTBimIt4oHKThMwrczPN8homtHnApnjXy3U\nauXUZBSfAgMBAAECggEAPZilnCWY5UuZKARHsvOx8V+6UXhMgjnNKODg2j1thY9t\nB+PYel74Lnltx30lPOKlWV0VXduaIdK1t9Y/SI6giBLvPlWbTVsBoXjsmi/zLrZG\nztWQbckHCFtReq602lYd7SYck1OVu9+UtyzxpVwHFa0MJm91t3i0tu0uppNuvd9k\nB4PEsRSx2FXbmAAPRG42eye0XajRDP/qkqbs9mitnnjfK8NtElziPdwUL3Vod09q\nvivZz5N1i4dK5nuuI0qQYkdIDetoeSKywBIqjupI/6MPpHMYN/FFkyvBAoEkbsnn\np81pK2XkqGhI6Kk5SzCSrIQU9+cWdSomV/FWTWePAQKBgQDaTjiNx0Am4qdppnlG\ncpeLdr9m0VpL+QHMZ4k+oyd/z+4KNjk98q72gbWQljl0lgMuZ7x1f30msTr9Xc07\n35q1UJso6V2C0LU7y8Npenbq1tk/K+iMPsU7mziFcsr/vWN+QxiQB74AhA9QJ2j2\nIRodkNM/agxZjbbz3i42aI2G6QKBgQDVn0q35F6s8Q1kvly6/hSjnryaLsg5xf47\n/hxWQ10agcoIlfbtyduJazjCYVWZzVujuINE5xIMZgPthqasXUWjyDe/szqFbDe2\nZQKTp4n6DF0pw3p8HraTUm2nATMkY52hsQgVJKy6x0wOEb8tsAj9f7gHWhK8OBN7\n7Li7Q/AaRwKBgQCCPkDHdaT0ji1LfyLDwQJhFovDEAxLX1iPVwYu9LBQNQHT3d3w\n86UnNOPaS4Yj5IwpV4K8pz9Hol2LZDdaDWID4v9vPSupLFO0RTFk8MeZ/GzIn62y\nXpDVqxnhpEcwpRGC9wzkgXn+XMu2Co04qy8ljI48O0z68O3COUBg/afSYQKBgQDR\nI+yg8MIICs+UDBL5N3u5XNVFFfwNI9xtm7Dee4ERTHQhx8BCuVdnyEN/eo+1zimj\ntic+NAOlg9Lgnu1a3s4pNQHvemcW7QX2WhoVuPcKiUREeQ7XqbIRtaeI01HglG5l\nOM6y9H7vNeMt+w3yit+iX4IqIHMrNrNMpkuNe0v8TQKBgG0KnqtT4cZG4eBwSlBt\nJG9xvyk2HMJd5yBFna5B57a4QOTmPsulXT6qb1eI8O8c1ytiBaWpqOZrP2xISnK3\n5aLhxJGliysFMadpHzYzDAVhYgGZukHXXML/0tUQ1xDcPNwkH9rbJxIwpX/pJhmj\nu6CtKnxTEfvuAiGdfhFgls+I\n-----END PRIVATE KEY-----\n",
            "public_key_fingerprint_md5": "77:aa:fe:07:b0:28:89:f8:9d:d3:fb:bc:19:85:29:0b",
            "public_key_fingerprint_sha256": "SHA256:jv4o978ZWVImF382gsQrBJhoAvwPv9+HHvP0Ieph4/w",
            "public_key_openssh": "ssh-rsa AAAAB3NzaC1yc2EAAAADAQABAAABAQC2Kutag9jwtdy839XBeMFmDLQ6/lAn/3A6M39L8sgHW7WYUPaNfJwof36f02qVEfR+dPzMoFixOQRfg6/ERfk9CVOPrL/lRXy5g5UD1319PonyplhkGzoOEybinOv1CVZbWzy8We+LDynZ8VCdo7mYuTpy6xGjv3KYU/sNhGe1ftgeB8HAnZFAS36E8o338c8TnXQ3XmUY16QPWFCqJCoFRXJpg9HJmDsa76Q+dmEoUD4LEZxnc7fK3w+mPRBV7hGHQqt9lMdpmbi87+KHWbUhFmy395qDq3e8f2fzXuQsoUTBimIt4oHKThMwrczPN8homtHnApnjXy3UauXUZBSf\n",
            "public_key_pem": "-----BEGIN PUBLIC KEY-----\nMIIBIjANBgkqhkiG9w0BAQEFAAOCAQ8AMIIBCgKCAQEAtirrWoPY8LXcvN/VwXjB\nZgy0Ov5QJ/9wOjN/S/LIB1u1mFD2jXycKH9+n9NqlRH0fnT8zKBYsTkEX4OvxEX5\nPQlTj6y/5UV8uYOVA9d9fT6J8qZYZBs6DhMm4pzr9QlWW1s8vFnviw8p2fFQnaO5\nmLk6cusRo79ymFP7DYRntX7YHgfBwJ2RQEt+hPKN9/HPE510N15lGNekD1hQqiQq\nBUVyaYPRyZg7Gu+kPnZhKFA+CxGcZ3O3yt8Ppj0QVe4Rh0KrfZTHaZm4vO/ih1m1\nIRZst/eag6t3vH9n817kLKFEwYpiLeKByk4TMK3MzzfIaJrR5wKZ418t1Grl1GQU\nnwIDAQAB\n-----END PUBLIC KEY-----\n",
            "rsa_bits": 2048
          },
          "sensitive_attributes": []
        }
      ]
    }
  ],
  "check_results": null
}
